// !$*UTF8*$!
{
	archiveVersion = 1;
	classes = {
	};
	objectVersion = 54;
	objects = {

/* Begin PBXBuildFile section */
		17CE1F76B625DDD0BA5E3D58 /* libacme.dylib in Frameworks */ = {isa = PBXBuildFile; fileRef = 27AF4851A5D493BB44DA0BC1 /* libacme.dylib */; };
		3742B28743045F620A237C64 /* libacme.dylib in CopyFiles */ = {isa = PBXBuildFile; fileRef = 27AF4851A5D493BB44DA0BC1 /* libacme.dylib */; settings = {ATTRIBUTES = (CodeSignOnCopy, ); }; };
		DA23247006D918DC30CB63DB /* libacme_apple.dylib in CopyFiles */ = {isa = PBXBuildFile; fileRef = BE325FDEE1BD1C228A699544 /* libacme_apple.dylib */; settings = {ATTRIBUTES = (CodeSignOnCopy, ); }; };
		098F1376E67D49F93C888B26 /* libacme_macos.dylib in CopyFiles */ = {isa = PBXBuildFile; fileRef = 5444569A3008999F7F2C685F /* libacme_macos.dylib */; settings = {ATTRIBUTES = (CodeSignOnCopy, ); }; };
		DE77A7A7D21A8490ACC9241F /* libacme_posix.dylib in CopyFiles */ = {isa = PBXBuildFile; fileRef = 1DF83B0D736E531879854F1D /* libacme_posix.dylib */; settings = {ATTRIBUTES = (CodeSignOnCopy, ); }; };
		07E33B604F1F0A25D063E373 /* libidn.dylib in CopyFiles */ = {isa = PBXBuildFile; fileRef = 0F1629A5E4CE700EE6119519 /* libidn.dylib */; settings = {ATTRIBUTES = (CodeSignOnCopy, ); }; };
		FAF2E60C3DE7944229166945 /* libarchive.dylib in CopyFiles */ = {isa = PBXBuildFile; fileRef = 862AC75A436A55B8FF9B9A94 /* libarchive.dylib */; settings = {ATTRIBUTES = (CodeSignOnCopy, ); }; };
		8473FA95C36FBC670DC6924B /* application.cpp in Sources */ = {isa = PBXBuildFile; fileRef = 0BAEE522504938067B0AF5D5 /* application.cpp */; };
/* End PBXBuildFile section */

/* Begin PBXContainerItemProxy section */
		C7FAD16BEDD5244A051939A8 /* PBXContainerItemProxy */ = {
			isa = PBXContainerItemProxy;
			containerPortal = 83D47FFD7074E70492A399AC /* acme_macos.xcodeproj */;
			proxyType = 2;
			remoteGlobalIDString = A40CCFCA65C9C09ABDEA8348;
			remoteInfo = acme_macos;
		};
		FE74EA8FA1E36D1917669000 /* PBXContainerItemProxy */ = {
			isa = PBXContainerItemProxy;
			containerPortal = 83D47FFD7074E70492A399AC /* acme_macos.xcodeproj */;
			proxyType = 1;
			remoteGlobalIDString = B4E9219CED2FE697049BA3FB;
			remoteInfo = acme_macos;
		};
		C5702C0BE4DEC9247C65B47B /* PBXContainerItemProxy */ = {
			isa = PBXContainerItemProxy;
			containerPortal = 83D47FFD7074E70492A399AC /* acme_macos.xcodeproj */;
			proxyType = 2;
			remoteGlobalIDString = 32AEB821486B3BF7251B3927;
			remoteInfo = static_acme_macos;
		};
/* End PBXContainerItemProxy section */

/* Begin PBXCopyFilesBuildPhase section */
		D7EE9D886D4B0AFDAC7A267E /* CopyFiles */ = {
			isa = PBXCopyFilesBuildPhase;
			buildActionMask = 12;
			dstPath = "";
			dstSubfolderSpec = 6;
			files = (
				DE77A7A7D21A8490ACC9241F /* libacme_posix.dylib in CopyFiles */,
				3742B28743045F620A237C64 /* libacme.dylib in CopyFiles */,
				DA23247006D918DC30CB63DB /* libacme_apple.dylib in CopyFiles */,
				07E33B604F1F0A25D063E373 /* libidn.dylib in CopyFiles */,
				098F1376E67D49F93C888B26 /* libacme_macos.dylib in CopyFiles */,
				FAF2E60C3DE7944229166945 /* libarchive.dylib in CopyFiles */,
			);
			runOnlyForDeploymentPostprocessing = 0;
		};
/* End PBXCopyFilesBuildPhase section */

/* Begin PBXFileReference section */
		83D47FFD7074E70492A399AC /* acme_macos.xcodeproj */ = {isa = PBXFileReference; lastKnownFileType = "wrapper.pb-project"; name = acme_macos.xcodeproj; path = "../../../operating_system/operating_system-macos/acme_macos/acme_macos.xcodeproj"; sourceTree = SOURCE_ROOT; };
		27AF4851A5D493BB44DA0BC1 /* libacme.dylib */ = {isa = PBXFileReference; explicitFileType = "compiled.mach-o.dylib"; path = libacme.dylib; sourceTree = BUILT_PRODUCTS_DIR; };
		BE325FDEE1BD1C228A699544 /* libacme_apple.dylib */ = {isa = PBXFileReference; explicitFileType = "compiled.mach-o.dylib"; path = libacme_apple.dylib; sourceTree = BUILT_PRODUCTS_DIR; };
		1DF83B0D736E531879854F1D /* libacme_posix.dylib */ = {isa = PBXFileReference; explicitFileType = "compiled.mach-o.dylib"; path = libacme_posix.dylib; sourceTree = BUILT_PRODUCTS_DIR; };
		0F1629A5E4CE700EE6119519 /* libidn.dylib */ = {isa = PBXFileReference; explicitFileType = "compiled.mach-o.dylib"; path = libidn.dylib; sourceTree = BUILT_PRODUCTS_DIR; };
		C600635A43C3701F9C687185 /* _____debug.xcconfig */ = {isa = PBXFileReference; fileEncoding = 4; lastKnownFileType = text.xcconfig; path = "_____debug.xcconfig"; sourceTree = "<group>"; };
		F69F18CD8B2D539670B6F5E1 /* _____release.xcconfig */ = {isa = PBXFileReference; fileEncoding = 4; lastKnownFileType = text.xcconfig; path = "_____release.xcconfig"; sourceTree = "<group>"; };
		7BF21A3AA66B489D72881FBE /* _____debug_application.xcconfig */ = {isa = PBXFileReference; lastKnownFileType = text.xcconfig; path = "_____debug_application.xcconfig"; sourceTree = "<group>"; };
		0B423B74180F509432EB0CF9 /* _____release_application.xcconfig */ = {isa = PBXFileReference; lastKnownFileType = text.xcconfig; path = "_____release_application.xcconfig"; sourceTree = "<group>"; };
		862AC75A436A55B8FF9B9A94 /* libarchive.dylib */ = {isa = PBXFileReference; explicitFileType = "compiled.mach-o.dylib"; path = libarchive.dylib; sourceTree = BUILT_PRODUCTS_DIR; };
		9510739AE4EDC09BB0A1E5D3 /* hello */ = {isa = PBXFileReference; explicitFileType = "compiled.mach-o.executable"; includeInIndex = 0; path = hello; sourceTree = BUILT_PRODUCTS_DIR; };
		0BAEE522504938067B0AF5D5 /* application.cpp */ = {isa = PBXFileReference; fileEncoding = 4; lastKnownFileType = sourcecode.cpp.cpp; path = application.cpp; sourceTree = "<group>"; };
/* End PBXFileReference section */

/* Begin PBXFrameworksBuildPhase section */
		B6A2DAFF8216A417410E4A35 /* Frameworks */ = {
			isa = PBXFrameworksBuildPhase;
			buildActionMask = 2147483647;
			files = (
				17CE1F76B625DDD0BA5E3D58 /* libacme.dylib in Frameworks */,
			);
			runOnlyForDeploymentPostprocessing = 0;
		};
/* End PBXFrameworksBuildPhase section */

/* Begin PBXGroup section */
		D448BD4FE023CB4FE0B4C111 /* Products */ = {
			isa = PBXGroup;
			children = (
				5444569A3008999F7F2C685F /* libacme_macos.dylib */,
				873F93F1E4084C284D2DE659 /* libstatic_acme_macos.a */,
			);
			name = Products;
			sourceTree = "<group>";
		};
		8160BAB7B5AEEBC8BD182A80 = {
			isa = PBXGroup;
			children = (
				83D47FFD7074E70492A399AC /* acme_macos.xcodeproj */,
				983AB3F162C3B837EC32F1B8 /* hello */,
				1F0C082E997983690EA5054F /* Products */,
				ABFBAF2573E8877F2268BEA7 /* Frameworks */,
			);
			sourceTree = "<group>";
		};
		1F0C082E997983690EA5054F /* Products */ = {
			isa = PBXGroup;
			children = (
				9510739AE4EDC09BB0A1E5D3 /* hello */,
			);
			name = Products;
			sourceTree = "<group>";
		};
		983AB3F162C3B837EC32F1B8 /* hello */ = {
			isa = PBXGroup;
			children = (
				C600635A43C3701F9C687185 /* _____debug.xcconfig */,
				7BF21A3AA66B489D72881FBE /* _____debug_application.xcconfig */,
				0B423B74180F509432EB0CF9 /* _____release_application.xcconfig */,
				F69F18CD8B2D539670B6F5E1 /* _____release.xcconfig */,
				0BAEE522504938067B0AF5D5 /* application.cpp */,
			);
			name = hello;
			sourceTree = "<group>";
		};
		ABFBAF2573E8877F2268BEA7 /* Frameworks */ = {
			isa = PBXGroup;
			children = (
				862AC75A436A55B8FF9B9A94 /* libarchive.dylib */,
				0F1629A5E4CE700EE6119519 /* libidn.dylib */,
				27AF4851A5D493BB44DA0BC1 /* libacme.dylib */,
				BE325FDEE1BD1C228A699544 /* libacme_apple.dylib */,
				1DF83B0D736E531879854F1D /* libacme_posix.dylib */,
			);
			name = Frameworks;
			sourceTree = "<group>";
		};
/* End PBXGroup section */

/* Begin PBXHeadersBuildPhase section */
		57970806484BD492827F2F8C /* Headers */ = {
			isa = PBXHeadersBuildPhase;
			buildActionMask = 2147483647;
			files = (
			);
			runOnlyForDeploymentPostprocessing = 0;
		};
/* End PBXHeadersBuildPhase section */

/* Begin PBXNativeTarget section */
		A5BADB05AC38FC785DCD860C /* hello */ = {
			isa = PBXNativeTarget;
			buildConfigurationList = 31C9B4615A3594B78C6E8765 /* Build configuration list for PBXNativeTarget "hello" */;
			buildPhases = (
				57970806484BD492827F2F8C /* Headers */,
				0D41C2AA6B0343430A6B25C5 /* Sources */,
				B6A2DAFF8216A417410E4A35 /* Frameworks */,
				D7EE9D886D4B0AFDAC7A267E /* CopyFiles */,
			);
			buildRules = (
			);
			dependencies = (
				B95608F878A009A39EAD5680 /* PBXTargetDependency */,
			);
			name = hello;
			productName = hello;
			productReference = 9510739AE4EDC09BB0A1E5D3 /* hello */;
			productType = "com.apple.product-type.tool";
		};
/* End PBXNativeTarget section */

/* Begin PBXProject section */
		F0AB0283F065AC3EE3870440 /* Project object */ = {
			isa = PBXProject;
			attributes = {
				BuildIndependentTargetsInParallel = YES;
				LastUpgradeCheck = 1540;
				TargetAttributes = {
					A5BADB05AC38FC785DCD860C = {
						CreatedOnToolsVersion = 12.5.1;
					};
				};
			};
			buildConfigurationList = A415591246B614E6A05142B6 /* Build configuration list for PBXProject "hello" */;
			compatibilityVersion = "Xcode 12.0";
			developmentRegion = en;
			hasScannedForEncodings = 0;
			knownRegions = (
				en,
				Base,
			);
			mainGroup = 8160BAB7B5AEEBC8BD182A80;
			productRefGroup = 1F0C082E997983690EA5054F /* Products */;
			projectDirPath = "";
			projectReferences = (
				{
					ProductGroup = D448BD4FE023CB4FE0B4C111 /* Products */;
					ProjectRef = 83D47FFD7074E70492A399AC /* acme_macos.xcodeproj */;
				},
			);
			projectRoot = "";
			targets = (
				A5BADB05AC38FC785DCD860C /* hello */,
			);
		};
/* End PBXProject section */

/* Begin PBXReferenceProxy section */
		5444569A3008999F7F2C685F /* libacme_macos.dylib */ = {
			isa = PBXReferenceProxy;
			fileType = "compiled.mach-o.dylib";
			path = libacme_macos.dylib;
			remoteRef = C7FAD16BEDD5244A051939A8 /* PBXContainerItemProxy */;
			sourceTree = BUILT_PRODUCTS_DIR;
		};
		873F93F1E4084C284D2DE659 /* libstatic_acme_macos.a */ = {
			isa = PBXReferenceProxy;
			fileType = "compiled.mach-o.dylib";
			path = libstatic_acme_macos.a;
			remoteRef = C5702C0BE4DEC9247C65B47B /* PBXContainerItemProxy */;
			sourceTree = BUILT_PRODUCTS_DIR;
		};
/* End PBXReferenceProxy section */

/* Begin PBXSourcesBuildPhase section */
		0D41C2AA6B0343430A6B25C5 /* Sources */ = {
			isa = PBXSourcesBuildPhase;
			buildActionMask = 2147483647;
			files = (
				8473FA95C36FBC670DC6924B /* application.cpp in Sources */,
			);
			runOnlyForDeploymentPostprocessing = 0;
		};
/* End PBXSourcesBuildPhase section */

/* Begin PBXTargetDependency section */
		B95608F878A009A39EAD5680 /* PBXTargetDependency */ = {
			isa = PBXTargetDependency;
			name = acme_macos;
			targetProxy = FE74EA8FA1E36D1917669000 /* PBXContainerItemProxy */;
		};
/* End PBXTargetDependency section */

/* Begin XCBuildConfiguration section */
		831C2F0B3DCA46D5FB9E7DA2 /* Debug */ = {
			isa = XCBuildConfiguration;
			baseConfigurationReference = C600635A43C3701F9C687185 /* _____debug.xcconfig */;
			buildSettings = {
				ALWAYS_SEARCH_USER_PATHS = NO;
				ASSETCATALOG_COMPILER_GENERATE_SWIFT_ASSET_SYMBOL_EXTENSIONS = YES;
				CLANG_ANALYZER_NONNULL = YES;
				CLANG_ANALYZER_NUMBER_OBJECT_CONVERSION = YES_AGGRESSIVE;
				CLANG_CXX_LANGUAGE_STANDARD = "c++20";
				CLANG_CXX_LIBRARY = "libc++";
				CLANG_ENABLE_OBJC_ARC = YES;
				CLANG_ENABLE_OBJC_WEAK = YES;
				CLANG_WARN_BLOCK_CAPTURE_AUTORELEASING = YES;
				CLANG_WARN_BOOL_CONVERSION = YES;
				CLANG_WARN_COMMA = YES;
				CLANG_WARN_CONSTANT_CONVERSION = YES;
				CLANG_WARN_DEPRECATED_OBJC_IMPLEMENTATIONS = YES;
				CLANG_WARN_DIRECT_OBJC_ISA_USAGE = YES_ERROR;
				CLANG_WARN_DOCUMENTATION_COMMENTS = YES;
				CLANG_WARN_EMPTY_BODY = YES;
				CLANG_WARN_ENUM_CONVERSION = YES;
				CLANG_WARN_INFINITE_RECURSION = YES;
				CLANG_WARN_INT_CONVERSION = YES;
				CLANG_WARN_NON_LITERAL_NULL_CONVERSION = YES;
				CLANG_WARN_OBJC_IMPLICIT_RETAIN_SELF = YES;
				CLANG_WARN_OBJC_LITERAL_CONVERSION = YES;
				CLANG_WARN_OBJC_ROOT_CLASS = YES_ERROR;
				CLANG_WARN_QUOTED_INCLUDE_IN_FRAMEWORK_HEADER = YES;
				CLANG_WARN_RANGE_LOOP_ANALYSIS = YES;
				CLANG_WARN_STRICT_PROTOTYPES = YES;
				CLANG_WARN_SUSPICIOUS_MOVE = YES;
				CLANG_WARN_UNGUARDED_AVAILABILITY = YES_AGGRESSIVE;
				CLANG_WARN_UNREACHABLE_CODE = YES;
				CLANG_WARN__DUPLICATE_METHOD_MATCH = YES;
				COPY_PHASE_STRIP = NO;
				DEAD_CODE_STRIPPING = YES;
				DEBUG_INFORMATION_FORMAT = dwarf;
				ENABLE_STRICT_OBJC_MSGSEND = YES;
				ENABLE_TESTABILITY = YES;
				ENABLE_USER_SCRIPT_SANDBOXING = YES;
				GCC_DYNAMIC_NO_PIC = NO;
				GCC_NO_COMMON_BLOCKS = YES;
				GCC_OPTIMIZATION_LEVEL = 0;
				GCC_PREPROCESSOR_DEFINITIONS = (
					"DEBUG=1",
					"$(inherited)",
				);
				GCC_WARN_64_TO_32_BIT_CONVERSION = YES;
				GCC_WARN_ABOUT_RETURN_TYPE = YES_ERROR;
				GCC_WARN_UNDECLARED_SELECTOR = YES;
				GCC_WARN_UNINITIALIZED_AUTOS = YES_AGGRESSIVE;
				GCC_WARN_UNUSED_FUNCTION = YES;
				GCC_WARN_UNUSED_VARIABLE = YES;
				HEADER_SEARCH_PATHS = "";
				LD_RUNPATH_SEARCH_PATHS = "@executable_path @loader_path";
				LIBRARY_SEARCH_PATHS = (
					"$(inherited)",
					"$(WorkspaceDir)/../operating_system/storage-$(PLATFORM_MODIFIER)/$(CONFIGURATION)/library",
				);
				MTL_ENABLE_DEBUG_INFO = INCLUDE_SOURCE;
				MTL_FAST_MATH = YES;
				ONLY_ACTIVE_ARCH = YES;
				USER_HEADER_SEARCH_PATHS = (
					.,
					"$(WorkspaceDir)/source",
					"$(WorkspaceDir)/source/app",
					"$(WorkspaceDir)/source/app/_include",
					"$(WorkspaceDir)/operating_system",
					"$(WorkspaceDir)/operating_system/operating_system-$(PLATFORM_MODIFIER)",
					"$(WorkspaceDir)/operating_system/operating_system-$(PLATFORM_MODIFIER)/configuration_selection/$(CONFIGURATION)",
					"$(WorkspaceDir)/port/_",
					"$(PROJECT_DIR)",
					"$(PROJECT_DIR)/..",
					"$(PROJECT_DIR)/../..",
					"$(HOME)/sensitive/sensitive/include",
				);
				USE_HEADERMAP = NO;
				WorkspaceDir = "$(SRCROOT)/../../..";
			};
			name = Debug;
		};
		FBF18D4F86BB9D45765A03FB /* Release */ = {
			isa = XCBuildConfiguration;
			baseConfigurationReference = F69F18CD8B2D539670B6F5E1 /* _____release.xcconfig */;
			buildSettings = {
				ALWAYS_SEARCH_USER_PATHS = NO;
				ASSETCATALOG_COMPILER_GENERATE_SWIFT_ASSET_SYMBOL_EXTENSIONS = YES;
				CLANG_ANALYZER_NONNULL = YES;
				CLANG_ANALYZER_NUMBER_OBJECT_CONVERSION = YES_AGGRESSIVE;
				CLANG_CXX_LANGUAGE_STANDARD = "c++20";
				CLANG_CXX_LIBRARY = "libc++";
				CLANG_ENABLE_OBJC_ARC = YES;
				CLANG_ENABLE_OBJC_WEAK = YES;
				CLANG_WARN_BLOCK_CAPTURE_AUTORELEASING = YES;
				CLANG_WARN_BOOL_CONVERSION = YES;
				CLANG_WARN_COMMA = YES;
				CLANG_WARN_CONSTANT_CONVERSION = YES;
				CLANG_WARN_DEPRECATED_OBJC_IMPLEMENTATIONS = YES;
				CLANG_WARN_DIRECT_OBJC_ISA_USAGE = YES_ERROR;
				CLANG_WARN_DOCUMENTATION_COMMENTS = YES;
				CLANG_WARN_EMPTY_BODY = YES;
				CLANG_WARN_ENUM_CONVERSION = YES;
				CLANG_WARN_INFINITE_RECURSION = YES;
				CLANG_WARN_INT_CONVERSION = YES;
				CLANG_WARN_NON_LITERAL_NULL_CONVERSION = YES;
				CLANG_WARN_OBJC_IMPLICIT_RETAIN_SELF = YES;
				CLANG_WARN_OBJC_LITERAL_CONVERSION = YES;
				CLANG_WARN_OBJC_ROOT_CLASS = YES_ERROR;
				CLANG_WARN_QUOTED_INCLUDE_IN_FRAMEWORK_HEADER = YES;
				CLANG_WARN_RANGE_LOOP_ANALYSIS = YES;
				CLANG_WARN_STRICT_PROTOTYPES = YES;
				CLANG_WARN_SUSPICIOUS_MOVE = YES;
				CLANG_WARN_UNGUARDED_AVAILABILITY = YES_AGGRESSIVE;
				CLANG_WARN_UNREACHABLE_CODE = YES;
				CLANG_WARN__DUPLICATE_METHOD_MATCH = YES;
				COPY_PHASE_STRIP = NO;
				DEAD_CODE_STRIPPING = YES;
				DEBUG_INFORMATION_FORMAT = "dwarf-with-dsym";
				ENABLE_NS_ASSERTIONS = NO;
				ENABLE_STRICT_OBJC_MSGSEND = YES;
				ENABLE_USER_SCRIPT_SANDBOXING = YES;
				GCC_NO_COMMON_BLOCKS = YES;
				GCC_WARN_64_TO_32_BIT_CONVERSION = YES;
				GCC_WARN_ABOUT_RETURN_TYPE = YES_ERROR;
				GCC_WARN_UNDECLARED_SELECTOR = YES;
				GCC_WARN_UNINITIALIZED_AUTOS = YES_AGGRESSIVE;
				GCC_WARN_UNUSED_FUNCTION = YES;
				GCC_WARN_UNUSED_VARIABLE = YES;
				HEADER_SEARCH_PATHS = "";
				LD_RUNPATH_SEARCH_PATHS = "@executable_path @loader_path";
				LIBRARY_SEARCH_PATHS = (
					"$(inherited)",
					"$(WorkspaceDir)/../operating_system/storage-$(PLATFORM_MODIFIER)/$(CONFIGURATION)/library",
				);
				MTL_ENABLE_DEBUG_INFO = NO;
				MTL_FAST_MATH = YES;
				USER_HEADER_SEARCH_PATHS = (
					.,
					"$(WorkspaceDir)/source",
					"$(WorkspaceDir)/source/app",
					"$(WorkspaceDir)/source/app/_include",
					"$(WorkspaceDir)/operating_system",
					"$(WorkspaceDir)/operating_system/operating_system-$(PLATFORM_MODIFIER)",
					"$(WorkspaceDir)/operating_system/operating_system-$(PLATFORM_MODIFIER)/configuration_selection/$(CONFIGURATION)",
					"$(WorkspaceDir)/port/_",
					"$(PROJECT_DIR)",
					"$(PROJECT_DIR)/..",
					"$(PROJECT_DIR)/../..",
					"$(HOME)/sensitive/sensitive/include",
				);
				USE_HEADERMAP = NO;
				WorkspaceDir = "$(SRCROOT)/../../..";
			};
			name = Release;
		};
		96A47E6D68E2B94085BEA9ED /* Debug */ = {
			isa = XCBuildConfiguration;
			baseConfigurationReference = 7BF21A3AA66B489D72881FBE /* _____debug_application.xcconfig */;
			buildSettings = {
				CODE_SIGN_IDENTITY = "-";
				CODE_SIGN_STYLE = Automatic;
				DEAD_CODE_STRIPPING = YES;
				ENABLE_HARDENED_RUNTIME = NO;
				PLATFORM_MODIFIER = macos;
				PRODUCT_NAME = "$(TARGET_NAME)";
			};
			name = Debug;
		};
		022F114C5DD0C8E312324567 /* Release */ = {
			isa = XCBuildConfiguration;
			baseConfigurationReference = 0B423B74180F509432EB0CF9 /* _____release_application.xcconfig */;
			buildSettings = {
				CODE_SIGN_IDENTITY = "-";
				CODE_SIGN_STYLE = Automatic;
				DEAD_CODE_STRIPPING = YES;
				ENABLE_HARDENED_RUNTIME = YES;
				PLATFORM_MODIFIER = macos;
				PRODUCT_NAME = "$(TARGET_NAME)";
			};
			name = Release;
		};
/* End XCBuildConfiguration section */

/* Begin XCConfigurationList section */
		A415591246B614E6A05142B6 /* Build configuration list for PBXProject "hello" */ = {
			isa = XCConfigurationList;
			buildConfigurations = (
				831C2F0B3DCA46D5FB9E7DA2 /* Debug */,
				FBF18D4F86BB9D45765A03FB /* Release */,
			);
			defaultConfigurationIsVisible = 0;
			defaultConfigurationName = Release;
		};
		31C9B4615A3594B78C6E8765 /* Build configuration list for PBXNativeTarget "hello" */ = {
			isa = XCConfigurationList;
			buildConfigurations = (
				96A47E6D68E2B94085BEA9ED /* Debug */,
				022F114C5DD0C8E312324567 /* Release */,
			);
			defaultConfigurationIsVisible = 0;
			defaultConfigurationName = Release;
		};
/* End XCConfigurationList section */
	};
	rootObject = F0AB0283F065AC3EE3870440 /* Project object */;
}
