// !$*UTF8*$!
{
	archiveVersion = 1;
	classes = {
	};
	objectVersion = 50;
	objects = {

/* Begin PBXBuildFile section */
		A13B0CCCA31A6CD074F48F92 /* hellosolarsystem.cpp in Sources */ = {isa = PBXBuildFile; fileRef = 0263F48B353551D10D2989C8 /* hellosolarsystem.cpp */; };
		CF9307521C84E99A4705162C /* libssl.dylib in Embed Libraries */ = {isa = PBXBuildFile; fileRef = FF5EF52ED1792C659DFA35C2 /* libssl.dylib */; settings = {ATTRIBUTES = (CodeSignOnCopy, ); }; };
		A547133FB5256400943241F3 /* libcrypto.dylib in Embed Libraries */ = {isa = PBXBuildFile; fileRef = 6A55A32A44A557FD77FC7D6B /* libcrypto.dylib */; settings = {ATTRIBUTES = (CodeSignOnCopy, ); }; };
		CAC7A5C6B115339CC6422C09 /* libapex.dylib in Frameworks */ = {isa = PBXBuildFile; fileRef = D2D37900F094196C69850239 /* libapex.dylib */; };
		43EED88FE66B644726433EA0 /* libacme.dylib in Frameworks */ = {isa = PBXBuildFile; fileRef = D33DA6B23C4600F4A1EDE7B7 /* libacme.dylib */; };
		8F45533BD4854A1CD5E913EB /* libacme_apple.dylib in Embed Libraries */ = {isa = PBXBuildFile; fileRef = 9272EAB9152C18752069352B /* libacme_apple.dylib */; settings = {ATTRIBUTES = (CodeSignOnCopy, ); }; };
		76E602B07755F862F104859B /* libacme_macos.dylib in Embed Libraries */ = {isa = PBXBuildFile; fileRef = 9F7F3D820A3941023B89EFFC /* libacme_macos.dylib */; settings = {ATTRIBUTES = (CodeSignOnCopy, ); }; };
		A0BF05B6D56E5FABF3BC8551 /* libacme_posix.dylib in Embed Libraries */ = {isa = PBXBuildFile; fileRef = 0AC606A90B192A8AF169CFEF /* libacme_posix.dylib */; settings = {ATTRIBUTES = (CodeSignOnCopy, ); }; };
		D1215A2E0579B8D11C0DA112 /* libacme.dylib in Embed Libraries */ = {isa = PBXBuildFile; fileRef = D33DA6B23C4600F4A1EDE7B7 /* libacme.dylib */; settings = {ATTRIBUTES = (CodeSignOnCopy, ); }; };
		480991676BC23A3BA099693D /* libapex_apple.dylib in Embed Libraries */ = {isa = PBXBuildFile; fileRef = 5E80AE04B07B24564D38B6F9 /* libapex_apple.dylib */; settings = {ATTRIBUTES = (CodeSignOnCopy, ); }; };
		C127087F493290447A016B1F /* libapex_macos.dylib in Embed Libraries */ = {isa = PBXBuildFile; fileRef = D29B63EE5004DDA2E24553AE /* libapex_macos.dylib */; settings = {ATTRIBUTES = (CodeSignOnCopy, ); }; };
		6D3004F6C218A23CC1BAD28E /* libapex_posix.dylib in Embed Libraries */ = {isa = PBXBuildFile; fileRef = 820C652E67A0F8648709BB32 /* libapex_posix.dylib */; settings = {ATTRIBUTES = (CodeSignOnCopy, ); }; };
		20164290FA09849C82EAE82D /* libapex.dylib in Embed Libraries */ = {isa = PBXBuildFile; fileRef = D2D37900F094196C69850239 /* libapex.dylib */; settings = {ATTRIBUTES = (CodeSignOnCopy, ); }; };
		4FF93CBE13111E3C4FD6DB59 /* libidn.dylib in Embed Libraries */ = {isa = PBXBuildFile; fileRef = 8986F1F5D79C98E11516168D /* libidn.dylib */; settings = {ATTRIBUTES = (CodeSignOnCopy, ); }; };
		4A123E984A0713E6BD68B7C5 /* libcrypto_openssl.dylib in Embed Libraries */ = {isa = PBXBuildFile; fileRef = 538E92F051F4F4FDA046A91A /* libcrypto_openssl.dylib */; settings = {ATTRIBUTES = (CodeSignOnCopy, ); }; };
/* End PBXBuildFile section */

/* Begin PBXCopyFilesBuildPhase section */
		795229AC23F3D81DFE2F59DF /* Embed Libraries */ = {
			isa = PBXCopyFilesBuildPhase;
			buildActionMask = 2147483647;
			dstPath = "";
			dstSubfolderSpec = 6;
			files = (
				A0BF05B6D56E5FABF3BC8551 /* libacme_posix.dylib in Embed Libraries */,
				4FF93CBE13111E3C4FD6DB59 /* libidn.dylib in Embed Libraries */,
				4A123E984A0713E6BD68B7C5 /* libcrypto_openssl.dylib in Embed Libraries */,
				6D3004F6C218A23CC1BAD28E /* libapex_posix.dylib in Embed Libraries */,
				C127087F493290447A016B1F /* libapex_macos.dylib in Embed Libraries */,
				8F45533BD4854A1CD5E913EB /* libacme_apple.dylib in Embed Libraries */,
				480991676BC23A3BA099693D /* libapex_apple.dylib in Embed Libraries */,
				76E602B07755F862F104859B /* libacme_macos.dylib in Embed Libraries */,
				A547133FB5256400943241F3 /* libcrypto.dylib in Embed Libraries */,
				D1215A2E0579B8D11C0DA112 /* libacme.dylib in Embed Libraries */,
				CF9307521C84E99A4705162C /* libssl.dylib in Embed Libraries */,
				20164290FA09849C82EAE82D /* libapex.dylib in Embed Libraries */,
			);
			name = "Embed Libraries";
			runOnlyForDeploymentPostprocessing = 0;
		};
/* End PBXCopyFilesBuildPhase section */

/* Begin PBXFileReference section */
		5452870980217E932C099639 /* printf_format_flags.cpp */ = {isa = PBXFileReference; fileEncoding = 4; lastKnownFileType = sourcecode.cpp.cpp; path = printf_format_flags.cpp; sourceTree = "<group>"; };
		E211AD64DDB255B843E585D4 /* hellosolarsystem */ = {isa = PBXFileReference; explicitFileType = "compiled.mach-o.executable"; includeInIndex = 0; path = hellosolarsystem; sourceTree = BUILT_PRODUCTS_DIR; };
		0263F48B353551D10D2989C8 /* hellosolarsystem.cpp */ = {isa = PBXFileReference; fileEncoding = 4; lastKnownFileType = sourcecode.cpp.cpp; path = hellosolarsystem.cpp; sourceTree = "<group>"; };
		5B4DEEBF6A59C7D2C7594998 /* tutor.cpp */ = {isa = PBXFileReference; fileEncoding = 4; lastKnownFileType = sourcecode.cpp.cpp; path = tutor.cpp; sourceTree = "<group>"; };
		FF5EF52ED1792C659DFA35C2 /* libssl.dylib */ = {isa = PBXFileReference; lastKnownFileType = "compiled.mach-o.dylib"; name = libssl.dylib; path = "../../../../operating_system/storage-macos/Debug/library/libssl.dylib"; sourceTree = "<group>"; };
		6A55A32A44A557FD77FC7D6B /* libcrypto.dylib */ = {isa = PBXFileReference; lastKnownFileType = "compiled.mach-o.dylib"; name = libcrypto.dylib; path = "../../../../operating_system/storage-macos/Debug/library/libcrypto.dylib"; sourceTree = "<group>"; };
		5E80AE04B07B24564D38B6F9 /* libapex_apple.dylib */ = {isa = PBXFileReference; lastKnownFileType = "compiled.mach-o.dylib"; name = libapex_apple.dylib; path = "../../../time-macos/x86_64/Debug/libapex_apple.dylib"; sourceTree = "<group>"; };
		820C652E67A0F8648709BB32 /* libapex_posix.dylib */ = {isa = PBXFileReference; lastKnownFileType = "compiled.mach-o.dylib"; name = libapex_posix.dylib; path = "../../../time-macos/x86_64/Debug/libapex_posix.dylib"; sourceTree = "<group>"; };
		9F7F3D820A3941023B89EFFC /* libacme_macos.dylib */ = {isa = PBXFileReference; lastKnownFileType = "compiled.mach-o.dylib"; name = libacme_macos.dylib; path = "../../../time-macos/x86_64/Debug/libacme_macos.dylib"; sourceTree = "<group>"; };
		0AC606A90B192A8AF169CFEF /* libacme_posix.dylib */ = {isa = PBXFileReference; lastKnownFileType = "compiled.mach-o.dylib"; name = libacme_posix.dylib; path = "../../../time-macos/x86_64/Debug/libacme_posix.dylib"; sourceTree = "<group>"; };
		D29B63EE5004DDA2E24553AE /* libapex_macos.dylib */ = {isa = PBXFileReference; lastKnownFileType = "compiled.mach-o.dylib"; name = libapex_macos.dylib; path = "../../../time-macos/x86_64/Debug/libapex_macos.dylib"; sourceTree = "<group>"; };
		9272EAB9152C18752069352B /* libacme_apple.dylib */ = {isa = PBXFileReference; lastKnownFileType = "compiled.mach-o.dylib"; name = libacme_apple.dylib; path = "../../../time-macos/x86_64/Debug/libacme_apple.dylib"; sourceTree = "<group>"; };
		D2D37900F094196C69850239 /* libapex.dylib */ = {isa = PBXFileReference; lastKnownFileType = "compiled.mach-o.dylib"; name = libapex.dylib; path = "../../../time-macos/x86_64/Debug/libapex.dylib"; sourceTree = "<group>"; };
		D33DA6B23C4600F4A1EDE7B7 /* libacme.dylib */ = {isa = PBXFileReference; lastKnownFileType = "compiled.mach-o.dylib"; name = libacme.dylib; path = "../../../time-macos/x86_64/Debug/libacme.dylib"; sourceTree = "<group>"; };
		8986F1F5D79C98E11516168D /* libidn.dylib */ = {isa = PBXFileReference; lastKnownFileType = "compiled.mach-o.dylib"; name = libidn.dylib; path = "../../../time-macos/x86_64/Debug/libidn.dylib"; sourceTree = "<group>"; };
		538E92F051F4F4FDA046A91A /* libcrypto_openssl.dylib */ = {isa = PBXFileReference; lastKnownFileType = "compiled.mach-o.dylib"; name = libcrypto_openssl.dylib; path = "../../../time-macos/x86_64/Debug/libcrypto_openssl.dylib"; sourceTree = "<group>"; };
/* End PBXFileReference section */

/* Begin PBXFrameworksBuildPhase section */
		3353A5CA71841894FF9B4A35 /* Frameworks */ = {
			isa = PBXFrameworksBuildPhase;
			buildActionMask = 2147483647;
			files = (
				43EED88FE66B644726433EA0 /* libacme.dylib in Frameworks */,
				CAC7A5C6B115339CC6422C09 /* libapex.dylib in Frameworks */,
			);
			runOnlyForDeploymentPostprocessing = 0;
		};
/* End PBXFrameworksBuildPhase section */

/* Begin PBXGroup section */
		8D0DC223125FE1E7BB8071E5 = {
			isa = PBXGroup;
			children = (
				EA339AB1B049CE0966D7B2A8 /* hellosolarsystem */,
				534A7DA5A09CD6697EA158A9 /* Products */,
				1B3BE932CC09FC3572AE450C /* Frameworks */,
			);
			sourceTree = "<group>";
		};
		534A7DA5A09CD6697EA158A9 /* Products */ = {
			isa = PBXGroup;
			children = (
				E211AD64DDB255B843E585D4 /* hellosolarsystem */,
			);
			name = Products;
			sourceTree = "<group>";
		};
		EA339AB1B049CE0966D7B2A8 /* hellosolarsystem */ = {
			isa = PBXGroup;
			children = (
				5452870980217E932C099639 /* printf_format_flags.cpp */,
				0263F48B353551D10D2989C8 /* hellosolarsystem.cpp */,
				5B4DEEBF6A59C7D2C7594998 /* tutor.cpp */,
			);
			name = hellosolarsystem;
			sourceTree = "<group>";
		};
		1B3BE932CC09FC3572AE450C /* Frameworks */ = {
			isa = PBXGroup;
			children = (
				9272EAB9152C18752069352B /* libacme_apple.dylib */,
				9F7F3D820A3941023B89EFFC /* libacme_macos.dylib */,
				0AC606A90B192A8AF169CFEF /* libacme_posix.dylib */,
				D33DA6B23C4600F4A1EDE7B7 /* libacme.dylib */,
				5E80AE04B07B24564D38B6F9 /* libapex_apple.dylib */,
				D29B63EE5004DDA2E24553AE /* libapex_macos.dylib */,
				820C652E67A0F8648709BB32 /* libapex_posix.dylib */,
				D2D37900F094196C69850239 /* libapex.dylib */,
				538E92F051F4F4FDA046A91A /* libcrypto_openssl.dylib */,
				8986F1F5D79C98E11516168D /* libidn.dylib */,
				6A55A32A44A557FD77FC7D6B /* libcrypto.dylib */,
				FF5EF52ED1792C659DFA35C2 /* libssl.dylib */,
			);
			name = Frameworks;
			sourceTree = "<group>";
		};
/* End PBXGroup section */

/* Begin PBXNativeTarget section */
		3C737F02353578A14B125A59 /* hellosolarsystem */ = {
			isa = PBXNativeTarget;
			buildConfigurationList = F4DFC8AECBC5C8C309748797 /* Build configuration list for PBXNativeTarget "hellosolarsystem" */;
			buildPhases = (
				CC1C436C41B8FD8EF0C4C42B /* Sources */,
				3353A5CA71841894FF9B4A35 /* Frameworks */,
				795229AC23F3D81DFE2F59DF /* Embed Libraries */,
			);
			buildRules = (
			);
			dependencies = (
			);
			name = hellosolarsystem;
			productName = hellosolarsystem;
			productReference = E211AD64DDB255B843E585D4 /* hellosolarsystem */;
			productType = "com.apple.product-type.tool";
		};
/* End PBXNativeTarget section */

/* Begin PBXProject section */
		31F35E7E5B3ECFEFE17AC0A4 /* Project object */ = {
			isa = PBXProject;
			attributes = {
				LastUpgradeCheck = 1250;
				ORGANIZATIONNAME = "Camilo Sasuke Tsumanuma";
				TargetAttributes = {
					3C737F02353578A14B125A59 = {
						CreatedOnToolsVersion = 11.6;
					};
				};
			};
			buildConfigurationList = DECDFA1E45F19F88A873D1D5 /* Build configuration list for PBXProject "hellosolarsystem" */;
			compatibilityVersion = "Xcode 9.3";
			developmentRegion = en;
			hasScannedForEncodings = 0;
			knownRegions = (
				en,
				Base,
			);
			mainGroup = 8D0DC223125FE1E7BB8071E5;
			productRefGroup = 534A7DA5A09CD6697EA158A9 /* Products */;
			projectDirPath = "";
			projectRoot = "";
			targets = (
				3C737F02353578A14B125A59 /* hellosolarsystem */,
			);
		};
/* End PBXProject section */

/* Begin PBXSourcesBuildPhase section */
		CC1C436C41B8FD8EF0C4C42B /* Sources */ = {
			isa = PBXSourcesBuildPhase;
			buildActionMask = 2147483647;
			files = (
				A13B0CCCA31A6CD074F48F92 /* hellosolarsystem.cpp in Sources */,
			);
			runOnlyForDeploymentPostprocessing = 0;
		};
/* End PBXSourcesBuildPhase section */

/* Begin XCBuildConfiguration section */
		C37A52057BA85EAB325C83B6 /* Debug */ = {
			isa = XCBuildConfiguration;
			buildSettings = {
				ALWAYS_SEARCH_USER_PATHS = NO;
				BUILD_LIBRARY_FOR_DISTRIBUTION = YES;
				CLANG_ANALYZER_DEADCODE_DEADSTORES = YES;
				CLANG_ANALYZER_GCD = YES;
				CLANG_ANALYZER_LOCALIZABILITY_NONLOCALIZED = YES;
				CLANG_ANALYZER_MEMORY_MANAGEMENT = YES;
				CLANG_ANALYZER_NONNULL = YES;
				CLANG_ANALYZER_NUMBER_OBJECT_CONVERSION = YES_AGGRESSIVE;
				CLANG_CXX_LANGUAGE_STANDARD = "c++20";
				CLANG_CXX_LIBRARY = "libc++";
				CLANG_ENABLE_OBJC_ARC = YES;
				CLANG_ENABLE_OBJC_WEAK = YES;
				CLANG_STATIC_ANALYZER_MODE = deep;
				CLANG_STATIC_ANALYZER_MODE_ON_ANALYZE_ACTION = deep;
				CLANG_WARN_BLOCK_CAPTURE_AUTORELEASING = YES;
				CLANG_WARN_BOOL_CONVERSION = NO;
				CLANG_WARN_COMMA = YES;
				CLANG_WARN_CONSTANT_CONVERSION = NO;
				CLANG_WARN_DEPRECATED_OBJC_IMPLEMENTATIONS = YES;
				CLANG_WARN_DIRECT_OBJC_ISA_USAGE = YES;
				CLANG_WARN_DOCUMENTATION_COMMENTS = YES;
				CLANG_WARN_EMPTY_BODY = NO;
				CLANG_WARN_ENUM_CONVERSION = NO;
				CLANG_WARN_INFINITE_RECURSION = YES;
				CLANG_WARN_INT_CONVERSION = NO;
				CLANG_WARN_NON_LITERAL_NULL_CONVERSION = YES;
				CLANG_WARN_OBJC_IMPLICIT_RETAIN_SELF = YES;
				CLANG_WARN_OBJC_LITERAL_CONVERSION = YES;
				CLANG_WARN_OBJC_ROOT_CLASS = YES_ERROR;
				CLANG_WARN_PRAGMA_PACK = NO;
				CLANG_WARN_QUOTED_INCLUDE_IN_FRAMEWORK_HEADER = YES;
				CLANG_WARN_RANGE_LOOP_ANALYSIS = YES;
				CLANG_WARN_STRICT_PROTOTYPES = YES;
				CLANG_WARN_SUSPICIOUS_MOVE = YES;
				CLANG_WARN_UNGUARDED_AVAILABILITY = YES_AGGRESSIVE;
				CLANG_WARN_UNREACHABLE_CODE = YES;
				CLANG_WARN__DUPLICATE_METHOD_MATCH = NO;
				FRAMEWORK_SEARCH_PATHS = (
					"$(inherited)",
					"$(DEVELOPER_FRAMEWORKS_DIR)",
					"$(WorkspaceDir)/../operating_system/storage-$(PLATFORM_MODIFIER)/$(CONFIGURATION)/framework",
				);
				CODE_SIGN_IDENTITY = "";
				COPY_PHASE_STRIP = NO;
				DEBUG_INFORMATION_FORMAT = "dwarf-with-dsym";
				DEPLOYMENT_POSTPROCESSING = YES;
				ENABLE_STRICT_OBJC_MSGSEND = YES;
				ENABLE_TESTABILITY = YES;
				GCC_C_LANGUAGE_STANDARD = c11;
				GCC_DYNAMIC_NO_PIC = NO;
				GCC_INCREASE_PRECOMPILED_HEADER_SHARING = NO;
				GCC_NO_COMMON_BLOCKS = YES;
				GCC_OPTIMIZATION_LEVEL = 0;
				GCC_PREPROCESSOR_DEFINITIONS = _DEBUG;
				GCC_SYMBOLS_PRIVATE_EXTERN = NO;
				GCC_VERSION = "";
				GCC_WARN_64_TO_32_BIT_CONVERSION = NO;
				"GCC_WARN_64_TO_32_BIT_CONVERSION[arch=*64]" = YES;
				GCC_WARN_ABOUT_DEPRECATED_FUNCTIONS = NO;
				GCC_WARN_ABOUT_POINTER_SIGNEDNESS = YES;
				GCC_WARN_ABOUT_RETURN_TYPE = NO;
				GCC_WARN_UNDECLARED_SELECTOR = NO;
				GCC_WARN_UNINITIALIZED_AUTOS = NO;
				GCC_WARN_UNUSED_FUNCTION = NO;
				GCC_WARN_UNUSED_VARIABLE = NO;
				HEADER_SEARCH_PATHS = "";
				LD_RUNPATH_SEARCH_PATHS = "@executable_path @loader_path";
				LIBRARY_SEARCH_PATHS = (
					"$(inherited)",
					"$(WorkspaceDir)/../operating_system/storage-$(PLATFORM_MODIFIER)/$(CONFIGURATION)/library",
				
				);
				MTL_ENABLE_DEBUG_INFO = INCLUDE_SOURCE;
				MTL_FAST_MATH = YES;
				ONLY_ACTIVE_ARCH = YES;
				OTHER_LDFLAGS = "-all_load";
				PLATFORM_MODIFIER = macos;
				PRODUCT_NAME = "$(TARGET_NAME)";
				RUN_CLANG_STATIC_ANALYZER = NO;
				SDKROOT = macosx;
				SKIP_INSTALL = YES;
				STRINGS_FILE_OUTPUT_ENCODING = "UTF-8";
				STRIP_INSTALLED_PRODUCT = NO;
				SYSTEM_HEADER_SEARCH_PATHS = (
					"$(WorkspaceDir)/operating_system/operating_system-$(PLATFORM_MODIFIER)/include",
					"$(WorkspaceDir)/operating_system/operating_system-$(PLATFORM_MODIFIER)/configuration",
					"$(WorkspaceDir)/port/include",
					"$(WorkspaceDir)/source/app/include",
				);
				USER_HEADER_SEARCH_PATHS = (
					.,
					"$(WorkspaceDir)/source",
					"$(WorkspaceDir)/source/app",
					"$(WorkspaceDir)/source/app/_include",
					"$(WorkspaceDir)/operating_system",
					"$(WorkspaceDir)/operating_system/operating_system-$(PLATFORM_MODIFIER)",
					"$(WorkspaceDir)/operating_system/operating_system-$(PLATFORM_MODIFIER)/configuration_selection/$(CONFIGURATION)",
					"$(WorkspaceDir)/port/_",
					"$(PROJECT_DIR)",
					"$(PROJECT_DIR)/..",
					"$(PROJECT_DIR)/../..",
					"$(HOME)/sensitive/sensitive/include",
				);
				USE_HEADERMAP = NO;
				WARNING_CFLAGS = "";
				WorkspaceDir = "$(SRCROOT)/../../..";
			};
			name = Debug;
		};
		38ED316352E5F7F06F51DD6A /* Release */ = {
			isa = XCBuildConfiguration;
			buildSettings = {
				ALWAYS_SEARCH_USER_PATHS = NO;
				BUILD_LIBRARY_FOR_DISTRIBUTION = YES;
				CLANG_ANALYZER_DEADCODE_DEADSTORES = YES;
				CLANG_ANALYZER_GCD = YES;
				CLANG_ANALYZER_LOCALIZABILITY_NONLOCALIZED = YES;
				CLANG_ANALYZER_MEMORY_MANAGEMENT = YES;
				CLANG_ANALYZER_NONNULL = YES;
				CLANG_ANALYZER_NUMBER_OBJECT_CONVERSION = YES_AGGRESSIVE;
				CLANG_CXX_LANGUAGE_STANDARD = "c++20";
				CLANG_CXX_LIBRARY = "libc++";
				CLANG_ENABLE_OBJC_ARC = YES;
				CLANG_ENABLE_OBJC_WEAK = YES;
				CLANG_STATIC_ANALYZER_MODE = deep;
				CLANG_STATIC_ANALYZER_MODE_ON_ANALYZE_ACTION = deep;
				CLANG_WARN_BLOCK_CAPTURE_AUTORELEASING = YES;
				CLANG_WARN_BOOL_CONVERSION = NO;
				CLANG_WARN_COMMA = YES;
				CLANG_WARN_CONSTANT_CONVERSION = NO;
				CLANG_WARN_DEPRECATED_OBJC_IMPLEMENTATIONS = YES;
				CLANG_WARN_DIRECT_OBJC_ISA_USAGE = YES;
				CLANG_WARN_DOCUMENTATION_COMMENTS = YES;
				CLANG_WARN_EMPTY_BODY = NO;
				CLANG_WARN_ENUM_CONVERSION = NO;
				CLANG_WARN_INFINITE_RECURSION = YES;
				CLANG_WARN_INT_CONVERSION = NO;
				CLANG_WARN_NON_LITERAL_NULL_CONVERSION = YES;
				CLANG_WARN_OBJC_IMPLICIT_RETAIN_SELF = YES;
				CLANG_WARN_OBJC_LITERAL_CONVERSION = YES;
				CLANG_WARN_OBJC_ROOT_CLASS = YES_ERROR;
				CLANG_WARN_PRAGMA_PACK = NO;
				CLANG_WARN_QUOTED_INCLUDE_IN_FRAMEWORK_HEADER = YES;
				CLANG_WARN_RANGE_LOOP_ANALYSIS = YES;
				CLANG_WARN_STRICT_PROTOTYPES = YES;
				CLANG_WARN_SUSPICIOUS_MOVE = YES;
				CLANG_WARN_UNGUARDED_AVAILABILITY = YES_AGGRESSIVE;
				CLANG_WARN_UNREACHABLE_CODE = YES;
				CLANG_WARN__DUPLICATE_METHOD_MATCH = NO;
				FRAMEWORK_SEARCH_PATHS = (
					"$(inherited)",
					"$(DEVELOPER_FRAMEWORKS_DIR)",
					"$(WorkspaceDir)/../operating_system/storage-$(PLATFORM_MODIFIER)/$(CONFIGURATION)/framework",
				);
				CODE_SIGN_IDENTITY = "";
				DEBUG_INFORMATION_FORMAT = "dwarf-with-dsym";
				DEPLOYMENT_POSTPROCESSING = YES;
				ENABLE_HARDENED_RUNTIME = YES;
				ENABLE_NS_ASSERTIONS = NO;
				ENABLE_STRICT_OBJC_MSGSEND = YES;
				GCC_C_LANGUAGE_STANDARD = c11;
				GCC_INCREASE_PRECOMPILED_HEADER_SHARING = NO;
				GCC_NO_COMMON_BLOCKS = YES;
				GCC_PREPROCESSOR_DEFINITIONS = "";
				GCC_VERSION = "";
				GCC_WARN_64_TO_32_BIT_CONVERSION = NO;
				"GCC_WARN_64_TO_32_BIT_CONVERSION[arch=*64]" = YES;
				GCC_WARN_ABOUT_DEPRECATED_FUNCTIONS = NO;
				GCC_WARN_ABOUT_POINTER_SIGNEDNESS = YES;
				GCC_WARN_ABOUT_RETURN_TYPE = NO;
				GCC_WARN_UNDECLARED_SELECTOR = NO;
				GCC_WARN_UNINITIALIZED_AUTOS = NO;
				GCC_WARN_UNUSED_FUNCTION = NO;
				GCC_WARN_UNUSED_VARIABLE = NO;
				HEADER_SEARCH_PATHS = "";
				LD_RUNPATH_SEARCH_PATHS = "@executable_path @loader_path";
				LIBRARY_SEARCH_PATHS = (
					"$(inherited)",
					"$(WorkspaceDir)/../operating_system/storage-$(PLATFORM_MODIFIER)/$(CONFIGURATION)/library",
				
					"$(WorkspaceDir)/operating_system",
				);
				MTL_ENABLE_DEBUG_INFO = NO;
				MTL_FAST_MATH = YES;
				OTHER_LDFLAGS = "-all_load";
				PLATFORM_MODIFIER = macos;
				PRODUCT_NAME = "$(TARGET_NAME)";
				RUN_CLANG_STATIC_ANALYZER = NO;
				SDKROOT = macosx;
				SKIP_INSTALL = YES;
				STRINGS_FILE_OUTPUT_ENCODING = "UTF-8";
				SYSTEM_HEADER_SEARCH_PATHS = (
					"$(WorkspaceDir)/operating_system/operating_system-$(PLATFORM_MODIFIER)/include",
					"$(WorkspaceDir)/operating_system/operating_system-$(PLATFORM_MODIFIER)/configuration",
					"$(WorkspaceDir)/port/include",
					"$(WorkspaceDir)/source/app/include",
				);
				USER_HEADER_SEARCH_PATHS = (
					.,
					"$(WorkspaceDir)/source",
					"$(WorkspaceDir)/source/app",
					"$(WorkspaceDir)/source/app/_include",
					"$(WorkspaceDir)/operating_system",
					"$(WorkspaceDir)/operating_system/operating_system-$(PLATFORM_MODIFIER)",
					"$(WorkspaceDir)/operating_system/operating_system-$(PLATFORM_MODIFIER)/configuration_selection/$(CONFIGURATION)",
					"$(WorkspaceDir)/port/_",
					"$(PROJECT_DIR)",
					"$(PROJECT_DIR)/..",
					"$(PROJECT_DIR)/../..",
					"$(HOME)/sensitive/sensitive/include",
				);
				USE_HEADERMAP = NO;
				VALIDATE_PRODUCT = YES;
				WARNING_CFLAGS = "";
				WorkspaceDir = "$(SRCROOT)/../../..";
			};
			name = Release;
		};
		A70FA4F19B683B726D3CD1C3 /* Debug */ = {
			isa = XCBuildConfiguration;
			buildSettings = {
				CODE_SIGN_IDENTITY = "-";
				CODE_SIGN_STYLE = Automatic;
				PLATFORM_MODIFIER = macos;
				PRODUCT_NAME = "$(TARGET_NAME)";
				SDKROOT = macosx;
			};
			name = Debug;
		};
		AB52D5DCB44AFC29D8AB6D26 /* Release */ = {
			isa = XCBuildConfiguration;
			buildSettings = {
				CODE_SIGN_IDENTITY = "-";
				CODE_SIGN_STYLE = Automatic;
				PLATFORM_MODIFIER = macos;
				PRODUCT_NAME = "$(TARGET_NAME)";
				SDKROOT = macosx;
			};
			name = Release;
		};
/* End XCBuildConfiguration section */

/* Begin XCConfigurationList section */
		DECDFA1E45F19F88A873D1D5 /* Build configuration list for PBXProject "hellosolarsystem" */ = {
			isa = XCConfigurationList;
			buildConfigurations = (
				C37A52057BA85EAB325C83B6 /* Debug */,
				38ED316352E5F7F06F51DD6A /* Release */,
			);
			defaultConfigurationIsVisible = 0;
			defaultConfigurationName = Release;
		};
		F4DFC8AECBC5C8C309748797 /* Build configuration list for PBXNativeTarget "hellosolarsystem" */ = {
			isa = XCConfigurationList;
			buildConfigurations = (
				A70FA4F19B683B726D3CD1C3 /* Debug */,
				AB52D5DCB44AFC29D8AB6D26 /* Release */,
			);
			defaultConfigurationIsVisible = 0;
			defaultConfigurationName = Release;
		};
/* End XCConfigurationList section */
	};
	rootObject = 31F35E7E5B3ECFEFE17AC0A4 /* Project object */;
}
