<?xml version="1.0" encoding="utf-8"?>
<Project ToolsVersion="4.0" xmlns="http://schemas.microsoft.com/developer/msbuild/2003">
  <ItemGroup>
    <Filter Include="Resource Files">
      <UniqueIdentifier>{1ca0861d-4267-4854-8bf6-9ad0173f1893}</UniqueIdentifier>
    </Filter>
    <Filter Include="Files">
      <UniqueIdentifier>{64a04574-142f-4730-9ed6-f92aecc7ccc4}</UniqueIdentifier>
    </Filter>
    <Filter Include="Files\programs">
      <UniqueIdentifier>{04917081-e654-4ca9-84dd-ae0bc6070000}</UniqueIdentifier>
    </Filter>
  </ItemGroup>
  <ItemGroup>
    <ClCompile Include="application.cpp">
      <Filter>Files</Filter>
    </ClCompile>
    <ClCompile Include="twitch.cpp">
      <Filter>Files</Filter>
    </ClCompile>
    <ClCompile Include="framework.cpp">
      <Filter>Files</Filter>
    </ClCompile>
    <ClCompile Include="programs\7-2022-10-06-twitch-octaelliptical_list_prime_numbers.cpp">
      <Filter>Files\programs</Filter>
    </ClCompile>
    <ClCompile Include="programs\1-2022-02-11-twitch-memoriesdota_file_word_count.cpp">
      <Filter>Files\programs</Filter>
    </ClCompile>
    <ClCompile Include="programs\2-2022-07-11-twitch-korishama_polymorphism.cpp">
      <Filter>Files\programs</Filter>
    </ClCompile>
    <ClCompile Include="programs\3-2022-09-30-twitch-octaelliptical_star.cpp">
      <Filter>Files\programs</Filter>
    </ClCompile>
    <ClCompile Include="programs\4-2022-10-01-twitch-octaelliptical_star_only_odd_line_count.cpp">
      <Filter>Files\programs</Filter>
    </ClCompile>
    <ClCompile Include="programs\5-2022-10-04-twitch-octaelliptical_iterative_fibonacci.cpp">
      <Filter>Files\programs</Filter>
    </ClCompile>
    <ClCompile Include="programs\6-2022-10-05-twitch-octaelliptical_count_miscellaneous_characters.cpp">
      <Filter>Files\programs</Filter>
    </ClCompile>
    <ClCompile Include="programs\8-2022-11-14-twitch%40nicopelullo-binary_tree_to_stack.cpp">
      <Filter>Files\programs</Filter>
    </ClCompile>
    <ClCompile Include="programs\9-2022-11-15-twitch%40nicopelullo-inorder__preorder_and_post_order.cpp">
      <Filter>Files\programs</Filter>
    </ClCompile>
    <ClCompile Include="programs\a-2023-02-02-twitch%40ca2software.cpp">
      <Filter>Files\programs</Filter>
    </ClCompile>
  </ItemGroup>
  <ItemGroup>
    <ClInclude Include="_twitch.h">
      <Filter>Files</Filter>
    </ClInclude>
    <ClInclude Include="framework.h">
      <Filter>Files</Filter>
    </ClInclude>
    <ClInclude Include="_.h">
      <Filter>Files</Filter>
    </ClInclude>
  </ItemGroup>
  <ItemGroup>
    <ResourceCompile Include="deployment.rc">
      <Filter>Resource Files</Filter>
    </ResourceCompile>
  </ItemGroup>
  <ItemGroup>
    <None Include="_static_factory_.inl">
      <Filter>Files</Filter>
    </None>
  </ItemGroup>
</Project>