<?xml version="1.0" encoding="utf-8"?>
<Project ToolsVersion="4.0" xmlns="http://schemas.microsoft.com/developer/msbuild/2003">
  <ItemGroup>
    <Image Include="Assets\Square24.scale-100.png">
      <Filter>Assets</Filter>
    </Image>
    <Image Include="Assets\Square24.scale-200.png">
      <Filter>Assets</Filter>
    </Image>
    <Image Include="Assets\Square44.scale-100.png">
      <Filter>Assets</Filter>
    </Image>
    <Image Include="Assets\Square44.scale-200.png">
      <Filter>Assets</Filter>
    </Image>
    <Image Include="Assets\Square50.scale-100.png">
      <Filter>Assets</Filter>
    </Image>
    <Image Include="Assets\Square50.scale-200.png">
      <Filter>Assets</Filter>
    </Image>
    <Image Include="Assets\Square71.scale-100.png">
      <Filter>Assets</Filter>
    </Image>
    <Image Include="Assets\Square71.scale-200.png">
      <Filter>Assets</Filter>
    </Image>
    <Image Include="Assets\Square150.scale-100.png">
      <Filter>Assets</Filter>
    </Image>
    <Image Include="Assets\Square150.scale-200.png">
      <Filter>Assets</Filter>
    </Image>
    <Image Include="Assets\Square310.scale-100.png">
      <Filter>Assets</Filter>
    </Image>
    <Image Include="Assets\Square310.scale-200.png">
      <Filter>Assets</Filter>
    </Image>
    <Image Include="Assets\Wide310x150.scale-100.png">
      <Filter>Assets</Filter>
    </Image>
    <Image Include="Assets\Wide310x150.scale-200.png">
      <Filter>Assets</Filter>
    </Image>
    <Image Include="Assets\Wide620x300.scale-100.png">
      <Filter>Assets</Filter>
    </Image>
    <Image Include="Assets\Wide620x300.scale-200.png">
      <Filter>Assets</Filter>
    </Image>
  </ItemGroup>
  <ItemGroup>
    <None Include="..\helloearth_TemporaryKey.pfx" />
    <None Include="..\..\..\..\operating-system\storage-universal_windows\Win32\basis\third\binary\zlib.dll" />
  </ItemGroup>
  <ItemGroup>
    <Filter Include="UWP">
      <UniqueIdentifier>{4ff99add-88c3-4d02-8a3c-722256e38d50}</UniqueIdentifier>
    </Filter>
    <Filter Include="Assets">
      <UniqueIdentifier>{934af59b-84af-4229-9a90-84c0e0372902}</UniqueIdentifier>
    </Filter>
    <Filter Include="Library">
      <UniqueIdentifier>{254c4142-1fbe-4e31-a5a0-d4544dba57c1}</UniqueIdentifier>
    </Filter>
    <Filter Include="Library\Win32">
      <UniqueIdentifier>{8acd4cd3-64d1-4183-8973-ad77e58c9e59}</UniqueIdentifier>
    </Filter>
    <Filter Include="Library\Win32\basis">
      <UniqueIdentifier>{f413404a-09ef-4bd4-8318-64761b952539}</UniqueIdentifier>
    </Filter>
    <Filter Include="Source Files">
      <UniqueIdentifier>{322fb022-14d5-4dc3-bb42-5f3a912473dc}</UniqueIdentifier>
    </Filter>
  </ItemGroup>
  <ItemGroup>
    <AppxManifest Include="Package10.appxmanifest">
      <Filter>UWP</Filter>
    </AppxManifest>
  </ItemGroup>
  <ItemGroup>
    <ClCompile Include="main.cpp">
      <Filter>Source Files</Filter>
    </ClCompile>
    <ClCompile Include="01-2022-02-11-twitch-memoriesdota_file_word_count.cpp">
      <Filter>Source Files</Filter>
    </ClCompile>
    <ClCompile Include="02-2022-07-11-twitch-korishama_polymorphism.cpp">
      <Filter>Source Files</Filter>
    </ClCompile>
    <ClCompile Include="03-2022-09-30-twitch-octaelliptical_star.cpp">
      <Filter>Source Files</Filter>
    </ClCompile>
    <ClCompile Include="04-2022-10-01-twitch-octaelliptical_star_only_odd_line_count.cpp">
      <Filter>Source Files</Filter>
    </ClCompile>
    <ClCompile Include="05-2022-10-04-twitch-octaelliptical_iterative_fibonacci.cpp">
      <Filter>Source Files</Filter>
    </ClCompile>
    <ClCompile Include="06-2022-10-05-twitch-octaelliptical_count_miscellaneous_characters.cpp">
      <Filter>Source Files</Filter>
    </ClCompile>
    <ClCompile Include="07-2022-10-06-twitch-octaelliptical_list_prime_numbers.cpp">
      <Filter>Source Files</Filter>
    </ClCompile>
    <ClCompile Include="twitch.cpp">
      <Filter>Source Files</Filter>
    </ClCompile>
    <ClCompile Include="framework.cpp">
      <Filter>Source Files</Filter>
    </ClCompile>
  </ItemGroup>
</Project>