// !$*UTF8*$!
{
	archiveVersion = 1;
	classes = {
	};
	objectVersion = 54;
	objects = {

/* Begin PBXBuildFile section */
		B36E9F58E0249CF8C31BCD90 /* libacme.dylib in Frameworks */ = {isa = PBXBuildFile; fileRef = 30553CE64326BCAD2CEB48F1 /* libacme.dylib */; };
		523240C956D2DA377273213C /* libapex.dylib in Frameworks */ = {isa = PBXBuildFile; fileRef = A95653898C5D900A4A9C9BF9 /* libapex.dylib */; };
		DD1D4E69B71A920661B66041 /* libarchive.dylib in Frameworks */ = {isa = PBXBuildFile; fileRef = 6FE82E5433B73B1909B160BA /* libarchive.dylib */; };
		310CB0E745A30590B62A67DD /* libarchive.dylib in Embed Libraries */ = {isa = PBXBuildFile; fileRef = 6FE82E5433B73B1909B160BA /* libarchive.dylib */; settings = {ATTRIBUTES = (CodeSignOnCopy, ); }; };
		CCCB185B26DEDD111D355D58 /* libaqua.dylib in Embed Libraries */ = {isa = PBXBuildFile; fileRef = 79185B5BD67C3EFA74FD4BD1 /* libaqua.dylib */; settings = {ATTRIBUTES = (CodeSignOnCopy, ); }; };
		B3965A5C05D7D7E0B5D5B3B2 /* libapex_macos.dylib in Embed Libraries */ = {isa = PBXBuildFile; fileRef = 47C59A407AF7A419BBEB0DD0 /* libapex_macos.dylib */; settings = {ATTRIBUTES = (CodeSignOnCopy, ); }; };
		AAF67E6F0C289B2E8EBB7272 /* libaqua.dylib in Frameworks */ = {isa = PBXBuildFile; fileRef = 79185B5BD67C3EFA74FD4BD1 /* libaqua.dylib */; };
		6D1FE99D3E49607C6CD33D6E /* libcrypto_openssl.dylib in Embed Libraries */ = {isa = PBXBuildFile; fileRef = 75E82C8003092CD8ED543184 /* libcrypto_openssl.dylib */; settings = {ATTRIBUTES = (CodeSignOnCopy, ); }; };
		C4BB25997C9FF02B8E50636B /* application.cpp in Sources */ = {isa = PBXBuildFile; fileRef = 3B9F8000B408AF4F6F53F68A /* application.cpp */; };
		07EE74F989065C5BD7838D39 /* libssl.dylib in Embed Libraries */ = {isa = PBXBuildFile; fileRef = ABBB7BABEC6D9E23C8FDF033 /* libssl.dylib */; settings = {ATTRIBUTES = (CodeSignOnCopy, ); }; };
		5B47ECC31C04DA476BBE5D18 /* libcrypto.dylib in Embed Libraries */ = {isa = PBXBuildFile; fileRef = 9AADD6EA6799F952DCD245B9 /* libcrypto.dylib */; settings = {ATTRIBUTES = (CodeSignOnCopy, ); }; };
		71B76558264005F0D068E2C1 /* libapex.dylib in Embed Libraries */ = {isa = PBXBuildFile; fileRef = A95653898C5D900A4A9C9BF9 /* libapex.dylib */; settings = {ATTRIBUTES = (CodeSignOnCopy, ); }; };
		E4B3DF8FC0D539337396CC85 /* libacme.dylib in Embed Libraries */ = {isa = PBXBuildFile; fileRef = 30553CE64326BCAD2CEB48F1 /* libacme.dylib */; settings = {ATTRIBUTES = (CodeSignOnCopy, ); }; };
/* End PBXBuildFile section */

/* Begin PBXContainerItemProxy section */
		C3D1DD001949421ABCDA6E4F /* PBXContainerItemProxy */ = {
			isa = PBXContainerItemProxy;
			containerPortal = 7EFF875864482E7AE21722F5 /* folder_zip.xcodeproj */;
			proxyType = 2;
			remoteGlobalIDString = 594B3750FFD2E6CABDD0A425;
			remoteInfo = static_folder_zip;
		};
		98CE6CB35E2ACB1CBBB96226 /* PBXContainerItemProxy */ = {
			isa = PBXContainerItemProxy;
			containerPortal = 7EFF875864482E7AE21722F5 /* folder_zip.xcodeproj */;
			proxyType = 2;
			remoteGlobalIDString = 1A9485C6A3C87EAF4A351D85;
			remoteInfo = folder_zip;
		};
		4C3DD2A3B6DFE303D9B92F09 /* PBXContainerItemProxy */ = {
			isa = PBXContainerItemProxy;
			containerPortal = 5E82EDC41EF894BEE088EE03 /* apex_macos.xcodeproj */;
			proxyType = 1;
			remoteGlobalIDString = 0BA0975A09C0DBC8FA4331AB;
			remoteInfo = apex_macos;
		};
		2009F1B9DCAE6C98E2E78D0C /* PBXContainerItemProxy */ = {
			isa = PBXContainerItemProxy;
			containerPortal = FD4032C5EFD3BBD1090C61FC /* aqua.xcodeproj */;
			proxyType = 1;
			remoteGlobalIDString = 7973F443E0620C95969D61C9;
			remoteInfo = aqua;
		};
		65A37138171FFABCFD4CCDFA /* PBXContainerItemProxy */ = {
			isa = PBXContainerItemProxy;
			containerPortal = 0F3A702970C2394BA95D2FDC /* crypto_openssl.xcodeproj */;
			proxyType = 1;
			remoteGlobalIDString = FE307D1C790A8B6E88DC1152;
			remoteInfo = crypto_openssl;
		};
		6F74C8F61D3233F270083C9E /* PBXContainerItemProxy */ = {
			isa = PBXContainerItemProxy;
			containerPortal = 7EFF875864482E7AE21722F5 /* folder_zip.xcodeproj */;
			proxyType = 1;
			remoteGlobalIDString = 272F83AF96D70A0829E90C2A;
			remoteInfo = folder_zip;
		};
		350A402AA4C0026AC949E5FD /* PBXContainerItemProxy */ = {
			isa = PBXContainerItemProxy;
			containerPortal = FD4032C5EFD3BBD1090C61FC /* aqua.xcodeproj */;
			proxyType = 2;
			remoteGlobalIDString = C85CD069C29CAE54F3F8C6C6;
			remoteInfo = ios_aqua;
		};
		D783EE8ED9C7E6F2AD4CE4A7 /* PBXContainerItemProxy */ = {
			isa = PBXContainerItemProxy;
			containerPortal = 0F3A702970C2394BA95D2FDC /* crypto_openssl.xcodeproj */;
			proxyType = 2;
			remoteGlobalIDString = 007599CAAABCB1C1BE567A76;
			remoteInfo = ios_crypto_openssl;
		};
		BBD17940AE3DD1BD765089C1 /* PBXContainerItemProxy */ = {
			isa = PBXContainerItemProxy;
			containerPortal = 7EFF875864482E7AE21722F5 /* folder_zip.xcodeproj */;
			proxyType = 2;
			remoteGlobalIDString = 877C5DA152960224128C2480;
			remoteInfo = ios_folder_zip;
		};
		19B4AEF575C0A5ED5816DFBF /* PBXContainerItemProxy */ = {
			isa = PBXContainerItemProxy;
			containerPortal = 5E82EDC41EF894BEE088EE03 /* apex_macos.xcodeproj */;
			proxyType = 2;
			remoteGlobalIDString = E3C0AB643C1D2DE2B49EDBB1;
			remoteInfo = static_apex_macos;
		};
		30C277441F1E9FF8D3819C99 /* PBXContainerItemProxy */ = {
			isa = PBXContainerItemProxy;
			containerPortal = FD4032C5EFD3BBD1090C61FC /* aqua.xcodeproj */;
			proxyType = 2;
			remoteGlobalIDString = B6BDF109C1B2268A1A16557F;
			remoteInfo = static_aqua;
		};
		3309348E3158F44D95BE9C0D /* PBXContainerItemProxy */ = {
			isa = PBXContainerItemProxy;
			containerPortal = 0F3A702970C2394BA95D2FDC /* crypto_openssl.xcodeproj */;
			proxyType = 2;
			remoteGlobalIDString = 8EB15CD8A2E238785F455403;
			remoteInfo = static_crypto_openssl;
		};
		6917B0EDB79C7A320389276D /* PBXContainerItemProxy */ = {
			isa = PBXContainerItemProxy;
			containerPortal = 5E82EDC41EF894BEE088EE03 /* apex_macos.xcodeproj */;
			proxyType = 2;
			remoteGlobalIDString = 7AEB13F3188168E974030546;
			remoteInfo = apex_macos;
		};
		0ACAF212A96F23442F8258E8 /* PBXContainerItemProxy */ = {
			isa = PBXContainerItemProxy;
			containerPortal = FD4032C5EFD3BBD1090C61FC /* aqua.xcodeproj */;
			proxyType = 2;
			remoteGlobalIDString = 59F341E4A5F43F529C9C997E;
			remoteInfo = aqua;
		};
		4B9158ED6076412D0A087F23 /* PBXContainerItemProxy */ = {
			isa = PBXContainerItemProxy;
			containerPortal = 0F3A702970C2394BA95D2FDC /* crypto_openssl.xcodeproj */;
			proxyType = 2;
			remoteGlobalIDString = 05F6B639A4C58F3D6CE7A033;
			remoteInfo = crypto_openssl;
		};
/* End PBXContainerItemProxy section */

/* Begin PBXCopyFilesBuildPhase section */
		461D24C9D2C3CC63D7E184D4 /* Embed Libraries */ = {
			isa = PBXCopyFilesBuildPhase;
			buildActionMask = 2147483647;
			dstPath = "";
			dstSubfolderSpec = 10;
			files = (
				310CB0E745A30590B62A67DD /* libarchive.dylib in Embed Libraries */,
			);
			name = "Embed Libraries";
			runOnlyForDeploymentPostprocessing = 0;
		};
		D225351E08B8976C15B78705 /* Embed Libraries */ = {
			isa = PBXCopyFilesBuildPhase;
			buildActionMask = 2147483647;
			dstPath = "";
			dstSubfolderSpec = 6;
			files = (
				CCCB185B26DEDD111D355D58 /* libaqua.dylib in Embed Libraries */,
				71B76558264005F0D068E2C1 /* libapex.dylib in Embed Libraries */,
				E4B3DF8FC0D539337396CC85 /* libacme.dylib in Embed Libraries */,
				6D1FE99D3E49607C6CD33D6E /* libcrypto_openssl.dylib in Embed Libraries */,
				07EE74F989065C5BD7838D39 /* libssl.dylib in Embed Libraries */,
				B3965A5C05D7D7E0B5D5B3B2 /* libapex_macos.dylib in Embed Libraries */,
				5B47ECC31C04DA476BBE5D18 /* libcrypto.dylib in Embed Libraries */,
			);
			name = "Embed Libraries";
			runOnlyForDeploymentPostprocessing = 0;
		};
/* End PBXCopyFilesBuildPhase section */

/* Begin PBXFileReference section */
		BF4C18AD0A1B9D02F2B226A7 /* _____debug.xcconfig */ = {isa = PBXFileReference; fileEncoding = 4; lastKnownFileType = text.xcconfig; path = "_____debug.xcconfig"; sourceTree = "<group>"; };
		58139003D76CABACE99CD953 /* _____release.xcconfig */ = {isa = PBXFileReference; fileEncoding = 4; lastKnownFileType = text.xcconfig; path = "_____release.xcconfig"; sourceTree = "<group>"; };
		7EFF875864482E7AE21722F5 /* folder_zip.xcodeproj */ = {isa = PBXFileReference; lastKnownFileType = "wrapper.pb-project"; name = folder_zip.xcodeproj; path = ../../app/folder_zip/folder_zip.xcodeproj; sourceTree = SOURCE_ROOT; };
		30553CE64326BCAD2CEB48F1 /* libacme.dylib */ = {isa = PBXFileReference; explicitFileType = "compiled.mach-o.dylib"; path = libacme.dylib; sourceTree = BUILT_PRODUCTS_DIR; };
		A95653898C5D900A4A9C9BF9 /* libapex.dylib */ = {isa = PBXFileReference; explicitFileType = "compiled.mach-o.dylib"; path = libapex.dylib; sourceTree = BUILT_PRODUCTS_DIR; };
		6FE82E5433B73B1909B160BA /* libarchive.dylib */ = {isa = PBXFileReference; explicitFileType = "compiled.mach-o.dylib"; path = libarchive.dylib; sourceTree = BUILT_PRODUCTS_DIR; };
		D3D2B726DD664A3B9519D92E /* readlines */ = {isa = PBXFileReference; explicitFileType = "compiled.mach-o.executable"; includeInIndex = 0; path = readlines; sourceTree = BUILT_PRODUCTS_DIR; };
		66E542D25A80602A1B473D70 /* _____debug_application.xcconfig */ = {isa = PBXFileReference; lastKnownFileType = text.xcconfig; path = "_____debug_application.xcconfig"; sourceTree = "<group>"; };
		152B33021877C43904BEE244 /* _____release_application.xcconfig */ = {isa = PBXFileReference; lastKnownFileType = text.xcconfig; path = "_____release_application.xcconfig"; sourceTree = "<group>"; };
		5E82EDC41EF894BEE088EE03 /* apex_macos.xcodeproj */ = {isa = PBXFileReference; lastKnownFileType = "wrapper.pb-project"; name = apex_macos.xcodeproj; path = "../../../operating_system/operating_system-macos/apex_macos/apex_macos.xcodeproj"; sourceTree = SOURCE_ROOT; };
		FD4032C5EFD3BBD1090C61FC /* aqua.xcodeproj */ = {isa = PBXFileReference; lastKnownFileType = "wrapper.pb-project"; name = aqua.xcodeproj; path = ../../app/aqua/aqua.xcodeproj; sourceTree = SOURCE_ROOT; };
		0F3A702970C2394BA95D2FDC /* crypto_openssl.xcodeproj */ = {isa = PBXFileReference; lastKnownFileType = "wrapper.pb-project"; name = crypto_openssl.xcodeproj; path = ../../app/crypto_openssl/crypto_openssl.xcodeproj; sourceTree = SOURCE_ROOT; };
		3B9F8000B408AF4F6F53F68A /* application.cpp */ = {isa = PBXFileReference; fileEncoding = 4; lastKnownFileType = sourcecode.cpp.cpp; path = application.cpp; sourceTree = "<group>"; };
		ABBB7BABEC6D9E23C8FDF033 /* libssl.dylib */ = {isa = PBXFileReference; lastKnownFileType = "compiled.mach-o.dylib"; name = libssl.dylib; path = "../../../../operating_system/storage-macos/Debug/library/libssl.dylib"; sourceTree = "<group>"; };
		9AADD6EA6799F952DCD245B9 /* libcrypto.dylib */ = {isa = PBXFileReference; lastKnownFileType = "compiled.mach-o.dylib"; name = libcrypto.dylib; path = "../../../../operating_system/storage-macos/Debug/library/libcrypto.dylib"; sourceTree = "<group>"; };
/* End PBXFileReference section */

/* Begin PBXFrameworksBuildPhase section */
		D9C63F2A7394D5EA33267732 /* Frameworks */ = {
			isa = PBXFrameworksBuildPhase;
			buildActionMask = 2147483647;
			files = (
				AAF67E6F0C289B2E8EBB7272 /* libaqua.dylib in Frameworks */,
				523240C956D2DA377273213C /* libapex.dylib in Frameworks */,
				B36E9F58E0249CF8C31BCD90 /* libacme.dylib in Frameworks */,
				DD1D4E69B71A920661B66041 /* libarchive.dylib in Frameworks */,
			);
			runOnlyForDeploymentPostprocessing = 0;
		};
/* End PBXFrameworksBuildPhase section */

/* Begin PBXGroup section */
		87CEC3AE5999BAC1A0509CD1 /* Products */ = {
			isa = PBXGroup;
			children = (
				A07CAE6C3C104AFD9BA65237 /* libfolder_zip.dylib */,
				7CE4480E548F1C057CB06E85 /* libios_folder_zip.a */,
				14B3676E7FF361602F5858F4 /* libstatic_folder_zip.a */,
			);
			name = Products;
			sourceTree = "<group>";
		};
		49C7CBB526779D17532E8461 = {
			isa = PBXGroup;
			children = (
				5E82EDC41EF894BEE088EE03 /* apex_macos.xcodeproj */,
				FD4032C5EFD3BBD1090C61FC /* aqua.xcodeproj */,
				0F3A702970C2394BA95D2FDC /* crypto_openssl.xcodeproj */,
				7EFF875864482E7AE21722F5 /* folder_zip.xcodeproj */,
				6EC523292449A2DDC4BBD8BC /* readlines */,
				7973E003A3084D2893525D67 /* Products */,
				0EB9965B2A9BC1B562558C37 /* Frameworks */,
			);
			sourceTree = "<group>";
		};
		7973E003A3084D2893525D67 /* Products */ = {
			isa = PBXGroup;
			children = (
				D3D2B726DD664A3B9519D92E /* readlines */,
			);
			name = Products;
			sourceTree = "<group>";
		};
		A9A9BC9348CE6F83AD1936FD /* Products */ = {
			isa = PBXGroup;
			children = (
				47C59A407AF7A419BBEB0DD0 /* libapex_macos.dylib */,
				B385F4CEDE83FE01A09262D4 /* libstatic_apex_macos.a */,
			);
			name = Products;
			sourceTree = "<group>";
		};
		3D8D383C9745A6276E0F88B6 /* Products */ = {
			isa = PBXGroup;
			children = (
				79185B5BD67C3EFA74FD4BD1 /* libaqua.dylib */,
				0BD605F2BAE4CA1FCC31F5A3 /* libios_aqua.a */,
				E3363E7D00A0D9498354DB77 /* libstatic_aqua.a */,
			);
			name = Products;
			sourceTree = "<group>";
		};
		0EB9965B2A9BC1B562558C37 /* Frameworks */ = {
			isa = PBXGroup;
			children = (
				6FE82E5433B73B1909B160BA /* libarchive.dylib */,
				9AADD6EA6799F952DCD245B9 /* libcrypto.dylib */,
				ABBB7BABEC6D9E23C8FDF033 /* libssl.dylib */,
				A95653898C5D900A4A9C9BF9 /* libapex.dylib */,
				30553CE64326BCAD2CEB48F1 /* libacme.dylib */,
			);
			path = Frameworks;
			sourceTree = "<group>";
		};
		9E1BA25986AEB096DDCAFDF7 /* Products */ = {
			isa = PBXGroup;
			children = (
				75E82C8003092CD8ED543184 /* libcrypto_openssl.dylib */,
				E0FC2382D29BE0A75DA0F449 /* libios_crypto_openssl.a */,
				C885BB466E472D7B0685D7CA /* libstatic_crypto_openssl.dylib */,
			);
			name = Products;
			sourceTree = "<group>";
		};
		6EC523292449A2DDC4BBD8BC /* readlines */ = {
			isa = PBXGroup;
			children = (
				66E542D25A80602A1B473D70 /* _____debug_application.xcconfig */,
				152B33021877C43904BEE244 /* _____release_application.xcconfig */,
				BF4C18AD0A1B9D02F2B226A7 /* _____debug.xcconfig */,
				58139003D76CABACE99CD953 /* _____release.xcconfig */,
				3B9F8000B408AF4F6F53F68A /* application.cpp */,
			);
			name = readlines;
			sourceTree = "<group>";
		};
/* End PBXGroup section */

/* Begin PBXNativeTarget section */
		081392609DCA4D79CD3938BF /* readlines */ = {
			isa = PBXNativeTarget;
			buildConfigurationList = 0FA592A44DFC521A53A520F8 /* Build configuration list for PBXNativeTarget "readlines" */;
			buildPhases = (
				970A547074594D662020E079 /* Sources */,
				D9C63F2A7394D5EA33267732 /* Frameworks */,
				D225351E08B8976C15B78705 /* Embed Libraries */,
				461D24C9D2C3CC63D7E184D4 /* Embed Libraries */,
			);
			buildRules = (
			);
			dependencies = (
				8E4603B2DE9DE9D3D0011148 /* PBXTargetDependency */,
				4DB076B1B406B694A1377F9C /* PBXTargetDependency */,
				613700DC41522CFDB0891036 /* PBXTargetDependency */,
				39C7F847F0969668C222E4D4 /* PBXTargetDependency */,
			);
			name = readlines;
			productName = readlines;
			productReference = D3D2B726DD664A3B9519D92E /* readlines */;
			productType = "com.apple.product-type.tool";
		};
/* End PBXNativeTarget section */

/* Begin PBXProject section */
		4B5B9C73D0FEABD9D346429C /* Project object */ = {
			isa = PBXProject;
			attributes = {
				BuildIndependentTargetsInParallel = YES;
				LastUpgradeCheck = 1540;
				ORGANIZATIONNAME = "Camilo Sasuke Tsumanuma";
				TargetAttributes = {
					081392609DCA4D79CD3938BF = {
						CreatedOnToolsVersion = 11.6;
					};
				};
			};
			buildConfigurationList = 7E983526E866AE0CA9222940 /* Build configuration list for PBXProject "readlines" */;
			compatibilityVersion = "Xcode 12.0";
			developmentRegion = en;
			hasScannedForEncodings = 0;
			knownRegions = (
				en,
				Base,
			);
			mainGroup = 49C7CBB526779D17532E8461;
			productRefGroup = 7973E003A3084D2893525D67 /* Products */;
			projectDirPath = "";
			projectReferences = (
				{
					ProductGroup = A9A9BC9348CE6F83AD1936FD /* Products */;
					ProjectRef = 5E82EDC41EF894BEE088EE03 /* apex_macos.xcodeproj */;
				},
				{
					ProductGroup = 3D8D383C9745A6276E0F88B6 /* Products */;
					ProjectRef = FD4032C5EFD3BBD1090C61FC /* aqua.xcodeproj */;
				},
				{
					ProductGroup = 9E1BA25986AEB096DDCAFDF7 /* Products */;
					ProjectRef = 0F3A702970C2394BA95D2FDC /* crypto_openssl.xcodeproj */;
				},
				{
					ProductGroup = 87CEC3AE5999BAC1A0509CD1 /* Products */;
					ProjectRef = 7EFF875864482E7AE21722F5 /* folder_zip.xcodeproj */;
				},
			);
			projectRoot = "";
			targets = (
				081392609DCA4D79CD3938BF /* readlines */,
			);
		};
/* End PBXProject section */

/* Begin PBXReferenceProxy section */
		14B3676E7FF361602F5858F4 /* libstatic_folder_zip.a */ = {
			isa = PBXReferenceProxy;
			fileType = "compiled.mach-o.dylib";
			path = libstatic_folder_zip.a;
			remoteRef = C3D1DD001949421ABCDA6E4F /* PBXContainerItemProxy */;
			sourceTree = BUILT_PRODUCTS_DIR;
		};
		A07CAE6C3C104AFD9BA65237 /* libfolder_zip.dylib */ = {
			isa = PBXReferenceProxy;
			fileType = "compiled.mach-o.dylib";
			path = libfolder_zip.dylib;
			remoteRef = 98CE6CB35E2ACB1CBBB96226 /* PBXContainerItemProxy */;
			sourceTree = BUILT_PRODUCTS_DIR;
		};
		0BD605F2BAE4CA1FCC31F5A3 /* libios_aqua.a */ = {
			isa = PBXReferenceProxy;
			fileType = "compiled.mach-o.dylib";
			path = libios_aqua.a;
			remoteRef = 350A402AA4C0026AC949E5FD /* PBXContainerItemProxy */;
			sourceTree = BUILT_PRODUCTS_DIR;
		};
		E0FC2382D29BE0A75DA0F449 /* libios_crypto_openssl.a */ = {
			isa = PBXReferenceProxy;
			fileType = "compiled.mach-o.dylib";
			path = libios_crypto_openssl.a;
			remoteRef = D783EE8ED9C7E6F2AD4CE4A7 /* PBXContainerItemProxy */;
			sourceTree = BUILT_PRODUCTS_DIR;
		};
		7CE4480E548F1C057CB06E85 /* libios_folder_zip.a */ = {
			isa = PBXReferenceProxy;
			fileType = "compiled.mach-o.dylib";
			path = libios_folder_zip.a;
			remoteRef = BBD17940AE3DD1BD765089C1 /* PBXContainerItemProxy */;
			sourceTree = BUILT_PRODUCTS_DIR;
		};
		B385F4CEDE83FE01A09262D4 /* libstatic_apex_macos.a */ = {
			isa = PBXReferenceProxy;
			fileType = "compiled.mach-o.dylib";
			path = libstatic_apex_macos.a;
			remoteRef = 19B4AEF575C0A5ED5816DFBF /* PBXContainerItemProxy */;
			sourceTree = BUILT_PRODUCTS_DIR;
		};
		E3363E7D00A0D9498354DB77 /* libstatic_aqua.a */ = {
			isa = PBXReferenceProxy;
			fileType = "compiled.mach-o.dylib";
			path = libstatic_aqua.a;
			remoteRef = 30C277441F1E9FF8D3819C99 /* PBXContainerItemProxy */;
			sourceTree = BUILT_PRODUCTS_DIR;
		};
		C885BB466E472D7B0685D7CA /* libstatic_crypto_openssl.dylib */ = {
			isa = PBXReferenceProxy;
			fileType = "compiled.mach-o.dylib";
			path = libstatic_crypto_openssl.dylib;
			remoteRef = 3309348E3158F44D95BE9C0D /* PBXContainerItemProxy */;
			sourceTree = BUILT_PRODUCTS_DIR;
		};
		47C59A407AF7A419BBEB0DD0 /* libapex_macos.dylib */ = {
			isa = PBXReferenceProxy;
			fileType = "compiled.mach-o.dylib";
			path = libapex_macos.dylib;
			remoteRef = 6917B0EDB79C7A320389276D /* PBXContainerItemProxy */;
			sourceTree = BUILT_PRODUCTS_DIR;
		};
		79185B5BD67C3EFA74FD4BD1 /* libaqua.dylib */ = {
			isa = PBXReferenceProxy;
			fileType = "compiled.mach-o.dylib";
			path = libaqua.dylib;
			remoteRef = 0ACAF212A96F23442F8258E8 /* PBXContainerItemProxy */;
			sourceTree = BUILT_PRODUCTS_DIR;
		};
		75E82C8003092CD8ED543184 /* libcrypto_openssl.dylib */ = {
			isa = PBXReferenceProxy;
			fileType = "compiled.mach-o.dylib";
			path = libcrypto_openssl.dylib;
			remoteRef = 4B9158ED6076412D0A087F23 /* PBXContainerItemProxy */;
			sourceTree = BUILT_PRODUCTS_DIR;
		};
/* End PBXReferenceProxy section */

/* Begin PBXSourcesBuildPhase section */
		970A547074594D662020E079 /* Sources */ = {
			isa = PBXSourcesBuildPhase;
			buildActionMask = 2147483647;
			files = (
				C4BB25997C9FF02B8E50636B /* application.cpp in Sources */,
			);
			runOnlyForDeploymentPostprocessing = 0;
		};
/* End PBXSourcesBuildPhase section */

/* Begin PBXTargetDependency section */
		4DB076B1B406B694A1377F9C /* PBXTargetDependency */ = {
			isa = PBXTargetDependency;
			name = apex_macos;
			targetProxy = 4C3DD2A3B6DFE303D9B92F09 /* PBXContainerItemProxy */;
		};
		613700DC41522CFDB0891036 /* PBXTargetDependency */ = {
			isa = PBXTargetDependency;
			name = aqua;
			targetProxy = 2009F1B9DCAE6C98E2E78D0C /* PBXContainerItemProxy */;
		};
		39C7F847F0969668C222E4D4 /* PBXTargetDependency */ = {
			isa = PBXTargetDependency;
			name = crypto_openssl;
			targetProxy = 65A37138171FFABCFD4CCDFA /* PBXContainerItemProxy */;
		};
		8E4603B2DE9DE9D3D0011148 /* PBXTargetDependency */ = {
			isa = PBXTargetDependency;
			name = folder_zip;
			targetProxy = 6F74C8F61D3233F270083C9E /* PBXContainerItemProxy */;
		};
/* End PBXTargetDependency section */

/* Begin XCBuildConfiguration section */
		BC650E4D5A4C54A142377B6B /* Debug */ = {
			isa = XCBuildConfiguration;
			baseConfigurationReference = BF4C18AD0A1B9D02F2B226A7 /* _____debug.xcconfig */;
			buildSettings = {
				ALWAYS_SEARCH_USER_PATHS = NO;
				ASSETCATALOG_COMPILER_GENERATE_SWIFT_ASSET_SYMBOL_EXTENSIONS = YES;
				BUILD_LIBRARY_FOR_DISTRIBUTION = YES;
				CLANG_ANALYZER_DEADCODE_DEADSTORES = YES;
				CLANG_ANALYZER_GCD = YES;
				CLANG_ANALYZER_LOCALIZABILITY_NONLOCALIZED = YES;
				CLANG_ANALYZER_MEMORY_MANAGEMENT = YES;
				CLANG_ANALYZER_NONNULL = YES;
				CLANG_ANALYZER_NUMBER_OBJECT_CONVERSION = YES_AGGRESSIVE;
				CLANG_CXX_LANGUAGE_STANDARD = "c++14";
				CLANG_CXX_LIBRARY = "libc++";
				CLANG_ENABLE_OBJC_ARC = YES;
				CLANG_ENABLE_OBJC_WEAK = YES;
				CLANG_STATIC_ANALYZER_MODE = deep;
				CLANG_STATIC_ANALYZER_MODE_ON_ANALYZE_ACTION = deep;
				CLANG_WARN_BLOCK_CAPTURE_AUTORELEASING = YES;
				CLANG_WARN_BOOL_CONVERSION = NO;
				CLANG_WARN_COMMA = YES;
				CLANG_WARN_CONSTANT_CONVERSION = NO;
				CLANG_WARN_DEPRECATED_OBJC_IMPLEMENTATIONS = YES;
				CLANG_WARN_DIRECT_OBJC_ISA_USAGE = YES;
				CLANG_WARN_DOCUMENTATION_COMMENTS = YES;
				CLANG_WARN_EMPTY_BODY = NO;
				CLANG_WARN_ENUM_CONVERSION = NO;
				CLANG_WARN_INFINITE_RECURSION = YES;
				CLANG_WARN_INT_CONVERSION = NO;
				CLANG_WARN_NON_LITERAL_NULL_CONVERSION = YES;
				CLANG_WARN_OBJC_IMPLICIT_RETAIN_SELF = YES;
				CLANG_WARN_OBJC_LITERAL_CONVERSION = YES;
				CLANG_WARN_OBJC_ROOT_CLASS = YES_ERROR;
				CLANG_WARN_PRAGMA_PACK = NO;
				CLANG_WARN_QUOTED_INCLUDE_IN_FRAMEWORK_HEADER = YES;
				CLANG_WARN_RANGE_LOOP_ANALYSIS = YES;
				CLANG_WARN_STRICT_PROTOTYPES = YES;
				CLANG_WARN_SUSPICIOUS_MOVE = YES;
				CLANG_WARN_UNGUARDED_AVAILABILITY = YES_AGGRESSIVE;
				CLANG_WARN_UNREACHABLE_CODE = YES;
				CLANG_WARN__DUPLICATE_METHOD_MATCH = NO;
				FRAMEWORK_SEARCH_PATHS = (
					"$(inherited)",
					"$(DEVELOPER_FRAMEWORKS_DIR)",
					"$(WorkspaceDir)/../operating_system/storage-$(PLATFORM_MODIFIER)/$(CONFIGURATION)/framework",
				);
				CODE_SIGN_IDENTITY = "";
				COPY_PHASE_STRIP = NO;
				DEBUG_INFORMATION_FORMAT = "dwarf-with-dsym";
				DEPLOYMENT_POSTPROCESSING = YES;
				ENABLE_STRICT_OBJC_MSGSEND = YES;
				ENABLE_TESTABILITY = YES;
				ENABLE_USER_SCRIPT_SANDBOXING = YES;
				GCC_C_LANGUAGE_STANDARD = c11;
				GCC_DYNAMIC_NO_PIC = NO;
				GCC_INCREASE_PRECOMPILED_HEADER_SHARING = NO;
				GCC_NO_COMMON_BLOCKS = YES;
				GCC_OPTIMIZATION_LEVEL = 0;
				GCC_PREPROCESSOR_DEFINITIONS = _DEBUG;
				GCC_SYMBOLS_PRIVATE_EXTERN = NO;
				GCC_VERSION = "";
				GCC_WARN_64_TO_32_BIT_CONVERSION = NO;
				"GCC_WARN_64_TO_32_BIT_CONVERSION[arch=*64]" = YES;
				GCC_WARN_ABOUT_DEPRECATED_FUNCTIONS = NO;
				GCC_WARN_ABOUT_POINTER_SIGNEDNESS = YES;
				GCC_WARN_ABOUT_RETURN_TYPE = NO;
				GCC_WARN_UNDECLARED_SELECTOR = NO;
				GCC_WARN_UNINITIALIZED_AUTOS = NO;
				GCC_WARN_UNUSED_FUNCTION = NO;
				GCC_WARN_UNUSED_VARIABLE = NO;
				HEADER_SEARCH_PATHS = "";
				LD_RUNPATH_SEARCH_PATHS = "@executable_path @loader_path";
				LIBRARY_SEARCH_PATHS = (
					"$(inherited)",
					"$(WorkspaceDir)/operating_system",
					"$(WorkspaceDir)/../operating_system/storage-$(PLATFORM_MODIFIER)/$(CONFIGURATION)/library",
				);
				MTL_ENABLE_DEBUG_INFO = INCLUDE_SOURCE;
				MTL_FAST_MATH = YES;
				ONLY_ACTIVE_ARCH = YES;
				OTHER_LDFLAGS = "-all_load";
				PLATFORM_MODIFIER = macos;
				PRODUCT_NAME = "$(TARGET_NAME)";
				RUN_CLANG_STATIC_ANALYZER = NO;
				SDKROOT = macosx;
				STRINGS_FILE_OUTPUT_ENCODING = "UTF-8";
				SYSTEM_HEADER_SEARCH_PATHS = (
					"$(WorkspaceDir)/operating_system/operating_system-$(PLATFORM_MODIFIER)/include",
					"$(WorkspaceDir)/operating_system/operating_system-$(PLATFORM_MODIFIER)/configuration",
					"$(WorkspaceDir)/port/include",
					"$(WorkspaceDir)/source/app/include",
				);
				USER_HEADER_SEARCH_PATHS = (
					.,
					"$(WorkspaceDir)/source",
					"$(WorkspaceDir)/source/app",
					"$(WorkspaceDir)/source/app/_include",
					"$(WorkspaceDir)/operating_system",
					"$(WorkspaceDir)/operating_system/operating_system-$(PLATFORM_MODIFIER)",
					"$(WorkspaceDir)/operating_system/operating_system-$(PLATFORM_MODIFIER)/configuration_selection/$(CONFIGURATION)",
					"$(WorkspaceDir)/port/_",
					"$(PROJECT_DIR)",
					"$(PROJECT_DIR)/..",
					"$(PROJECT_DIR)/../..",
					"$(HOME)/sensitive/sensitive/include",
				);
				USE_HEADERMAP = NO;
				WARNING_CFLAGS = "";
				WorkspaceDir = "$(SRCROOT)/../../..";
			};
			name = Debug;
		};
		28CB1872B609BDBF3D308AF1 /* Release */ = {
			isa = XCBuildConfiguration;
			baseConfigurationReference = 58139003D76CABACE99CD953 /* _____release.xcconfig */;
			buildSettings = {
				ALWAYS_SEARCH_USER_PATHS = NO;
				ASSETCATALOG_COMPILER_GENERATE_SWIFT_ASSET_SYMBOL_EXTENSIONS = YES;
				BUILD_LIBRARY_FOR_DISTRIBUTION = YES;
				CLANG_ANALYZER_DEADCODE_DEADSTORES = YES;
				CLANG_ANALYZER_GCD = YES;
				CLANG_ANALYZER_LOCALIZABILITY_NONLOCALIZED = YES;
				CLANG_ANALYZER_MEMORY_MANAGEMENT = YES;
				CLANG_ANALYZER_NONNULL = YES;
				CLANG_ANALYZER_NUMBER_OBJECT_CONVERSION = YES_AGGRESSIVE;
				CLANG_CXX_LANGUAGE_STANDARD = "c++14";
				CLANG_CXX_LIBRARY = "libc++";
				CLANG_ENABLE_OBJC_ARC = YES;
				CLANG_ENABLE_OBJC_WEAK = YES;
				CLANG_STATIC_ANALYZER_MODE = deep;
				CLANG_STATIC_ANALYZER_MODE_ON_ANALYZE_ACTION = deep;
				CLANG_WARN_BLOCK_CAPTURE_AUTORELEASING = YES;
				CLANG_WARN_BOOL_CONVERSION = NO;
				CLANG_WARN_COMMA = YES;
				CLANG_WARN_CONSTANT_CONVERSION = NO;
				CLANG_WARN_DEPRECATED_OBJC_IMPLEMENTATIONS = YES;
				CLANG_WARN_DIRECT_OBJC_ISA_USAGE = YES;
				CLANG_WARN_DOCUMENTATION_COMMENTS = YES;
				CLANG_WARN_EMPTY_BODY = NO;
				CLANG_WARN_ENUM_CONVERSION = NO;
				CLANG_WARN_INFINITE_RECURSION = YES;
				CLANG_WARN_INT_CONVERSION = NO;
				CLANG_WARN_NON_LITERAL_NULL_CONVERSION = YES;
				CLANG_WARN_OBJC_IMPLICIT_RETAIN_SELF = YES;
				CLANG_WARN_OBJC_LITERAL_CONVERSION = YES;
				CLANG_WARN_OBJC_ROOT_CLASS = YES_ERROR;
				CLANG_WARN_PRAGMA_PACK = NO;
				CLANG_WARN_QUOTED_INCLUDE_IN_FRAMEWORK_HEADER = YES;
				CLANG_WARN_RANGE_LOOP_ANALYSIS = YES;
				CLANG_WARN_STRICT_PROTOTYPES = YES;
				CLANG_WARN_SUSPICIOUS_MOVE = YES;
				CLANG_WARN_UNGUARDED_AVAILABILITY = YES_AGGRESSIVE;
				CLANG_WARN_UNREACHABLE_CODE = YES;
				CLANG_WARN__DUPLICATE_METHOD_MATCH = NO;
				FRAMEWORK_SEARCH_PATHS = (
					"$(inherited)",
					"$(DEVELOPER_FRAMEWORKS_DIR)",
					"$(WorkspaceDir)/../operating_system/storage-$(PLATFORM_MODIFIER)/$(CONFIGURATION)/framework",
				);
				CODE_SIGN_IDENTITY = "";
				DEBUG_INFORMATION_FORMAT = "dwarf-with-dsym";
				DEPLOYMENT_POSTPROCESSING = YES;
				ENABLE_HARDENED_RUNTIME = YES;
				ENABLE_NS_ASSERTIONS = NO;
				ENABLE_STRICT_OBJC_MSGSEND = YES;
				ENABLE_USER_SCRIPT_SANDBOXING = YES;
				GCC_C_LANGUAGE_STANDARD = c11;
				GCC_INCREASE_PRECOMPILED_HEADER_SHARING = NO;
				GCC_NO_COMMON_BLOCKS = YES;
				GCC_PREPROCESSOR_DEFINITIONS = "";
				GCC_VERSION = "";
				GCC_WARN_64_TO_32_BIT_CONVERSION = NO;
				"GCC_WARN_64_TO_32_BIT_CONVERSION[arch=*64]" = YES;
				GCC_WARN_ABOUT_DEPRECATED_FUNCTIONS = NO;
				GCC_WARN_ABOUT_POINTER_SIGNEDNESS = YES;
				GCC_WARN_ABOUT_RETURN_TYPE = NO;
				GCC_WARN_UNDECLARED_SELECTOR = NO;
				GCC_WARN_UNINITIALIZED_AUTOS = NO;
				GCC_WARN_UNUSED_FUNCTION = NO;
				GCC_WARN_UNUSED_VARIABLE = NO;
				HEADER_SEARCH_PATHS = "";
				LD_RUNPATH_SEARCH_PATHS = "@executable_path @loader_path";
				LIBRARY_SEARCH_PATHS = (
					"$(inherited)",
					"$(WorkspaceDir)/operating_system",
					"$(WorkspaceDir)/../operating_system/storage-$(PLATFORM_MODIFIER)/$(CONFIGURATION)/library",
				);
				MTL_ENABLE_DEBUG_INFO = NO;
				MTL_FAST_MATH = YES;
				OTHER_LDFLAGS = "-all_load";
				PLATFORM_MODIFIER = macos;
				PRODUCT_NAME = "$(TARGET_NAME)";
				RUN_CLANG_STATIC_ANALYZER = NO;
				SDKROOT = macosx;
				STRINGS_FILE_OUTPUT_ENCODING = "UTF-8";
				SYSTEM_HEADER_SEARCH_PATHS = (
					"$(WorkspaceDir)/operating_system/operating_system-$(PLATFORM_MODIFIER)/include",
					"$(WorkspaceDir)/operating_system/operating_system-$(PLATFORM_MODIFIER)/configuration",
					"$(WorkspaceDir)/port/include",
					"$(WorkspaceDir)/source/app/include",
				);
				USER_HEADER_SEARCH_PATHS = (
					.,
					"$(WorkspaceDir)/source",
					"$(WorkspaceDir)/source/app",
					"$(WorkspaceDir)/source/app/_include",
					"$(WorkspaceDir)/operating_system",
					"$(WorkspaceDir)/operating_system/operating_system-$(PLATFORM_MODIFIER)",
					"$(WorkspaceDir)/operating_system/operating_system-$(PLATFORM_MODIFIER)/configuration_selection/$(CONFIGURATION)",
					"$(WorkspaceDir)/port/_",
					"$(PROJECT_DIR)",
					"$(PROJECT_DIR)/..",
					"$(PROJECT_DIR)/../..",
					"$(HOME)/sensitive/sensitive/include",
				);
				USE_HEADERMAP = NO;
				VALIDATE_PRODUCT = YES;
				WARNING_CFLAGS = "";
				WorkspaceDir = "$(SRCROOT)/../../..";
			};
			name = Release;
		};
		F584D2BBEF013D50B08A26D5 /* Debug */ = {
			isa = XCBuildConfiguration;
			buildSettings = {
				CLANG_CXX_LANGUAGE_STANDARD = "c++20";
				CODE_SIGN_IDENTITY = "-";
				CODE_SIGN_STYLE = Automatic;
				PRODUCT_NAME = "$(TARGET_NAME)";
			};
			name = Debug;
		};
		26BBEB9EC3D660E8838CF8B1 /* Release */ = {
			isa = XCBuildConfiguration;
			buildSettings = {
				CLANG_CXX_LANGUAGE_STANDARD = "c++20";
				CODE_SIGN_IDENTITY = "-";
				CODE_SIGN_STYLE = Automatic;
				PRODUCT_NAME = "$(TARGET_NAME)";
			};
			name = Release;
		};
/* End XCBuildConfiguration section */

/* Begin XCConfigurationList section */
		7E983526E866AE0CA9222940 /* Build configuration list for PBXProject "readlines" */ = {
			isa = XCConfigurationList;
			buildConfigurations = (
				BC650E4D5A4C54A142377B6B /* Debug */,
				28CB1872B609BDBF3D308AF1 /* Release */,
			);
			defaultConfigurationIsVisible = 0;
			defaultConfigurationName = Release;
		};
		0FA592A44DFC521A53A520F8 /* Build configuration list for PBXNativeTarget "readlines" */ = {
			isa = XCConfigurationList;
			buildConfigurations = (
				F584D2BBEF013D50B08A26D5 /* Debug */,
				26BBEB9EC3D660E8838CF8B1 /* Release */,
			);
			defaultConfigurationIsVisible = 0;
			defaultConfigurationName = Release;
		};
/* End XCConfigurationList section */
	};
	rootObject = 4B5B9C73D0FEABD9D346429C /* Project object */;
}
