// !$*UTF8*$!
{
	archiveVersion = 1;
	classes = {
	};
	objectVersion = 50;
	objects = {

/* Begin PBXBuildFile section */
		9A7ECAB02651819800D5BA45 /* libidn.dylib in Embed Libraries */ = {isa = PBXBuildFile; fileRef = 9A83B8102651612D00B39AB9 /* libidn.dylib */; settings = {ATTRIBUTES = (CodeSignOnCopy, ); }; };
		9A7ECAB72651887D00D5BA45 /* libaqua.dylib in Embed Libraries */ = {isa = PBXBuildFile; fileRef = 9A83B83B2651615100B39AB9 /* libaqua.dylib */; settings = {ATTRIBUTES = (CodeSignOnCopy, ); }; };
		9A7ECAB92651887F00D5BA45 /* libapex.dylib in Embed Libraries */ = {isa = PBXBuildFile; fileRef = 9A83B8252651612E00B39AB9 /* libapex.dylib */; settings = {ATTRIBUTES = (CodeSignOnCopy, ); }; };
		9A7ECABA2651888200D5BA45 /* libacme.dylib in Embed Libraries */ = {isa = PBXBuildFile; fileRef = 9A83B8012651612D00B39AB9 /* libacme.dylib */; settings = {ATTRIBUTES = (CodeSignOnCopy, ); }; };
		9A83B866265161B900B39AB9 /* libaqua.dylib in Frameworks */ = {isa = PBXBuildFile; fileRef = 9A83B83B2651615100B39AB9 /* libaqua.dylib */; };
		9A83B868265161D000B39AB9 /* libacme_apple.dylib in Embed Libraries */ = {isa = PBXBuildFile; fileRef = 9A83B7FA2651612D00B39AB9 /* libacme_apple.dylib */; settings = {ATTRIBUTES = (CodeSignOnCopy, ); }; };
		9A83B86A265161D000B39AB9 /* libacme_macos.dylib in Embed Libraries */ = {isa = PBXBuildFile; fileRef = 9A83B8182651612E00B39AB9 /* libacme_macos.dylib */; settings = {ATTRIBUTES = (CodeSignOnCopy, ); }; };
		9A83B86D265161DB00B39AB9 /* libacme_posix.dylib in Embed Libraries */ = {isa = PBXBuildFile; fileRef = 9A83B8092651612D00B39AB9 /* libacme_posix.dylib */; settings = {ATTRIBUTES = (CodeSignOnCopy, ); }; };
		9A83B86F265161DB00B39AB9 /* libapex_apple.dylib in Embed Libraries */ = {isa = PBXBuildFile; fileRef = 9A83B8332651612E00B39AB9 /* libapex_apple.dylib */; settings = {ATTRIBUTES = (CodeSignOnCopy, ); }; };
		9A83B871265161DB00B39AB9 /* libapex_macos.dylib in Embed Libraries */ = {isa = PBXBuildFile; fileRef = 9A83B82D2651612E00B39AB9 /* libapex_macos.dylib */; settings = {ATTRIBUTES = (CodeSignOnCopy, ); }; };
		9A83B873265161DC00B39AB9 /* libapex_posix.dylib in Embed Libraries */ = {isa = PBXBuildFile; fileRef = 9A83B81E2651612E00B39AB9 /* libapex_posix.dylib */; settings = {ATTRIBUTES = (CodeSignOnCopy, ); }; };
		9A83B89426516E7100B39AB9 /* libacme.dylib in Frameworks */ = {isa = PBXBuildFile; fileRef = 9A83B8012651612D00B39AB9 /* libacme.dylib */; };
		9A83B89526516E7100B39AB9 /* libapex.dylib in Frameworks */ = {isa = PBXBuildFile; fileRef = 9A83B8252651612E00B39AB9 /* libapex.dylib */; };
		9AD19ACF2512D2FA00B4C44A /* main.cpp in Sources */ = {isa = PBXBuildFile; fileRef = 9AD19ACD2512D2FA00B4C44A /* main.cpp */; };
/* End PBXBuildFile section */

/* Begin PBXContainerItemProxy section */
		9A83B7F92651612D00B39AB9 /* PBXContainerItemProxy */ = {
			isa = PBXContainerItemProxy;
			containerPortal = 9A83B7F52651612D00B39AB9 /* acme_apple.xcodeproj */;
			proxyType = 2;
			remoteGlobalIDString = 9A15A582264B536C0080670E;
			remoteInfo = acme_apple;
		};
		9A83B8002651612D00B39AB9 /* PBXContainerItemProxy */ = {
			isa = PBXContainerItemProxy;
			containerPortal = 9A83B7FB2651612D00B39AB9 /* acme.xcodeproj */;
			proxyType = 2;
			remoteGlobalIDString = 9A68A41425114352008DABD2;
			remoteInfo = acme;
		};
		9A83B8022651612D00B39AB9 /* PBXContainerItemProxy */ = {
			isa = PBXContainerItemProxy;
			containerPortal = 9A83B7FB2651612D00B39AB9 /* acme.xcodeproj */;
			proxyType = 2;
			remoteGlobalIDString = 9AD692B6251A753A00C0EBD7;
			remoteInfo = ios_acme;
		};
		9A83B8082651612D00B39AB9 /* PBXContainerItemProxy */ = {
			isa = PBXContainerItemProxy;
			containerPortal = 9A83B8042651612D00B39AB9 /* acme_posix.xcodeproj */;
			proxyType = 2;
			remoteGlobalIDString = 9A0C1638264A281D00B5CC33;
			remoteInfo = acme_posix;
		};
		9A83B80F2651612D00B39AB9 /* PBXContainerItemProxy */ = {
			isa = PBXContainerItemProxy;
			containerPortal = 9A83B80A2651612D00B39AB9 /* idn.xcodeproj */;
			proxyType = 2;
			remoteGlobalIDString = 9AA5E6D616F7C61B005C45CE;
			remoteInfo = idn;
		};
		9A83B8112651612D00B39AB9 /* PBXContainerItemProxy */ = {
			isa = PBXContainerItemProxy;
			containerPortal = 9A83B80A2651612D00B39AB9 /* idn.xcodeproj */;
			proxyType = 2;
			remoteGlobalIDString = 077A00AB1B4D4F9E001C85FF;
			remoteInfo = ios_idn;
		};
		9A83B8172651612E00B39AB9 /* PBXContainerItemProxy */ = {
			isa = PBXContainerItemProxy;
			containerPortal = 9A83B8132651612E00B39AB9 /* acme_macos.xcodeproj */;
			proxyType = 2;
			remoteGlobalIDString = 9A0C165F264A290E00B5CC33;
			remoteInfo = acme_macos;
		};
		9A83B81D2651612E00B39AB9 /* PBXContainerItemProxy */ = {
			isa = PBXContainerItemProxy;
			containerPortal = 9A83B8192651612E00B39AB9 /* apex_posix.xcodeproj */;
			proxyType = 2;
			remoteGlobalIDString = 9A0C1680264A29B800B5CC33;
			remoteInfo = apex_posix;
		};
		9A83B8242651612E00B39AB9 /* PBXContainerItemProxy */ = {
			isa = PBXContainerItemProxy;
			containerPortal = 9A83B81F2651612E00B39AB9 /* apex.xcodeproj */;
			proxyType = 2;
			remoteGlobalIDString = 9A68A446251143F8008DABD2;
			remoteInfo = apex;
		};
		9A83B8262651612E00B39AB9 /* PBXContainerItemProxy */ = {
			isa = PBXContainerItemProxy;
			containerPortal = 9A83B81F2651612E00B39AB9 /* apex.xcodeproj */;
			proxyType = 2;
			remoteGlobalIDString = 9AD695C2251A754800C0EBD7;
			remoteInfo = ios_apex;
		};
		9A83B82C2651612E00B39AB9 /* PBXContainerItemProxy */ = {
			isa = PBXContainerItemProxy;
			containerPortal = 9A83B8282651612E00B39AB9 /* apex_macos.xcodeproj */;
			proxyType = 2;
			remoteGlobalIDString = 9A0C1695264A2AA700B5CC33;
			remoteInfo = apex_macos;
		};
		9A83B8322651612E00B39AB9 /* PBXContainerItemProxy */ = {
			isa = PBXContainerItemProxy;
			containerPortal = 9A83B82E2651612E00B39AB9 /* apex_apple.xcodeproj */;
			proxyType = 2;
			remoteGlobalIDString = 9A15A597264B53DC0080670E;
			remoteInfo = apex_apple;
		};
		9A83B83A2651615100B39AB9 /* PBXContainerItemProxy */ = {
			isa = PBXContainerItemProxy;
			containerPortal = 9A83B8342651615100B39AB9 /* aqua.xcodeproj */;
			proxyType = 2;
			remoteGlobalIDString = 9A2818FE25242488009FA9CB;
			remoteInfo = aqua;
		};
		9A83B83C2651617200B39AB9 /* PBXContainerItemProxy */ = {
			isa = PBXContainerItemProxy;
			containerPortal = 9A83B80A2651612D00B39AB9 /* idn.xcodeproj */;
			proxyType = 1;
			remoteGlobalIDString = 9AA5E4C216F7C61B005C45CE;
			remoteInfo = idn;
		};
		9A83B83E2651617200B39AB9 /* PBXContainerItemProxy */ = {
			isa = PBXContainerItemProxy;
			containerPortal = 9A83B7FB2651612D00B39AB9 /* acme.xcodeproj */;
			proxyType = 1;
			remoteGlobalIDString = 9A68A41325114352008DABD2;
			remoteInfo = acme;
		};
		9A83B8402651617200B39AB9 /* PBXContainerItemProxy */ = {
			isa = PBXContainerItemProxy;
			containerPortal = 9A83B8042651612D00B39AB9 /* acme_posix.xcodeproj */;
			proxyType = 1;
			remoteGlobalIDString = 9A0C1637264A281D00B5CC33;
			remoteInfo = acme_posix;
		};
		9A83B8422651617200B39AB9 /* PBXContainerItemProxy */ = {
			isa = PBXContainerItemProxy;
			containerPortal = 9A83B7F52651612D00B39AB9 /* acme_apple.xcodeproj */;
			proxyType = 1;
			remoteGlobalIDString = 9A15A581264B536C0080670E;
			remoteInfo = acme_apple;
		};
		9A83B8442651617200B39AB9 /* PBXContainerItemProxy */ = {
			isa = PBXContainerItemProxy;
			containerPortal = 9A83B8132651612E00B39AB9 /* acme_macos.xcodeproj */;
			proxyType = 1;
			remoteGlobalIDString = 9A0C165E264A290E00B5CC33;
			remoteInfo = acme_macos;
		};
		9A83B8462651617200B39AB9 /* PBXContainerItemProxy */ = {
			isa = PBXContainerItemProxy;
			containerPortal = 9A83B81F2651612E00B39AB9 /* apex.xcodeproj */;
			proxyType = 1;
			remoteGlobalIDString = 9A68A445251143F8008DABD2;
			remoteInfo = apex;
		};
		9A83B8482651617200B39AB9 /* PBXContainerItemProxy */ = {
			isa = PBXContainerItemProxy;
			containerPortal = 9A83B8192651612E00B39AB9 /* apex_posix.xcodeproj */;
			proxyType = 1;
			remoteGlobalIDString = 9A0C167F264A29B800B5CC33;
			remoteInfo = apex_posix;
		};
		9A83B84A2651617200B39AB9 /* PBXContainerItemProxy */ = {
			isa = PBXContainerItemProxy;
			containerPortal = 9A83B82E2651612E00B39AB9 /* apex_apple.xcodeproj */;
			proxyType = 1;
			remoteGlobalIDString = 9A15A596264B53DC0080670E;
			remoteInfo = apex_apple;
		};
		9A83B84C2651617200B39AB9 /* PBXContainerItemProxy */ = {
			isa = PBXContainerItemProxy;
			containerPortal = 9A83B8282651612E00B39AB9 /* apex_macos.xcodeproj */;
			proxyType = 1;
			remoteGlobalIDString = 9A0C1694264A2AA700B5CC33;
			remoteInfo = apex_macos;
		};
		9A83B84E2651617200B39AB9 /* PBXContainerItemProxy */ = {
			isa = PBXContainerItemProxy;
			containerPortal = 9A83B8342651615100B39AB9 /* aqua.xcodeproj */;
			proxyType = 1;
			remoteGlobalIDString = 9A2818FD25242488009FA9CB;
			remoteInfo = aqua;
		};
/* End PBXContainerItemProxy section */

/* Begin PBXCopyFilesBuildPhase section */
		9A7ECAB82651887D00D5BA45 /* Embed Libraries */ = {
			isa = PBXCopyFilesBuildPhase;
			buildActionMask = 2147483647;
			dstPath = "";
			dstSubfolderSpec = 10;
			files = (
				9A7ECAB92651887F00D5BA45 /* libapex.dylib in Embed Libraries */,
				9A7ECABA2651888200D5BA45 /* libacme.dylib in Embed Libraries */,
				9A7ECAB72651887D00D5BA45 /* libaqua.dylib in Embed Libraries */,
			);
			name = "Embed Libraries";
			runOnlyForDeploymentPostprocessing = 0;
		};
		9A83B86B265161D000B39AB9 /* Embed Libraries */ = {
			isa = PBXCopyFilesBuildPhase;
			buildActionMask = 2147483647;
			dstPath = "";
			dstSubfolderSpec = 6;
			files = (
				9A7ECAB02651819800D5BA45 /* libidn.dylib in Embed Libraries */,
				9A83B86D265161DB00B39AB9 /* libacme_posix.dylib in Embed Libraries */,
				9A83B868265161D000B39AB9 /* libacme_apple.dylib in Embed Libraries */,
				9A83B86A265161D000B39AB9 /* libacme_macos.dylib in Embed Libraries */,
				9A83B873265161DC00B39AB9 /* libapex_posix.dylib in Embed Libraries */,
				9A83B86F265161DB00B39AB9 /* libapex_apple.dylib in Embed Libraries */,
				9A83B871265161DB00B39AB9 /* libapex_macos.dylib in Embed Libraries */,
			);
			name = "Embed Libraries";
			runOnlyForDeploymentPostprocessing = 0;
		};
/* End PBXCopyFilesBuildPhase section */

/* Begin PBXFileReference section */
		9A68A39E25112AFD008DABD2 /* _readlines */ = {isa = PBXFileReference; explicitFileType = "compiled.mach-o.executable"; includeInIndex = 0; path = _readlines; sourceTree = BUILT_PRODUCTS_DIR; };
		9A83B7F52651612D00B39AB9 /* acme_apple.xcodeproj */ = {isa = PBXFileReference; lastKnownFileType = "wrapper.pb-project"; name = acme_apple.xcodeproj; path = "../../../archive/platform-apple/acme_apple/acme_apple.xcodeproj"; sourceTree = "<group>"; };
		9A83B7FB2651612D00B39AB9 /* acme.xcodeproj */ = {isa = PBXFileReference; lastKnownFileType = "wrapper.pb-project"; name = acme.xcodeproj; path = ../../app/acme/acme.xcodeproj; sourceTree = "<group>"; };
		9A83B8042651612D00B39AB9 /* acme_posix.xcodeproj */ = {isa = PBXFileReference; lastKnownFileType = "wrapper.pb-project"; name = acme_posix.xcodeproj; path = "../../../archive/platform-posix/acme_posix/acme_posix.xcodeproj"; sourceTree = "<group>"; };
		9A83B80A2651612D00B39AB9 /* idn.xcodeproj */ = {isa = PBXFileReference; lastKnownFileType = "wrapper.pb-project"; name = idn.xcodeproj; path = ../../third/idn/idn.xcodeproj; sourceTree = "<group>"; };
		9A83B8132651612E00B39AB9 /* acme_macos.xcodeproj */ = {isa = PBXFileReference; lastKnownFileType = "wrapper.pb-project"; name = acme_macos.xcodeproj; path = "../../../archive/platform-macos/acme_macos/acme_macos.xcodeproj"; sourceTree = "<group>"; };
		9A83B8192651612E00B39AB9 /* apex_posix.xcodeproj */ = {isa = PBXFileReference; lastKnownFileType = "wrapper.pb-project"; name = apex_posix.xcodeproj; path = "../../../archive/platform-posix/apex_posix/apex_posix.xcodeproj"; sourceTree = "<group>"; };
		9A83B81F2651612E00B39AB9 /* apex.xcodeproj */ = {isa = PBXFileReference; lastKnownFileType = "wrapper.pb-project"; name = apex.xcodeproj; path = ../../app/apex/apex.xcodeproj; sourceTree = "<group>"; };
		9A83B8282651612E00B39AB9 /* apex_macos.xcodeproj */ = {isa = PBXFileReference; lastKnownFileType = "wrapper.pb-project"; name = apex_macos.xcodeproj; path = "../../../archive/platform-macos/apex_macos/apex_macos.xcodeproj"; sourceTree = "<group>"; };
		9A83B82E2651612E00B39AB9 /* apex_apple.xcodeproj */ = {isa = PBXFileReference; lastKnownFileType = "wrapper.pb-project"; name = apex_apple.xcodeproj; path = "../../../archive/platform-apple/apex_apple/apex_apple.xcodeproj"; sourceTree = "<group>"; };
		9A83B8342651615100B39AB9 /* aqua.xcodeproj */ = {isa = PBXFileReference; lastKnownFileType = "wrapper.pb-project"; name = aqua.xcodeproj; path = ../../app/aqua/aqua.xcodeproj; sourceTree = "<group>"; };
		9AD19ACD2512D2FA00B4C44A /* main.cpp */ = {isa = PBXFileReference; fileEncoding = 4; lastKnownFileType = sourcecode.cpp.cpp; path = main.cpp; sourceTree = "<group>"; };
/* End PBXFileReference section */

/* Begin PBXFrameworksBuildPhase section */
		9A68A39B25112AFD008DABD2 /* Frameworks */ = {
			isa = PBXFrameworksBuildPhase;
			buildActionMask = 2147483647;
			files = (
				9A83B89426516E7100B39AB9 /* libacme.dylib in Frameworks */,
				9A83B89526516E7100B39AB9 /* libapex.dylib in Frameworks */,
				9A83B866265161B900B39AB9 /* libaqua.dylib in Frameworks */,
			);
			runOnlyForDeploymentPostprocessing = 0;
		};
/* End PBXFrameworksBuildPhase section */

/* Begin PBXGroup section */
		9A68A39525112AFD008DABD2 = {
			isa = PBXGroup;
			children = (
				9A83B80A2651612D00B39AB9 /* idn.xcodeproj */,
				9A83B7FB2651612D00B39AB9 /* acme.xcodeproj */,
				9A83B8042651612D00B39AB9 /* acme_posix.xcodeproj */,
				9A83B7F52651612D00B39AB9 /* acme_apple.xcodeproj */,
				9A83B8132651612E00B39AB9 /* acme_macos.xcodeproj */,
				9A83B81F2651612E00B39AB9 /* apex.xcodeproj */,
				9A83B8192651612E00B39AB9 /* apex_posix.xcodeproj */,
				9A83B82E2651612E00B39AB9 /* apex_apple.xcodeproj */,
				9A83B8282651612E00B39AB9 /* apex_macos.xcodeproj */,
				9A83B8342651615100B39AB9 /* aqua.xcodeproj */,
				9AD19AC52512D2FA00B4C44A /* readlines */,
				9A68A39F25112AFD008DABD2 /* Products */,
				9A90EEE02512F6AF0060868A /* Frameworks */,
			);
			sourceTree = "<group>";
		};
		9A68A39F25112AFD008DABD2 /* Products */ = {
			isa = PBXGroup;
			children = (
				9A68A39E25112AFD008DABD2 /* _readlines */,
			);
			name = Products;
			sourceTree = "<group>";
		};
		9A83B7F62651612D00B39AB9 /* Products */ = {
			isa = PBXGroup;
			children = (
				9A83B7FA2651612D00B39AB9 /* libacme_apple.dylib */,
			);
			name = Products;
			sourceTree = "<group>";
		};
		9A83B7FC2651612D00B39AB9 /* Products */ = {
			isa = PBXGroup;
			children = (
				9A83B8012651612D00B39AB9 /* libacme.dylib */,
				9A83B8032651612D00B39AB9 /* libios_acme.a */,
			);
			name = Products;
			sourceTree = "<group>";
		};
		9A83B8052651612D00B39AB9 /* Products */ = {
			isa = PBXGroup;
			children = (
				9A83B8092651612D00B39AB9 /* libacme_posix.dylib */,
			);
			name = Products;
			sourceTree = "<group>";
		};
		9A83B80B2651612D00B39AB9 /* Products */ = {
			isa = PBXGroup;
			children = (
				9A83B8102651612D00B39AB9 /* libidn.dylib */,
				9A83B8122651612D00B39AB9 /* libios_idn.a */,
			);
			name = Products;
			sourceTree = "<group>";
		};
		9A83B8142651612E00B39AB9 /* Products */ = {
			isa = PBXGroup;
			children = (
				9A83B8182651612E00B39AB9 /* libacme_macos.dylib */,
			);
			name = Products;
			sourceTree = "<group>";
		};
		9A83B81A2651612E00B39AB9 /* Products */ = {
			isa = PBXGroup;
			children = (
				9A83B81E2651612E00B39AB9 /* libapex_posix.dylib */,
			);
			name = Products;
			sourceTree = "<group>";
		};
		9A83B8202651612E00B39AB9 /* Products */ = {
			isa = PBXGroup;
			children = (
				9A83B8252651612E00B39AB9 /* libapex.dylib */,
				9A83B8272651612E00B39AB9 /* libios_apex.a */,
			);
			name = Products;
			sourceTree = "<group>";
		};
		9A83B8292651612E00B39AB9 /* Products */ = {
			isa = PBXGroup;
			children = (
				9A83B82D2651612E00B39AB9 /* libapex_macos.dylib */,
			);
			name = Products;
			sourceTree = "<group>";
		};
		9A83B82F2651612E00B39AB9 /* Products */ = {
			isa = PBXGroup;
			children = (
				9A83B8332651612E00B39AB9 /* libapex_apple.dylib */,
			);
			name = Products;
			sourceTree = "<group>";
		};
		9A83B8352651615100B39AB9 /* Products */ = {
			isa = PBXGroup;
			children = (
				9A83B83B2651615100B39AB9 /* libaqua.dylib */,
			);
			name = Products;
			sourceTree = "<group>";
		};
		9A90EEE02512F6AF0060868A /* Frameworks */ = {
			isa = PBXGroup;
			children = (
			);
			path = Frameworks;
			sourceTree = "<group>";
		};
		9AD19AC52512D2FA00B4C44A /* readlines */ = {
			isa = PBXGroup;
			children = (
				9AD19ACD2512D2FA00B4C44A /* main.cpp */,
			);
			name = readlines;
			sourceTree = "<group>";
		};
/* End PBXGroup section */

/* Begin PBXNativeTarget section */
		9A68A39D25112AFD008DABD2 /* _readlines */ = {
			isa = PBXNativeTarget;
			buildConfigurationList = 9A68A3A525112AFD008DABD2 /* Build configuration list for PBXNativeTarget "_readlines" */;
			buildPhases = (
				9A68A39A25112AFD008DABD2 /* Sources */,
				9A68A39B25112AFD008DABD2 /* Frameworks */,
				9A83B86B265161D000B39AB9 /* Embed Libraries */,
				9A7ECAB82651887D00D5BA45 /* Embed Libraries */,
			);
			buildRules = (
			);
			dependencies = (
				9A83B83D2651617200B39AB9 /* PBXTargetDependency */,
				9A83B83F2651617200B39AB9 /* PBXTargetDependency */,
				9A83B8412651617200B39AB9 /* PBXTargetDependency */,
				9A83B8432651617200B39AB9 /* PBXTargetDependency */,
				9A83B8452651617200B39AB9 /* PBXTargetDependency */,
				9A83B8472651617200B39AB9 /* PBXTargetDependency */,
				9A83B8492651617200B39AB9 /* PBXTargetDependency */,
				9A83B84B2651617200B39AB9 /* PBXTargetDependency */,
				9A83B84D2651617200B39AB9 /* PBXTargetDependency */,
				9A83B84F2651617200B39AB9 /* PBXTargetDependency */,
			);
			name = _readlines;
			productName = readlines;
			productReference = 9A68A39E25112AFD008DABD2 /* _readlines */;
			productType = "com.apple.product-type.tool";
		};
/* End PBXNativeTarget section */

/* Begin PBXProject section */
		9A68A39625112AFD008DABD2 /* Project object */ = {
			isa = PBXProject;
			attributes = {
				LastUpgradeCheck = 1250;
				ORGANIZATIONNAME = "Camilo Sasuke Tsumanuma";
				TargetAttributes = {
					9A68A39D25112AFD008DABD2 = {
						CreatedOnToolsVersion = 11.6;
					};
				};
			};
			buildConfigurationList = 9A68A39925112AFD008DABD2 /* Build configuration list for PBXProject "_readlines" */;
			compatibilityVersion = "Xcode 9.3";
			developmentRegion = en;
			hasScannedForEncodings = 0;
			knownRegions = (
				en,
				Base,
			);
			mainGroup = 9A68A39525112AFD008DABD2;
			productRefGroup = 9A68A39F25112AFD008DABD2 /* Products */;
			projectDirPath = "";
			projectReferences = (
				{
					ProductGroup = 9A83B7FC2651612D00B39AB9 /* Products */;
					ProjectRef = 9A83B7FB2651612D00B39AB9 /* acme.xcodeproj */;
				},
				{
					ProductGroup = 9A83B7F62651612D00B39AB9 /* Products */;
					ProjectRef = 9A83B7F52651612D00B39AB9 /* acme_apple.xcodeproj */;
				},
				{
					ProductGroup = 9A83B8142651612E00B39AB9 /* Products */;
					ProjectRef = 9A83B8132651612E00B39AB9 /* acme_macos.xcodeproj */;
				},
				{
					ProductGroup = 9A83B8052651612D00B39AB9 /* Products */;
					ProjectRef = 9A83B8042651612D00B39AB9 /* acme_posix.xcodeproj */;
				},
				{
					ProductGroup = 9A83B8202651612E00B39AB9 /* Products */;
					ProjectRef = 9A83B81F2651612E00B39AB9 /* apex.xcodeproj */;
				},
				{
					ProductGroup = 9A83B82F2651612E00B39AB9 /* Products */;
					ProjectRef = 9A83B82E2651612E00B39AB9 /* apex_apple.xcodeproj */;
				},
				{
					ProductGroup = 9A83B8292651612E00B39AB9 /* Products */;
					ProjectRef = 9A83B8282651612E00B39AB9 /* apex_macos.xcodeproj */;
				},
				{
					ProductGroup = 9A83B81A2651612E00B39AB9 /* Products */;
					ProjectRef = 9A83B8192651612E00B39AB9 /* apex_posix.xcodeproj */;
				},
				{
					ProductGroup = 9A83B8352651615100B39AB9 /* Products */;
					ProjectRef = 9A83B8342651615100B39AB9 /* aqua.xcodeproj */;
				},
				{
					ProductGroup = 9A83B80B2651612D00B39AB9 /* Products */;
					ProjectRef = 9A83B80A2651612D00B39AB9 /* idn.xcodeproj */;
				},
			);
			projectRoot = "";
			targets = (
				9A68A39D25112AFD008DABD2 /* _readlines */,
			);
		};
/* End PBXProject section */

/* Begin PBXReferenceProxy section */
		9A83B7FA2651612D00B39AB9 /* libacme_apple.dylib */ = {
			isa = PBXReferenceProxy;
			fileType = "compiled.mach-o.dylib";
			path = libacme_apple.dylib;
			remoteRef = 9A83B7F92651612D00B39AB9 /* PBXContainerItemProxy */;
			sourceTree = BUILT_PRODUCTS_DIR;
		};
		9A83B8012651612D00B39AB9 /* libacme.dylib */ = {
			isa = PBXReferenceProxy;
			fileType = "compiled.mach-o.dylib";
			path = libacme.dylib;
			remoteRef = 9A83B8002651612D00B39AB9 /* PBXContainerItemProxy */;
			sourceTree = BUILT_PRODUCTS_DIR;
		};
		9A83B8032651612D00B39AB9 /* libios_acme.a */ = {
			isa = PBXReferenceProxy;
			fileType = "compiled.mach-o.dylib";
			path = libios_acme.a;
			remoteRef = 9A83B8022651612D00B39AB9 /* PBXContainerItemProxy */;
			sourceTree = BUILT_PRODUCTS_DIR;
		};
		9A83B8092651612D00B39AB9 /* libacme_posix.dylib */ = {
			isa = PBXReferenceProxy;
			fileType = "compiled.mach-o.dylib";
			path = libacme_posix.dylib;
			remoteRef = 9A83B8082651612D00B39AB9 /* PBXContainerItemProxy */;
			sourceTree = BUILT_PRODUCTS_DIR;
		};
		9A83B8102651612D00B39AB9 /* libidn.dylib */ = {
			isa = PBXReferenceProxy;
			fileType = "compiled.mach-o.dylib";
			path = libidn.dylib;
			remoteRef = 9A83B80F2651612D00B39AB9 /* PBXContainerItemProxy */;
			sourceTree = BUILT_PRODUCTS_DIR;
		};
		9A83B8122651612D00B39AB9 /* libios_idn.a */ = {
			isa = PBXReferenceProxy;
			fileType = "compiled.mach-o.dylib";
			path = libios_idn.a;
			remoteRef = 9A83B8112651612D00B39AB9 /* PBXContainerItemProxy */;
			sourceTree = BUILT_PRODUCTS_DIR;
		};
		9A83B8182651612E00B39AB9 /* libacme_macos.dylib */ = {
			isa = PBXReferenceProxy;
			fileType = "compiled.mach-o.dylib";
			path = libacme_macos.dylib;
			remoteRef = 9A83B8172651612E00B39AB9 /* PBXContainerItemProxy */;
			sourceTree = BUILT_PRODUCTS_DIR;
		};
		9A83B81E2651612E00B39AB9 /* libapex_posix.dylib */ = {
			isa = PBXReferenceProxy;
			fileType = "compiled.mach-o.dylib";
			path = libapex_posix.dylib;
			remoteRef = 9A83B81D2651612E00B39AB9 /* PBXContainerItemProxy */;
			sourceTree = BUILT_PRODUCTS_DIR;
		};
		9A83B8252651612E00B39AB9 /* libapex.dylib */ = {
			isa = PBXReferenceProxy;
			fileType = "compiled.mach-o.dylib";
			path = libapex.dylib;
			remoteRef = 9A83B8242651612E00B39AB9 /* PBXContainerItemProxy */;
			sourceTree = BUILT_PRODUCTS_DIR;
		};
		9A83B8272651612E00B39AB9 /* libios_apex.a */ = {
			isa = PBXReferenceProxy;
			fileType = "compiled.mach-o.dylib";
			path = libios_apex.a;
			remoteRef = 9A83B8262651612E00B39AB9 /* PBXContainerItemProxy */;
			sourceTree = BUILT_PRODUCTS_DIR;
		};
		9A83B82D2651612E00B39AB9 /* libapex_macos.dylib */ = {
			isa = PBXReferenceProxy;
			fileType = "compiled.mach-o.dylib";
			path = libapex_macos.dylib;
			remoteRef = 9A83B82C2651612E00B39AB9 /* PBXContainerItemProxy */;
			sourceTree = BUILT_PRODUCTS_DIR;
		};
		9A83B8332651612E00B39AB9 /* libapex_apple.dylib */ = {
			isa = PBXReferenceProxy;
			fileType = "compiled.mach-o.dylib";
			path = libapex_apple.dylib;
			remoteRef = 9A83B8322651612E00B39AB9 /* PBXContainerItemProxy */;
			sourceTree = BUILT_PRODUCTS_DIR;
		};
		9A83B83B2651615100B39AB9 /* libaqua.dylib */ = {
			isa = PBXReferenceProxy;
			fileType = "compiled.mach-o.dylib";
			path = libaqua.dylib;
			remoteRef = 9A83B83A2651615100B39AB9 /* PBXContainerItemProxy */;
			sourceTree = BUILT_PRODUCTS_DIR;
		};
/* End PBXReferenceProxy section */

/* Begin PBXSourcesBuildPhase section */
		9A68A39A25112AFD008DABD2 /* Sources */ = {
			isa = PBXSourcesBuildPhase;
			buildActionMask = 2147483647;
			files = (
				9AD19ACF2512D2FA00B4C44A /* main.cpp in Sources */,
			);
			runOnlyForDeploymentPostprocessing = 0;
		};
/* End PBXSourcesBuildPhase section */

/* Begin PBXTargetDependency section */
		9A83B83D2651617200B39AB9 /* PBXTargetDependency */ = {
			isa = PBXTargetDependency;
			name = idn;
			targetProxy = 9A83B83C2651617200B39AB9 /* PBXContainerItemProxy */;
		};
		9A83B83F2651617200B39AB9 /* PBXTargetDependency */ = {
			isa = PBXTargetDependency;
			name = acme;
			targetProxy = 9A83B83E2651617200B39AB9 /* PBXContainerItemProxy */;
		};
		9A83B8412651617200B39AB9 /* PBXTargetDependency */ = {
			isa = PBXTargetDependency;
			name = acme_posix;
			targetProxy = 9A83B8402651617200B39AB9 /* PBXContainerItemProxy */;
		};
		9A83B8432651617200B39AB9 /* PBXTargetDependency */ = {
			isa = PBXTargetDependency;
			name = acme_apple;
			targetProxy = 9A83B8422651617200B39AB9 /* PBXContainerItemProxy */;
		};
		9A83B8452651617200B39AB9 /* PBXTargetDependency */ = {
			isa = PBXTargetDependency;
			name = acme_macos;
			targetProxy = 9A83B8442651617200B39AB9 /* PBXContainerItemProxy */;
		};
		9A83B8472651617200B39AB9 /* PBXTargetDependency */ = {
			isa = PBXTargetDependency;
			name = apex;
			targetProxy = 9A83B8462651617200B39AB9 /* PBXContainerItemProxy */;
		};
		9A83B8492651617200B39AB9 /* PBXTargetDependency */ = {
			isa = PBXTargetDependency;
			name = apex_posix;
			targetProxy = 9A83B8482651617200B39AB9 /* PBXContainerItemProxy */;
		};
		9A83B84B2651617200B39AB9 /* PBXTargetDependency */ = {
			isa = PBXTargetDependency;
			name = apex_apple;
			targetProxy = 9A83B84A2651617200B39AB9 /* PBXContainerItemProxy */;
		};
		9A83B84D2651617200B39AB9 /* PBXTargetDependency */ = {
			isa = PBXTargetDependency;
			name = apex_macos;
			targetProxy = 9A83B84C2651617200B39AB9 /* PBXContainerItemProxy */;
		};
		9A83B84F2651617200B39AB9 /* PBXTargetDependency */ = {
			isa = PBXTargetDependency;
			name = aqua;
			targetProxy = 9A83B84E2651617200B39AB9 /* PBXContainerItemProxy */;
		};
/* End PBXTargetDependency section */

/* Begin XCBuildConfiguration section */
		9A68A3A325112AFD008DABD2 /* Debug */ = {
			isa = XCBuildConfiguration;
			buildSettings = {
				ALWAYS_SEARCH_USER_PATHS = NO;
				BUILD_LIBRARY_FOR_DISTRIBUTION = YES;
				CLANG_ANALYZER_DEADCODE_DEADSTORES = YES;
				CLANG_ANALYZER_GCD = YES;
				CLANG_ANALYZER_LOCALIZABILITY_NONLOCALIZED = YES;
				CLANG_ANALYZER_MEMORY_MANAGEMENT = YES;
				CLANG_ANALYZER_NONNULL = YES;
				CLANG_ANALYZER_NUMBER_OBJECT_CONVERSION = YES_AGGRESSIVE;
				CLANG_CXX_LANGUAGE_STANDARD = "c++14";
				CLANG_CXX_LIBRARY = "libc++";
				CLANG_ENABLE_MODULES = YES;
				CLANG_ENABLE_OBJC_ARC = YES;
				CLANG_ENABLE_OBJC_WEAK = YES;
				CLANG_STATIC_ANALYZER_MODE = deep;
				CLANG_STATIC_ANALYZER_MODE_ON_ANALYZE_ACTION = deep;
				CLANG_WARN_BLOCK_CAPTURE_AUTORELEASING = YES;
				CLANG_WARN_BOOL_CONVERSION = NO;
				CLANG_WARN_COMMA = YES;
				CLANG_WARN_CONSTANT_CONVERSION = NO;
				CLANG_WARN_DEPRECATED_OBJC_IMPLEMENTATIONS = YES;
				CLANG_WARN_DIRECT_OBJC_ISA_USAGE = YES;
				CLANG_WARN_DOCUMENTATION_COMMENTS = YES;
				CLANG_WARN_EMPTY_BODY = NO;
				CLANG_WARN_ENUM_CONVERSION = NO;
				CLANG_WARN_INFINITE_RECURSION = YES;
				CLANG_WARN_INT_CONVERSION = NO;
				CLANG_WARN_NON_LITERAL_NULL_CONVERSION = YES;
				CLANG_WARN_OBJC_IMPLICIT_RETAIN_SELF = YES;
				CLANG_WARN_OBJC_LITERAL_CONVERSION = YES;
				CLANG_WARN_OBJC_ROOT_CLASS = YES_ERROR;
				CLANG_WARN_PRAGMA_PACK = NO;
				CLANG_WARN_QUOTED_INCLUDE_IN_FRAMEWORK_HEADER = YES;
				CLANG_WARN_RANGE_LOOP_ANALYSIS = YES;
				CLANG_WARN_STRICT_PROTOTYPES = YES;
				CLANG_WARN_SUSPICIOUS_MOVE = YES;
				CLANG_WARN_UNGUARDED_AVAILABILITY = YES_AGGRESSIVE;
				CLANG_WARN_UNREACHABLE_CODE = YES;
				CLANG_WARN__DUPLICATE_METHOD_MATCH = NO;
				CODE_SIGN_IDENTITY = "";
				COPY_PHASE_STRIP = NO;
				DEBUG_INFORMATION_FORMAT = "dwarf-with-dsym";
				DEPLOYMENT_POSTPROCESSING = YES;
				ENABLE_STRICT_OBJC_MSGSEND = YES;
				ENABLE_TESTABILITY = YES;
				GCC_C_LANGUAGE_STANDARD = c11;
				GCC_DYNAMIC_NO_PIC = NO;
				GCC_INCREASE_PRECOMPILED_HEADER_SHARING = NO;
				GCC_NO_COMMON_BLOCKS = YES;
				GCC_OPTIMIZATION_LEVEL = 0;
				GCC_PREPROCESSOR_DEFINITIONS = _DEBUG;
				GCC_SYMBOLS_PRIVATE_EXTERN = NO;
				GCC_VERSION = "";
				GCC_WARN_64_TO_32_BIT_CONVERSION = NO;
				"GCC_WARN_64_TO_32_BIT_CONVERSION[arch=*64]" = YES;
				GCC_WARN_ABOUT_DEPRECATED_FUNCTIONS = NO;
				GCC_WARN_ABOUT_POINTER_SIGNEDNESS = YES;
				GCC_WARN_ABOUT_RETURN_TYPE = NO;
				GCC_WARN_UNDECLARED_SELECTOR = NO;
				GCC_WARN_UNINITIALIZED_AUTOS = NO;
				GCC_WARN_UNUSED_FUNCTION = NO;
				GCC_WARN_UNUSED_VARIABLE = NO;
				HEADER_SEARCH_PATHS = "";
				INSTALL_PATH = "@executable_path";
				IPHONEOS_DEPLOYMENT_TARGET = 12.0;
				LD_RUNPATH_SEARCH_PATHS = "@executable_path";
				LIBRARY_SEARCH_PATHS = (
					"$(inherited)",
					"$(WorkspaceDir)/archive",
					"$(WorkspaceDir)/archive/storage-$(PLATFORM_MODIFIER)/library/$(CONFIGURATION)",
					"$(WorkspaceDir)/time/$(PLATFORM_MODIFIER)",
				);
				MACOSX_DEPLOYMENT_TARGET = 10.9;
				MTL_ENABLE_DEBUG_INFO = INCLUDE_SOURCE;
				MTL_FAST_MATH = YES;
				ONLY_ACTIVE_ARCH = YES;
				OTHER_LDFLAGS = "-all_load";
				PLATFORM_MODIFIER = macos;
				PRODUCT_NAME = "$(TARGET_NAME)";
				RUN_CLANG_STATIC_ANALYZER = NO;
				SDKROOT = macosx;
				SKIP_INSTALL = YES;
				STRINGS_FILE_OUTPUT_ENCODING = "UTF-8";
				STRIP_INSTALLED_PRODUCT = NO;
				USER_HEADER_SEARCH_PATHS = (
					.,
					"$(WorkspaceDir)/source",
					"$(WorkspaceDir)/source/include",
					"$(WorkspaceDir)/source/app",
					"$(WorkspaceDir)/source/app/_include",
					"$(WorkspaceDir)/archive",
					"$(WorkspaceDir)/archive/platform-$(PLATFORM_MODIFIER)",
					"$(WorkspaceDir)/archive/platform-$(PLATFORM_MODIFIER)/_include",
					"$(WorkspaceDir)/source/third/include",
					"$(WorkspaceDir)/archive/third-$(PLATFORM_MODIFIER)/third/include/include",
					"$(WorkspaceDir)/archive/third-$(PLATFORM_MODIFIER)/third/include",
					"$(PROJECT_DIR)",
					"$(HOME)/sensitive/sensitive/include",
				);
				USE_HEADERMAP = NO;
				WARNING_CFLAGS = "";
				WorkspaceDir = "$(SRCROOT)/../../..";
			};
			name = Debug;
		};
		9A68A3A425112AFD008DABD2 /* Release */ = {
			isa = XCBuildConfiguration;
			buildSettings = {
				ALWAYS_SEARCH_USER_PATHS = NO;
				BUILD_LIBRARY_FOR_DISTRIBUTION = YES;
				CLANG_ANALYZER_DEADCODE_DEADSTORES = YES;
				CLANG_ANALYZER_GCD = YES;
				CLANG_ANALYZER_LOCALIZABILITY_NONLOCALIZED = YES;
				CLANG_ANALYZER_MEMORY_MANAGEMENT = YES;
				CLANG_ANALYZER_NONNULL = YES;
				CLANG_ANALYZER_NUMBER_OBJECT_CONVERSION = YES_AGGRESSIVE;
				CLANG_CXX_LANGUAGE_STANDARD = "c++14";
				CLANG_CXX_LIBRARY = "libc++";
				CLANG_ENABLE_MODULES = YES;
				CLANG_ENABLE_OBJC_ARC = YES;
				CLANG_ENABLE_OBJC_WEAK = YES;
				CLANG_STATIC_ANALYZER_MODE = deep;
				CLANG_STATIC_ANALYZER_MODE_ON_ANALYZE_ACTION = deep;
				CLANG_WARN_BLOCK_CAPTURE_AUTORELEASING = YES;
				CLANG_WARN_BOOL_CONVERSION = NO;
				CLANG_WARN_COMMA = YES;
				CLANG_WARN_CONSTANT_CONVERSION = NO;
				CLANG_WARN_DEPRECATED_OBJC_IMPLEMENTATIONS = YES;
				CLANG_WARN_DIRECT_OBJC_ISA_USAGE = YES;
				CLANG_WARN_DOCUMENTATION_COMMENTS = YES;
				CLANG_WARN_EMPTY_BODY = NO;
				CLANG_WARN_ENUM_CONVERSION = NO;
				CLANG_WARN_INFINITE_RECURSION = YES;
				CLANG_WARN_INT_CONVERSION = NO;
				CLANG_WARN_NON_LITERAL_NULL_CONVERSION = YES;
				CLANG_WARN_OBJC_IMPLICIT_RETAIN_SELF = YES;
				CLANG_WARN_OBJC_LITERAL_CONVERSION = YES;
				CLANG_WARN_OBJC_ROOT_CLASS = YES_ERROR;
				CLANG_WARN_PRAGMA_PACK = NO;
				CLANG_WARN_QUOTED_INCLUDE_IN_FRAMEWORK_HEADER = YES;
				CLANG_WARN_RANGE_LOOP_ANALYSIS = YES;
				CLANG_WARN_STRICT_PROTOTYPES = YES;
				CLANG_WARN_SUSPICIOUS_MOVE = YES;
				CLANG_WARN_UNGUARDED_AVAILABILITY = YES_AGGRESSIVE;
				CLANG_WARN_UNREACHABLE_CODE = YES;
				CLANG_WARN__DUPLICATE_METHOD_MATCH = NO;
				CODE_SIGN_IDENTITY = "";
				DEBUG_INFORMATION_FORMAT = "dwarf-with-dsym";
				DEPLOYMENT_POSTPROCESSING = YES;
				ENABLE_HARDENED_RUNTIME = YES;
				ENABLE_NS_ASSERTIONS = NO;
				ENABLE_STRICT_OBJC_MSGSEND = YES;
				GCC_C_LANGUAGE_STANDARD = c11;
				GCC_INCREASE_PRECOMPILED_HEADER_SHARING = NO;
				GCC_NO_COMMON_BLOCKS = YES;
				GCC_PREPROCESSOR_DEFINITIONS = "";
				GCC_VERSION = "";
				GCC_WARN_64_TO_32_BIT_CONVERSION = NO;
				"GCC_WARN_64_TO_32_BIT_CONVERSION[arch=*64]" = YES;
				GCC_WARN_ABOUT_DEPRECATED_FUNCTIONS = NO;
				GCC_WARN_ABOUT_POINTER_SIGNEDNESS = YES;
				GCC_WARN_ABOUT_RETURN_TYPE = NO;
				GCC_WARN_UNDECLARED_SELECTOR = NO;
				GCC_WARN_UNINITIALIZED_AUTOS = NO;
				GCC_WARN_UNUSED_FUNCTION = NO;
				GCC_WARN_UNUSED_VARIABLE = NO;
				HEADER_SEARCH_PATHS = "";
				INSTALL_PATH = "@executable_path";
				IPHONEOS_DEPLOYMENT_TARGET = 12.0;
				LD_RUNPATH_SEARCH_PATHS = "@executable_path";
				LIBRARY_SEARCH_PATHS = (
					"$(inherited)",
					"$(WorkspaceDir)/archive",
					"$(WorkspaceDir)/archive/platform-$(PLATFORM_MODIFIER)/storage-$(PLATFORM_MODIFIER)/library/$(CONFIGURATION)",
					"$(WorkspaceDir)/archive",
					"$(WorkspaceDir)/archive/platform-$(PLATFORM_MODIFIER)/storage-$(PLATFORM_MODIFIER)/third/library/$(CONFIGURATION)",
					"$(WorkspaceDir)/time/$(PLATFORM_MODIFIER)",
				);
				MACOSX_DEPLOYMENT_TARGET = 10.9;
				MTL_ENABLE_DEBUG_INFO = NO;
				MTL_FAST_MATH = YES;
				OTHER_LDFLAGS = "-all_load";
				PLATFORM_MODIFIER = macos;
				PRODUCT_NAME = "$(TARGET_NAME)";
				RUN_CLANG_STATIC_ANALYZER = NO;
				SDKROOT = macosx;
				SKIP_INSTALL = YES;
				STRINGS_FILE_OUTPUT_ENCODING = "UTF-8";
				USER_HEADER_SEARCH_PATHS = (
					.,
					"$(WorkspaceDir)/source",
					"$(WorkspaceDir)/source/include",
					"$(WorkspaceDir)/source/app",
					"$(WorkspaceDir)/source/app/_include",
					"$(WorkspaceDir)/archive",
					"$(WorkspaceDir)/archive/platform-$(PLATFORM_MODIFIER)",
					"$(WorkspaceDir)/archive/platform-$(PLATFORM_MODIFIER)/_include",
					"$(WorkspaceDir)/source/third/include",
					"$(WorkspaceDir)/archive/third-$(PLATFORM_MODIFIER)/third/include/include",
					"$(WorkspaceDir)/archive/third-$(PLATFORM_MODIFIER)/third/include",
					"$(PROJECT_DIR)",
					"$(HOME)/sensitive/sensitive/include",
				);
				USE_HEADERMAP = NO;
				VALIDATE_PRODUCT = YES;
				WARNING_CFLAGS = "";
				WorkspaceDir = "$(SRCROOT)/../../..";
			};
			name = Release;
		};
		9A68A3A625112AFD008DABD2 /* Debug */ = {
			isa = XCBuildConfiguration;
			buildSettings = {
				CLANG_CXX_LANGUAGE_STANDARD = "c++2a";
				CODE_SIGN_IDENTITY = "-";
				CODE_SIGN_STYLE = Automatic;
				DEVELOPMENT_TEAM = L8N5V6TZE5;
				PRODUCT_NAME = "$(TARGET_NAME)";
			};
			name = Debug;
		};
		9A68A3A725112AFD008DABD2 /* Release */ = {
			isa = XCBuildConfiguration;
			buildSettings = {
				CLANG_CXX_LANGUAGE_STANDARD = "c++2a";
				CODE_SIGN_IDENTITY = "-";
				CODE_SIGN_STYLE = Automatic;
				DEVELOPMENT_TEAM = L8N5V6TZE5;
				PRODUCT_NAME = "$(TARGET_NAME)";
			};
			name = Release;
		};
/* End XCBuildConfiguration section */

/* Begin XCConfigurationList section */
		9A68A39925112AFD008DABD2 /* Build configuration list for PBXProject "_readlines" */ = {
			isa = XCConfigurationList;
			buildConfigurations = (
				9A68A3A325112AFD008DABD2 /* Debug */,
				9A68A3A425112AFD008DABD2 /* Release */,
			);
			defaultConfigurationIsVisible = 0;
			defaultConfigurationName = Release;
		};
		9A68A3A525112AFD008DABD2 /* Build configuration list for PBXNativeTarget "_readlines" */ = {
			isa = XCConfigurationList;
			buildConfigurations = (
				9A68A3A625112AFD008DABD2 /* Debug */,
				9A68A3A725112AFD008DABD2 /* Release */,
			);
			defaultConfigurationIsVisible = 0;
			defaultConfigurationName = Release;
		};
/* End XCConfigurationList section */
	};
	rootObject = 9A68A39625112AFD008DABD2 /* Project object */;
}
