<?xml version="1.0" encoding="utf-8"?>
<Project ToolsVersion="4.0" xmlns="http://schemas.microsoft.com/developer/msbuild/2003">
  <ItemGroup>
    <Filter Include="Resource Files">
      <UniqueIdentifier>{1ca0861d-4267-4854-8bf6-9ad0173f1893}</UniqueIdentifier>
    </Filter>
    <Filter Include="Source Files">
      <UniqueIdentifier>{64a04574-142f-4730-9ed6-f92aecc7ccc4}</UniqueIdentifier>
    </Filter>
  </ItemGroup>
  <ItemGroup>
    <ResourceCompile Include="..\..\..\operating-system\operating-system-windows\version.rc" />
  </ItemGroup>
  <ItemGroup>
    <ClCompile Include="hellosolarsystem.cpp">
      <Filter>Source Files</Filter>
    </ClCompile>
    <ClCompile Include="tutor.cpp">
      <Filter>Source Files</Filter>
    </ClCompile>
    <ClCompile Include="asterisk_ampersand_naked_type.cpp">
      <Filter>Source Files</Filter>
    </ClCompile>
    <ClCompile Include="double_to_int.cpp">
      <Filter>Source Files</Filter>
    </ClCompile>
    <ClCompile Include="loop_get_char.cpp">
      <Filter>Source Files</Filter>
    </ClCompile>
    <ClCompile Include="printf_format_flags.cpp">
      <Filter>Source Files</Filter>
    </ClCompile>
    <ClCompile Include="promise.cpp">
      <Filter>Source Files</Filter>
    </ClCompile>
    <ClCompile Include="pointer_const_pointer.cpp">
      <Filter>Source Files</Filter>
    </ClCompile>
    <ClCompile Include="brushing_bit_per_bit.cpp">
      <Filter>Source Files</Filter>
    </ClCompile>
  </ItemGroup>
</Project>