// !$*UTF8*$!
{
	archiveVersion = 1;
	classes = {
	};
	objectVersion = 50;
	objects = {

/* Begin PBXBuildFile section */
		9A22671527CE8B140042BAC2 /* libacme_posix.dylib in Frameworks */ = {isa = PBXBuildFile; fileRef = 9A22671127CE8B140042BAC2 /* libacme_posix.dylib */; };
		9A22671627CE8B140042BAC2 /* libidn.dylib in Frameworks */ = {isa = PBXBuildFile; fileRef = 9A22671227CE8B140042BAC2 /* libidn.dylib */; };
		9A22671727CE8B140042BAC2 /* libacme_apple.dylib in Frameworks */ = {isa = PBXBuildFile; fileRef = 9A22671327CE8B140042BAC2 /* libacme_apple.dylib */; };
		9A22671827CE8B140042BAC2 /* libacme.dylib in Frameworks */ = {isa = PBXBuildFile; fileRef = 9A22671427CE8B140042BAC2 /* libacme.dylib */; };
		9A5EE4AB2650D169009F25F0 /* main.cpp in Sources */ = {isa = PBXBuildFile; fileRef = 9A5EE4A32650D168009F25F0 /* main.cpp */; };
/* End PBXBuildFile section */

/* Begin PBXContainerItemProxy section */
		9A22671D27CE8B460042BAC2 /* PBXContainerItemProxy */ = {
			isa = PBXContainerItemProxy;
			containerPortal = 9A22671927CE8B460042BAC2 /* acme_macos.xcodeproj */;
			proxyType = 2;
			remoteGlobalIDString = 9A0C165F264A290E00B5CC33;
			remoteInfo = acme_macos;
		};
		9A22671F27CE8B530042BAC2 /* PBXContainerItemProxy */ = {
			isa = PBXContainerItemProxy;
			containerPortal = 9A22671927CE8B460042BAC2 /* acme_macos.xcodeproj */;
			proxyType = 1;
			remoteGlobalIDString = 9A0C165E264A290E00B5CC33;
			remoteInfo = acme_macos;
		};
/* End PBXContainerItemProxy section */

/* Begin PBXCopyFilesBuildPhase section */
		9A46D23E26783F74000B22D0 /* Embed Libraries */ = {
			isa = PBXCopyFilesBuildPhase;
			buildActionMask = 2147483647;
			dstPath = "";
			dstSubfolderSpec = 16;
			files = (
			);
			name = "Embed Libraries";
			runOnlyForDeploymentPostprocessing = 0;
		};
/* End PBXCopyFilesBuildPhase section */

/* Begin PBXFileReference section */
		9A22671127CE8B140042BAC2 /* libacme_posix.dylib */ = {isa = PBXFileReference; lastKnownFileType = "compiled.mach-o.dylib"; name = libacme_posix.dylib; path = "../../../../../Library/Developer/Xcode/DerivedData/mac-__hello-ferbzpmqoopfvnbsljzanjlsduhf/Build/Products/Debug/libacme_posix.dylib"; sourceTree = "<group>"; };
		9A22671227CE8B140042BAC2 /* libidn.dylib */ = {isa = PBXFileReference; lastKnownFileType = "compiled.mach-o.dylib"; name = libidn.dylib; path = "../../../../../Library/Developer/Xcode/DerivedData/mac-__hello-ferbzpmqoopfvnbsljzanjlsduhf/Build/Products/Debug/libidn.dylib"; sourceTree = "<group>"; };
		9A22671327CE8B140042BAC2 /* libacme_apple.dylib */ = {isa = PBXFileReference; lastKnownFileType = "compiled.mach-o.dylib"; name = libacme_apple.dylib; path = "../../../../../Library/Developer/Xcode/DerivedData/mac-__hello-ferbzpmqoopfvnbsljzanjlsduhf/Build/Products/Debug/libacme_apple.dylib"; sourceTree = "<group>"; };
		9A22671427CE8B140042BAC2 /* libacme.dylib */ = {isa = PBXFileReference; lastKnownFileType = "compiled.mach-o.dylib"; name = libacme.dylib; path = "../../../../../Library/Developer/Xcode/DerivedData/mac-__hello-ferbzpmqoopfvnbsljzanjlsduhf/Build/Products/Debug/libacme.dylib"; sourceTree = "<group>"; };
		9A22671927CE8B460042BAC2 /* acme_macos.xcodeproj */ = {isa = PBXFileReference; lastKnownFileType = "wrapper.pb-project"; name = acme_macos.xcodeproj; path = "../../../operating_system/operating_system-macos/acme_macos/acme_macos.xcodeproj"; sourceTree = SOURCE_ROOT; };
		9A5EE4912650D105009F25F0 /* helloearth */ = {isa = PBXFileReference; explicitFileType = "compiled.mach-o.executable"; includeInIndex = 0; path = helloearth; sourceTree = BUILT_PRODUCTS_DIR; };
		9A5EE4A32650D168009F25F0 /* main.cpp */ = {isa = PBXFileReference; fileEncoding = 4; lastKnownFileType = sourcecode.cpp.cpp; path = main.cpp; sourceTree = "<group>"; };
/* End PBXFileReference section */

/* Begin PBXFrameworksBuildPhase section */
		9A5EE48E2650D105009F25F0 /* Frameworks */ = {
			isa = PBXFrameworksBuildPhase;
			buildActionMask = 2147483647;
			files = (
				9A22671827CE8B140042BAC2 /* libacme.dylib in Frameworks */,
				9A22671727CE8B140042BAC2 /* libacme_apple.dylib in Frameworks */,
				9A22671627CE8B140042BAC2 /* libidn.dylib in Frameworks */,
				9A22671527CE8B140042BAC2 /* libacme_posix.dylib in Frameworks */,
			);
			runOnlyForDeploymentPostprocessing = 0;
		};
/* End PBXFrameworksBuildPhase section */

/* Begin PBXGroup section */
		9A22671A27CE8B460042BAC2 /* Products */ = {
			isa = PBXGroup;
			children = (
				9A22671E27CE8B460042BAC2 /* libacme_macos.dylib */,
			);
			name = Products;
			sourceTree = "<group>";
		};
		9A5EE4882650D105009F25F0 = {
			isa = PBXGroup;
			children = (
				9A22671927CE8B460042BAC2 /* acme_macos.xcodeproj */,
				9A5EE49B2650D168009F25F0 /* helloearth */,
				9A5EE4922650D105009F25F0 /* Products */,
				9A5EE4E22650D260009F25F0 /* Frameworks */,
			);
			sourceTree = "<group>";
		};
		9A5EE4922650D105009F25F0 /* Products */ = {
			isa = PBXGroup;
			children = (
				9A5EE4912650D105009F25F0 /* helloearth */,
			);
			name = Products;
			sourceTree = "<group>";
		};
		9A5EE49B2650D168009F25F0 /* helloearth */ = {
			isa = PBXGroup;
			children = (
				9A5EE4A32650D168009F25F0 /* main.cpp */,
			);
			name = helloearth;
			sourceTree = "<group>";
		};
		9A5EE4E22650D260009F25F0 /* Frameworks */ = {
			isa = PBXGroup;
			children = (
				9A22671227CE8B140042BAC2 /* libidn.dylib */,
				9A22671427CE8B140042BAC2 /* libacme.dylib */,
				9A22671327CE8B140042BAC2 /* libacme_apple.dylib */,
				9A22671127CE8B140042BAC2 /* libacme_posix.dylib */,
			);
			name = Frameworks;
			sourceTree = "<group>";
		};
/* End PBXGroup section */

/* Begin PBXHeadersBuildPhase section */
		9AEA19A627601C07006437A3 /* Headers */ = {
			isa = PBXHeadersBuildPhase;
			buildActionMask = 2147483647;
			files = (
			);
			runOnlyForDeploymentPostprocessing = 0;
		};
/* End PBXHeadersBuildPhase section */

/* Begin PBXNativeTarget section */
		9A5EE4902650D105009F25F0 /* helloearth */ = {
			isa = PBXNativeTarget;
			buildConfigurationList = 9A5EE4982650D105009F25F0 /* Build configuration list for PBXNativeTarget "helloearth" */;
			buildPhases = (
				9AEA19A627601C07006437A3 /* Headers */,
				9A5EE48D2650D105009F25F0 /* Sources */,
				9A5EE48E2650D105009F25F0 /* Frameworks */,
				9A46D23E26783F74000B22D0 /* Embed Libraries */,
			);
			buildRules = (
			);
			dependencies = (
				9A22672027CE8B530042BAC2 /* PBXTargetDependency */,
			);
			name = helloearth;
			productName = helloearth;
			productReference = 9A5EE4912650D105009F25F0 /* helloearth */;
			productType = "com.apple.product-type.tool";
		};
/* End PBXNativeTarget section */

/* Begin PBXProject section */
		9A5EE4892650D105009F25F0 /* Project object */ = {
			isa = PBXProject;
			attributes = {
				LastUpgradeCheck = 1300;
				TargetAttributes = {
					9A5EE4902650D105009F25F0 = {
						CreatedOnToolsVersion = 12.5;
					};
				};
			};
			buildConfigurationList = 9A5EE48C2650D105009F25F0 /* Build configuration list for PBXProject "helloearth" */;
			compatibilityVersion = "Xcode 9.3";
			developmentRegion = en;
			hasScannedForEncodings = 0;
			knownRegions = (
				en,
				Base,
			);
			mainGroup = 9A5EE4882650D105009F25F0;
			productRefGroup = 9A5EE4922650D105009F25F0 /* Products */;
			projectDirPath = "";
			projectReferences = (
				{
					ProductGroup = 9A22671A27CE8B460042BAC2 /* Products */;
					ProjectRef = 9A22671927CE8B460042BAC2 /* acme_macos.xcodeproj */;
				},
			);
			projectRoot = "";
			targets = (
				9A5EE4902650D105009F25F0 /* helloearth */,
			);
		};
/* End PBXProject section */

/* Begin PBXReferenceProxy section */
		9A22671E27CE8B460042BAC2 /* libacme_macos.dylib */ = {
			isa = PBXReferenceProxy;
			fileType = "compiled.mach-o.dylib";
			path = libacme_macos.dylib;
			remoteRef = 9A22671D27CE8B460042BAC2 /* PBXContainerItemProxy */;
			sourceTree = BUILT_PRODUCTS_DIR;
		};
/* End PBXReferenceProxy section */

/* Begin PBXSourcesBuildPhase section */
		9A5EE48D2650D105009F25F0 /* Sources */ = {
			isa = PBXSourcesBuildPhase;
			buildActionMask = 2147483647;
			files = (
				9A5EE4AB2650D169009F25F0 /* main.cpp in Sources */,
			);
			runOnlyForDeploymentPostprocessing = 0;
		};
/* End PBXSourcesBuildPhase section */

/* Begin PBXTargetDependency section */
		9A22672027CE8B530042BAC2 /* PBXTargetDependency */ = {
			isa = PBXTargetDependency;
			name = acme_macos;
			targetProxy = 9A22671F27CE8B530042BAC2 /* PBXContainerItemProxy */;
		};
/* End PBXTargetDependency section */

/* Begin XCBuildConfiguration section */
		9A5EE4962650D105009F25F0 /* Debug */ = {
			isa = XCBuildConfiguration;
			buildSettings = {
				ALWAYS_SEARCH_USER_PATHS = NO;
				CLANG_ANALYZER_NONNULL = YES;
				CLANG_ANALYZER_NUMBER_OBJECT_CONVERSION = YES_AGGRESSIVE;
				CLANG_CXX_LANGUAGE_STANDARD = "c++20";
				CLANG_CXX_LIBRARY = "libc++";
				CLANG_ENABLE_OBJC_ARC = YES;
				CLANG_ENABLE_OBJC_WEAK = YES;
				CLANG_WARN_BLOCK_CAPTURE_AUTORELEASING = YES;
				CLANG_WARN_BOOL_CONVERSION = YES;
				CLANG_WARN_COMMA = YES;
				CLANG_WARN_CONSTANT_CONVERSION = YES;
				CLANG_WARN_DEPRECATED_OBJC_IMPLEMENTATIONS = YES;
				CLANG_WARN_DIRECT_OBJC_ISA_USAGE = YES_ERROR;
				CLANG_WARN_DOCUMENTATION_COMMENTS = YES;
				CLANG_WARN_EMPTY_BODY = YES;
				CLANG_WARN_ENUM_CONVERSION = YES;
				CLANG_WARN_INFINITE_RECURSION = YES;
				CLANG_WARN_INT_CONVERSION = YES;
				CLANG_WARN_NON_LITERAL_NULL_CONVERSION = YES;
				CLANG_WARN_OBJC_IMPLICIT_RETAIN_SELF = YES;
				CLANG_WARN_OBJC_LITERAL_CONVERSION = YES;
				CLANG_WARN_OBJC_ROOT_CLASS = YES_ERROR;
				CLANG_WARN_QUOTED_INCLUDE_IN_FRAMEWORK_HEADER = YES;
				CLANG_WARN_RANGE_LOOP_ANALYSIS = YES;
				CLANG_WARN_STRICT_PROTOTYPES = YES;
				CLANG_WARN_SUSPICIOUS_MOVE = YES;
				CLANG_WARN_UNGUARDED_AVAILABILITY = YES_AGGRESSIVE;
				CLANG_WARN_UNREACHABLE_CODE = YES;
				CLANG_WARN__DUPLICATE_METHOD_MATCH = YES;
				COPY_PHASE_STRIP = NO;
				DEBUG_INFORMATION_FORMAT = dwarf;
				ENABLE_STRICT_OBJC_MSGSEND = YES;
				ENABLE_TESTABILITY = YES;
				GCC_C_LANGUAGE_STANDARD = c11;
				GCC_DYNAMIC_NO_PIC = NO;
				GCC_NO_COMMON_BLOCKS = YES;
				GCC_OPTIMIZATION_LEVEL = 0;
				GCC_PREPROCESSOR_DEFINITIONS = (
					"DEBUG=1",
					"$(inherited)",
				);
				GCC_WARN_64_TO_32_BIT_CONVERSION = YES;
				GCC_WARN_ABOUT_RETURN_TYPE = YES_ERROR;
				GCC_WARN_UNDECLARED_SELECTOR = YES;
				GCC_WARN_UNINITIALIZED_AUTOS = YES_AGGRESSIVE;
				GCC_WARN_UNUSED_FUNCTION = YES;
				GCC_WARN_UNUSED_VARIABLE = YES;
				HEADER_SEARCH_PATHS = "";
				INSTALL_PATH = "@executable_path";
				LD_RUNPATH_SEARCH_PATHS = "@executable_path";
				LIBRARY_SEARCH_PATHS = (
					"$(inherited)",
					"$(WorkspaceDir)/operating_system",
					"$(WorkspaceDir)/../operating_system/storage-$(PLATFORM_MODIFIER)/$(CONFIGURATION)/library",
				
				);
				MTL_ENABLE_DEBUG_INFO = INCLUDE_SOURCE;
				MTL_FAST_MATH = YES;
				ONLY_ACTIVE_ARCH = YES;
				SDKROOT = macosx;
				SYSTEM_HEADER_SEARCH_PATHS = (
					"$(WorkspaceDir)/operating_system/operating_system-$(PLATFORM_MODIFIER)/include",
					"$(WorkspaceDir)/port/include",
					"$(WorkspaceDir)/source/app/include",
				);
				USER_HEADER_SEARCH_PATHS = (
					.,
					"$(WorkspaceDir)/source",
					"$(WorkspaceDir)/source/app",
					"$(WorkspaceDir)/source/app/_include",
					"$(WorkspaceDir)/operating_system",
					"$(WorkspaceDir)/operating_system/operating_system-$(PLATFORM_MODIFIER)",
					"$(WorkspaceDir)/operating_system/operating_system-$(PLATFORM_MODIFIER)/configuration_selection/$(CONFIGURATION)",
					"$(WorkspaceDir)/port/_",
					"$(PROJECT_DIR)",
					"$(PROJECT_DIR)/..",
					"$(PROJECT_DIR)/../..",
					"$(HOME)/sensitive/sensitive/include",
				);
				USE_HEADERMAP = NO;
				WorkspaceDir = "$(SRCROOT)/../../..";
			};
			name = Debug;
		};
		9A5EE4972650D105009F25F0 /* Release */ = {
			isa = XCBuildConfiguration;
			buildSettings = {
				ALWAYS_SEARCH_USER_PATHS = NO;
				CLANG_ANALYZER_NONNULL = YES;
				CLANG_ANALYZER_NUMBER_OBJECT_CONVERSION = YES_AGGRESSIVE;
				CLANG_CXX_LANGUAGE_STANDARD = "c++20";
				CLANG_CXX_LIBRARY = "libc++";
				CLANG_ENABLE_OBJC_ARC = YES;
				CLANG_ENABLE_OBJC_WEAK = YES;
				CLANG_WARN_BLOCK_CAPTURE_AUTORELEASING = YES;
				CLANG_WARN_BOOL_CONVERSION = YES;
				CLANG_WARN_COMMA = YES;
				CLANG_WARN_CONSTANT_CONVERSION = YES;
				CLANG_WARN_DEPRECATED_OBJC_IMPLEMENTATIONS = YES;
				CLANG_WARN_DIRECT_OBJC_ISA_USAGE = YES_ERROR;
				CLANG_WARN_DOCUMENTATION_COMMENTS = YES;
				CLANG_WARN_EMPTY_BODY = YES;
				CLANG_WARN_ENUM_CONVERSION = YES;
				CLANG_WARN_INFINITE_RECURSION = YES;
				CLANG_WARN_INT_CONVERSION = YES;
				CLANG_WARN_NON_LITERAL_NULL_CONVERSION = YES;
				CLANG_WARN_OBJC_IMPLICIT_RETAIN_SELF = YES;
				CLANG_WARN_OBJC_LITERAL_CONVERSION = YES;
				CLANG_WARN_OBJC_ROOT_CLASS = YES_ERROR;
				CLANG_WARN_QUOTED_INCLUDE_IN_FRAMEWORK_HEADER = YES;
				CLANG_WARN_RANGE_LOOP_ANALYSIS = YES;
				CLANG_WARN_STRICT_PROTOTYPES = YES;
				CLANG_WARN_SUSPICIOUS_MOVE = YES;
				CLANG_WARN_UNGUARDED_AVAILABILITY = YES_AGGRESSIVE;
				CLANG_WARN_UNREACHABLE_CODE = YES;
				CLANG_WARN__DUPLICATE_METHOD_MATCH = YES;
				COPY_PHASE_STRIP = NO;
				DEBUG_INFORMATION_FORMAT = "dwarf-with-dsym";
				ENABLE_HARDENED_RUNTIME = YES;
				ENABLE_NS_ASSERTIONS = NO;
				ENABLE_STRICT_OBJC_MSGSEND = YES;
				GCC_C_LANGUAGE_STANDARD = c11;
				GCC_NO_COMMON_BLOCKS = YES;
				GCC_WARN_64_TO_32_BIT_CONVERSION = YES;
				GCC_WARN_ABOUT_RETURN_TYPE = YES_ERROR;
				GCC_WARN_UNDECLARED_SELECTOR = YES;
				GCC_WARN_UNINITIALIZED_AUTOS = YES_AGGRESSIVE;
				GCC_WARN_UNUSED_FUNCTION = YES;
				GCC_WARN_UNUSED_VARIABLE = YES;
				HEADER_SEARCH_PATHS = "";
				INSTALL_PATH = "@executable_path";
				LD_RUNPATH_SEARCH_PATHS = "@executable_path";
				LIBRARY_SEARCH_PATHS = (
					"$(inherited)",
					"$(WorkspaceDir)/operating_system",
					"$(WorkspaceDir)/../operating_system/storage-$(PLATFORM_MODIFIER)/$(CONFIGURATION)/library",
				
					"$(WorkspaceDir)/operating_system",
				);
				MTL_ENABLE_DEBUG_INFO = NO;
				MTL_FAST_MATH = YES;
				SDKROOT = macosx;
				SYSTEM_HEADER_SEARCH_PATHS = (
					"$(WorkspaceDir)/operating_system/operating_system-$(PLATFORM_MODIFIER)/include",
					"$(WorkspaceDir)/port/include",
					"$(WorkspaceDir)/source/app/include",
				);
				USER_HEADER_SEARCH_PATHS = (
					.,
					"$(WorkspaceDir)/source",
					"$(WorkspaceDir)/source/app",
					"$(WorkspaceDir)/source/app/_include",
					"$(WorkspaceDir)/operating_system",
					"$(WorkspaceDir)/operating_system/operating_system-$(PLATFORM_MODIFIER)",
					"$(WorkspaceDir)/operating_system/operating_system-$(PLATFORM_MODIFIER)/configuration_selection/$(CONFIGURATION)",
					"$(WorkspaceDir)/port/_",
					"$(PROJECT_DIR)",
					"$(PROJECT_DIR)/..",
					"$(PROJECT_DIR)/../..",
					"$(HOME)/sensitive/sensitive/include",
				);
				USE_HEADERMAP = NO;
				WorkspaceDir = "$(SRCROOT)/../../..";
			};
			name = Release;
		};
		9A5EE4992650D105009F25F0 /* Debug */ = {
			isa = XCBuildConfiguration;
			buildSettings = {
				CODE_SIGN_IDENTITY = "-";
				PLATFORM_MODIFIER = macos;
				PRODUCT_BUNDLE_IDENTIFIER = software.ca2.console.helloearth;
				PRODUCT_NAME = "$(TARGET_NAME)";
			};
			name = Debug;
		};
		9A5EE49A2650D105009F25F0 /* Release */ = {
			isa = XCBuildConfiguration;
			buildSettings = {
				CODE_SIGN_IDENTITY = "-";
				PLATFORM_MODIFIER = macos;
				PRODUCT_BUNDLE_IDENTIFIER = software.ca2.console.helloearth;
				PRODUCT_NAME = "$(TARGET_NAME)";
			};
			name = Release;
		};
/* End XCBuildConfiguration section */

/* Begin XCConfigurationList section */
		9A5EE48C2650D105009F25F0 /* Build configuration list for PBXProject "helloearth" */ = {
			isa = XCConfigurationList;
			buildConfigurations = (
				9A5EE4962650D105009F25F0 /* Debug */,
				9A5EE4972650D105009F25F0 /* Release */,
			);
			defaultConfigurationIsVisible = 0;
			defaultConfigurationName = Release;
		};
		9A5EE4982650D105009F25F0 /* Build configuration list for PBXNativeTarget "helloearth" */ = {
			isa = XCConfigurationList;
			buildConfigurations = (
				9A5EE4992650D105009F25F0 /* Debug */,
				9A5EE49A2650D105009F25F0 /* Release */,
			);
			defaultConfigurationIsVisible = 0;
			defaultConfigurationName = Release;
		};
/* End XCConfigurationList section */
	};
	rootObject = 9A5EE4892650D105009F25F0 /* Project object */;
}
