// !$*UTF8*$!
{
	archiveVersion = 1;
	classes = {
	};
	objectVersion = 55;
	objects = {

/* Begin PBXBuildFile section */
		61DF0030D77056620FE14244 /* libapex.dylib in Frameworks */ = {isa = PBXBuildFile; fileRef = 1EAA26571F56EBA37FDE6837 /* libapex.dylib */; };
		DA5DCE61C8799C2187369A53 /* libssl.dylib in Frameworks */ = {isa = PBXBuildFile; fileRef = B966A00F9565782096758CF3 /* libssl.dylib */; };
		7E680BDA0088FAAF457E3CA6 /* libacme.dylib in Frameworks */ = {isa = PBXBuildFile; fileRef = 694A7E58BDBDC4E85EB6B40E /* libacme.dylib */; };
		ACA360284DBEF245D5F74E25 /* libcrypto.dylib in Frameworks */ = {isa = PBXBuildFile; fileRef = 904D3A982ED2D20FA9BA0145 /* libcrypto.dylib */; };
		63C914CBC2EF70131B145C4A /* libacme.dylib in Embed Libraries */ = {isa = PBXBuildFile; fileRef = 694A7E58BDBDC4E85EB6B40E /* libacme.dylib */; settings = {ATTRIBUTES = (CodeSignOnCopy, ); }; };
		4115FECE8A6635C46C5D3C84 /* libapex.dylib in Embed Libraries */ = {isa = PBXBuildFile; fileRef = 1EAA26571F56EBA37FDE6837 /* libapex.dylib */; settings = {ATTRIBUTES = (CodeSignOnCopy, ); }; };
		053214F167DB6B66AC67B501 /* hellosolarsystem.cpp in Sources */ = {isa = PBXBuildFile; fileRef = D7EAF3269A86F84661AFAA87 /* hellosolarsystem.cpp */; };
		0CC687C9C41343EECA57081C /* libcrypto.dylib in Embed Libraries */ = {isa = PBXBuildFile; fileRef = E4531C274635078B4C8C826D /* libcrypto.dylib */; settings = {ATTRIBUTES = (CodeSignOnCopy, ); }; };
		80F4EFBB520A61962C2CC724 /* libssl.dylib in Embed Libraries */ = {isa = PBXBuildFile; fileRef = 5B16DD72DFB4DA214505C379 /* libssl.dylib */; settings = {ATTRIBUTES = (CodeSignOnCopy, ); }; };
/* End PBXBuildFile section */

/* Begin PBXContainerItemProxy section */
		C5775D393813EBB49B7AE899 /* PBXContainerItemProxy */ = {
			isa = PBXContainerItemProxy;
			containerPortal = 18FE1B14BF9A991FF6C03AC9 /* apex_macos.xcodeproj */;
			proxyType = 2;
			remoteGlobalIDString = 7AEB13F3188168E974030546;
			remoteInfo = apex_macos;
		};
		478F68C899F71DF07C20DD04 /* PBXContainerItemProxy */ = {
			isa = PBXContainerItemProxy;
			containerPortal = 18FE1B14BF9A991FF6C03AC9 /* apex_macos.xcodeproj */;
			proxyType = 1;
			remoteGlobalIDString = 0BA0975A09C0DBC8FA4331AB;
			remoteInfo = apex_macos;
		};
		DB34B11E184257BE5BB6D291 /* PBXContainerItemProxy */ = {
			isa = PBXContainerItemProxy;
			containerPortal = 71E0A4ED61F201C4B6449A4F /* crypto_openssl.xcodeproj */;
			proxyType = 2;
			remoteGlobalIDString = 05F6B639A4C58F3D6CE7A033;
			remoteInfo = crypto_openssl;
		};
		D3E7391521E49E286B12BF31 /* PBXContainerItemProxy */ = {
			isa = PBXContainerItemProxy;
			containerPortal = 71E0A4ED61F201C4B6449A4F /* crypto_openssl.xcodeproj */;
			proxyType = 1;
			remoteGlobalIDString = FE307D1C790A8B6E88DC1152;
			remoteInfo = crypto_openssl;
		};
		BE193A0200941CF011C50838 /* PBXContainerItemProxy */ = {
			isa = PBXContainerItemProxy;
			containerPortal = C7D75A5D6A89E98FCB33D8BD /* folder_zip.xcodeproj */;
			proxyType = 2;
			remoteGlobalIDString = 1A9485C6A3C87EAF4A351D85;
			remoteInfo = folder_zip;
		};
		B37E59AC1ED7AE365463D648 /* PBXContainerItemProxy */ = {
			isa = PBXContainerItemProxy;
			containerPortal = C7D75A5D6A89E98FCB33D8BD /* folder_zip.xcodeproj */;
			proxyType = 1;
			remoteGlobalIDString = 272F83AF96D70A0829E90C2A;
			remoteInfo = folder_zip;
		};
/* End PBXContainerItemProxy section */

/* Begin PBXCopyFilesBuildPhase section */
		645434B98D7347BDA51B2F64 /* Embed Libraries */ = {
			isa = PBXCopyFilesBuildPhase;
			buildActionMask = 2147483647;
			dstPath = "";
			dstSubfolderSpec = 10;
			files = (
				4115FECE8A6635C46C5D3C84 /* libapex.dylib in Embed Libraries */,
				63C914CBC2EF70131B145C4A /* libacme.dylib in Embed Libraries */,
			);
			name = "Embed Libraries";
			runOnlyForDeploymentPostprocessing = 0;
		};
		3CAF8848C2A23FB1FA79DF58 /* Embed Libraries */ = {
			isa = PBXCopyFilesBuildPhase;
			buildActionMask = 2147483647;
			dstPath = "";
			dstSubfolderSpec = 6;
			files = (
				0CC687C9C41343EECA57081C /* libcrypto.dylib in Embed Libraries */,
				80F4EFBB520A61962C2CC724 /* libssl.dylib in Embed Libraries */,
			);
			name = "Embed Libraries";
			runOnlyForDeploymentPostprocessing = 0;
		};
/* End PBXCopyFilesBuildPhase section */

/* Begin PBXFileReference section */
		18FE1B14BF9A991FF6C03AC9 /* apex_macos.xcodeproj */ = {isa = PBXFileReference; lastKnownFileType = "wrapper.pb-project"; name = apex_macos.xcodeproj; path = "../../../operating_system/operating_system-macos/apex_macos/apex_macos.xcodeproj"; sourceTree = SOURCE_ROOT; };
		1EAA26571F56EBA37FDE6837 /* libapex.dylib */ = {isa = PBXFileReference; lastKnownFileType = "compiled.mach-o.dylib"; name = libapex.dylib; path = "../../../../../Library/Developer/Xcode/DerivedData/mac-__hello-ferbzpmqoopfvnbsljzanjlsduhf/Build/Products/Debug/libapex.dylib"; sourceTree = "<group>"; };
		B966A00F9565782096758CF3 /* libssl.dylib */ = {isa = PBXFileReference; lastKnownFileType = "compiled.mach-o.dylib"; name = libssl.dylib; path = "../../../../operating_system/storage-macos/Debug/library/libssl.dylib"; sourceTree = "<group>"; };
		694A7E58BDBDC4E85EB6B40E /* libacme.dylib */ = {isa = PBXFileReference; lastKnownFileType = "compiled.mach-o.dylib"; name = libacme.dylib; path = "../../../../../Library/Developer/Xcode/DerivedData/mac-__hello-ferbzpmqoopfvnbsljzanjlsduhf/Build/Products/Debug/libacme.dylib"; sourceTree = "<group>"; };
		904D3A982ED2D20FA9BA0145 /* libcrypto.dylib */ = {isa = PBXFileReference; lastKnownFileType = "compiled.mach-o.dylib"; name = libcrypto.dylib; path = "../../../../operating_system/storage-macos/Debug/library/libcrypto.dylib"; sourceTree = "<group>"; };
		71E0A4ED61F201C4B6449A4F /* crypto_openssl.xcodeproj */ = {isa = PBXFileReference; lastKnownFileType = "wrapper.pb-project"; name = crypto_openssl.xcodeproj; path = ../../app/crypto_openssl/crypto_openssl.xcodeproj; sourceTree = SOURCE_ROOT; };
		C7D75A5D6A89E98FCB33D8BD /* folder_zip.xcodeproj */ = {isa = PBXFileReference; lastKnownFileType = "wrapper.pb-project"; name = folder_zip.xcodeproj; path = ../../app/folder_zip/folder_zip.xcodeproj; sourceTree = SOURCE_ROOT; };
		415B3D45B98ECCF9C5E0998A /* hellosolarsystem */ = {isa = PBXFileReference; explicitFileType = "compiled.mach-o.executable"; includeInIndex = 0; path = hellosolarsystem; sourceTree = BUILT_PRODUCTS_DIR; };
		D7EAF3269A86F84661AFAA87 /* hellosolarsystem.cpp */ = {isa = PBXFileReference; fileEncoding = 4; lastKnownFileType = sourcecode.cpp.cpp; path = hellosolarsystem.cpp; sourceTree = SOURCE_ROOT; };
		5B16DD72DFB4DA214505C379 /* libssl.dylib */ = {isa = PBXFileReference; lastKnownFileType = "compiled.mach-o.dylib"; name = libssl.dylib; path = "../../../../operating_system/storage-macos/Debug/library/libssl.dylib"; sourceTree = "<group>"; };
		E4531C274635078B4C8C826D /* libcrypto.dylib */ = {isa = PBXFileReference; lastKnownFileType = "compiled.mach-o.dylib"; name = libcrypto.dylib; path = "../../../../operating_system/storage-macos/Debug/library/libcrypto.dylib"; sourceTree = "<group>"; };
/* End PBXFileReference section */

/* Begin PBXFrameworksBuildPhase section */
		6FB95BA49E380EEB221B8FCD /* Frameworks */ = {
			isa = PBXFrameworksBuildPhase;
			buildActionMask = 2147483647;
			files = (
				ACA360284DBEF245D5F74E25 /* libcrypto.dylib in Frameworks */,
				DA5DCE61C8799C2187369A53 /* libssl.dylib in Frameworks */,
				7E680BDA0088FAAF457E3CA6 /* libacme.dylib in Frameworks */,
				61DF0030D77056620FE14244 /* libapex.dylib in Frameworks */,
			);
			runOnlyForDeploymentPostprocessing = 0;
		};
/* End PBXFrameworksBuildPhase section */

/* Begin PBXGroup section */
		2F5925AFBC317341FDADCDDE /* Products */ = {
			isa = PBXGroup;
			children = (
				07FE0069CD341DB6A376A44E /* libapex_macos.dylib */,
			);
			name = Products;
			sourceTree = "<group>";
		};
		4ED0B3C7EDB9E25234E9595E /* Products */ = {
			isa = PBXGroup;
			children = (
				A0678311ACD537C5DD120777 /* libcrypto_openssl.dylib */,
			);
			name = Products;
			sourceTree = "<group>";
		};
		1B1F4F2B3E61A5D340029058 /* Products */ = {
			isa = PBXGroup;
			children = (
				DF456EE232F5A313B3A41A07 /* libfolder_zip.dylib */,
			);
			name = Products;
			sourceTree = "<group>";
		};
		9F8C6EA82989CF5475FE1754 = {
			isa = PBXGroup;
			children = (
				18FE1B14BF9A991FF6C03AC9 /* apex_macos.xcodeproj */,
				71E0A4ED61F201C4B6449A4F /* crypto_openssl.xcodeproj */,
				C7D75A5D6A89E98FCB33D8BD /* folder_zip.xcodeproj */,
				69E433D208C5C8DF83B9A3D2 /* hellosolarsystem */,
				47B7CF1663F98979CED90C8E /* Products */,
				3AFB15E213718BCAED0FFFA0 /* Frameworks */,
			);
			sourceTree = "<group>";
		};
		47B7CF1663F98979CED90C8E /* Products */ = {
			isa = PBXGroup;
			children = (
				415B3D45B98ECCF9C5E0998A /* hellosolarsystem */,
			);
			name = Products;
			sourceTree = "<group>";
		};
		69E433D208C5C8DF83B9A3D2 /* hellosolarsystem */ = {
			isa = PBXGroup;
			children = (
				D7EAF3269A86F84661AFAA87 /* hellosolarsystem.cpp */,
			);
			path = hellosolarsystem;
			sourceTree = "<group>";
		};
		3AFB15E213718BCAED0FFFA0 /* Frameworks */ = {
			isa = PBXGroup;
			children = (
				904D3A982ED2D20FA9BA0145 /* libcrypto.dylib */,
				B966A00F9565782096758CF3 /* libssl.dylib */,
				1EAA26571F56EBA37FDE6837 /* libapex.dylib */,
				694A7E58BDBDC4E85EB6B40E /* libacme.dylib */,
				E4531C274635078B4C8C826D /* libcrypto.dylib */,
				5B16DD72DFB4DA214505C379 /* libssl.dylib */,
			);
			name = Frameworks;
			sourceTree = "<group>";
		};
/* End PBXGroup section */

/* Begin PBXHeadersBuildPhase section */
		4149ED26C185DCFC981BB4A7 /* Headers */ = {
			isa = PBXHeadersBuildPhase;
			buildActionMask = 2147483647;
			files = (
			);
			runOnlyForDeploymentPostprocessing = 0;
		};
/* End PBXHeadersBuildPhase section */

/* Begin PBXNativeTarget section */
		1BE81011F32B82010EF255CD /* hellosolarsystem */ = {
			isa = PBXNativeTarget;
			buildConfigurationList = C9F5DA9F127381DB78D51DFE /* Build configuration list for PBXNativeTarget "hellosolarsystem" */;
			buildPhases = (
				4149ED26C185DCFC981BB4A7 /* Headers */,
				97BF7039159CCB8FB8B69F38 /* Sources */,
				6FB95BA49E380EEB221B8FCD /* Frameworks */,
				3CAF8848C2A23FB1FA79DF58 /* Embed Libraries */,
				645434B98D7347BDA51B2F64 /* Embed Libraries */,
			);
			buildRules = (
			);
			dependencies = (
				B803C3DD88FAEBD0B0F9E35C /* PBXTargetDependency */,
				182080117B31650B1C537EE2 /* PBXTargetDependency */,
				1469255D1BE777F683ECBCF5 /* PBXTargetDependency */,
			);
			name = hellosolarsystem;
			productName = hellosolarsystem;
			productReference = 415B3D45B98ECCF9C5E0998A /* hellosolarsystem */;
			productType = "com.apple.product-type.tool";
		};
/* End PBXNativeTarget section */

/* Begin PBXProject section */
		3610D979AAA8E16E5553676E /* Project object */ = {
			isa = PBXProject;
			attributes = {
				BuildIndependentTargetsInParallel = 1;
				LastUpgradeCheck = 1320;
				TargetAttributes = {
					1BE81011F32B82010EF255CD = {
						CreatedOnToolsVersion = 13.1;
					};
				};
			};
			buildConfigurationList = 40ECDD6AFC9BE1FC50160D8C /* Build configuration list for PBXProject "hellosolarsystem" */;
			compatibilityVersion = "Xcode 13.0";
			developmentRegion = en;
			hasScannedForEncodings = 0;
			knownRegions = (
				en,
				Base,
			);
			mainGroup = 9F8C6EA82989CF5475FE1754;
			productRefGroup = 47B7CF1663F98979CED90C8E /* Products */;
			projectDirPath = "";
			projectReferences = (
				{
					ProductGroup = 2F5925AFBC317341FDADCDDE /* Products */;
					ProjectRef = 18FE1B14BF9A991FF6C03AC9 /* apex_macos.xcodeproj */;
				},
				{
					ProductGroup = 4ED0B3C7EDB9E25234E9595E /* Products */;
					ProjectRef = 71E0A4ED61F201C4B6449A4F /* crypto_openssl.xcodeproj */;
				},
				{
					ProductGroup = 1B1F4F2B3E61A5D340029058 /* Products */;
					ProjectRef = C7D75A5D6A89E98FCB33D8BD /* folder_zip.xcodeproj */;
				},
			);
			projectRoot = "";
			targets = (
				1BE81011F32B82010EF255CD /* hellosolarsystem */,
			);
		};
/* End PBXProject section */

/* Begin PBXReferenceProxy section */
		07FE0069CD341DB6A376A44E /* libapex_macos.dylib */ = {
			isa = PBXReferenceProxy;
			fileType = "compiled.mach-o.dylib";
			path = libapex_macos.dylib;
			remoteRef = C5775D393813EBB49B7AE899 /* PBXContainerItemProxy */;
			sourceTree = BUILT_PRODUCTS_DIR;
		};
		A0678311ACD537C5DD120777 /* libcrypto_openssl.dylib */ = {
			isa = PBXReferenceProxy;
			fileType = "compiled.mach-o.dylib";
			path = libcrypto_openssl.dylib;
			remoteRef = DB34B11E184257BE5BB6D291 /* PBXContainerItemProxy */;
			sourceTree = BUILT_PRODUCTS_DIR;
		};
		DF456EE232F5A313B3A41A07 /* libfolder_zip.dylib */ = {
			isa = PBXReferenceProxy;
			fileType = "compiled.mach-o.dylib";
			path = libfolder_zip.dylib;
			remoteRef = BE193A0200941CF011C50838 /* PBXContainerItemProxy */;
			sourceTree = BUILT_PRODUCTS_DIR;
		};
/* End PBXReferenceProxy section */

/* Begin PBXSourcesBuildPhase section */
		97BF7039159CCB8FB8B69F38 /* Sources */ = {
			isa = PBXSourcesBuildPhase;
			buildActionMask = 2147483647;
			files = (
				053214F167DB6B66AC67B501 /* hellosolarsystem.cpp in Sources */,
			);
			runOnlyForDeploymentPostprocessing = 0;
		};
/* End PBXSourcesBuildPhase section */

/* Begin PBXTargetDependency section */
		1469255D1BE777F683ECBCF5 /* PBXTargetDependency */ = {
			isa = PBXTargetDependency;
			name = apex_macos;
			targetProxy = 478F68C899F71DF07C20DD04 /* PBXContainerItemProxy */;
		};
		182080117B31650B1C537EE2 /* PBXTargetDependency */ = {
			isa = PBXTargetDependency;
			name = crypto_openssl;
			targetProxy = D3E7391521E49E286B12BF31 /* PBXContainerItemProxy */;
		};
		B803C3DD88FAEBD0B0F9E35C /* PBXTargetDependency */ = {
			isa = PBXTargetDependency;
			name = folder_zip;
			targetProxy = B37E59AC1ED7AE365463D648 /* PBXContainerItemProxy */;
		};
/* End PBXTargetDependency section */

/* Begin XCBuildConfiguration section */
		1C636B5B056D2704B938146C /* Debug */ = {
			isa = XCBuildConfiguration;
			buildSettings = {
				ALWAYS_SEARCH_USER_PATHS = NO;
				CLANG_ANALYZER_NONNULL = YES;
				CLANG_ANALYZER_NUMBER_OBJECT_CONVERSION = YES_AGGRESSIVE;
				CLANG_CXX_LANGUAGE_STANDARD = "c++20";
				CLANG_CXX_LIBRARY = "libc++";
				CLANG_ENABLE_OBJC_ARC = YES;
				CLANG_ENABLE_OBJC_WEAK = YES;
				CLANG_WARN_BLOCK_CAPTURE_AUTORELEASING = YES;
				CLANG_WARN_BOOL_CONVERSION = YES;
				CLANG_WARN_COMMA = YES;
				CLANG_WARN_CONSTANT_CONVERSION = YES;
				CLANG_WARN_DEPRECATED_OBJC_IMPLEMENTATIONS = YES;
				CLANG_WARN_DIRECT_OBJC_ISA_USAGE = YES_ERROR;
				CLANG_WARN_DOCUMENTATION_COMMENTS = YES;
				CLANG_WARN_EMPTY_BODY = YES;
				CLANG_WARN_ENUM_CONVERSION = YES;
				CLANG_WARN_INFINITE_RECURSION = YES;
				CLANG_WARN_INT_CONVERSION = YES;
				CLANG_WARN_NON_LITERAL_NULL_CONVERSION = YES;
				CLANG_WARN_OBJC_IMPLICIT_RETAIN_SELF = YES;
				CLANG_WARN_OBJC_LITERAL_CONVERSION = YES;
				CLANG_WARN_OBJC_ROOT_CLASS = YES_ERROR;
				CLANG_WARN_QUOTED_INCLUDE_IN_FRAMEWORK_HEADER = YES;
				CLANG_WARN_RANGE_LOOP_ANALYSIS = YES;
				CLANG_WARN_STRICT_PROTOTYPES = YES;
				CLANG_WARN_SUSPICIOUS_MOVE = YES;
				CLANG_WARN_UNGUARDED_AVAILABILITY = YES_AGGRESSIVE;
				CLANG_WARN_UNREACHABLE_CODE = YES;
				CLANG_WARN__DUPLICATE_METHOD_MATCH = YES;
				COPY_PHASE_STRIP = NO;
				DEBUG_INFORMATION_FORMAT = dwarf;
				ENABLE_STRICT_OBJC_MSGSEND = YES;
				ENABLE_TESTABILITY = YES;
				GCC_C_LANGUAGE_STANDARD = c11;
				GCC_DYNAMIC_NO_PIC = NO;
				GCC_NO_COMMON_BLOCKS = YES;
				GCC_OPTIMIZATION_LEVEL = 0;
				GCC_PREPROCESSOR_DEFINITIONS = (
					"DEBUG=1",
					"$(inherited)",
				);
				GCC_WARN_64_TO_32_BIT_CONVERSION = YES;
				GCC_WARN_ABOUT_RETURN_TYPE = YES_ERROR;
				GCC_WARN_UNDECLARED_SELECTOR = YES;
				GCC_WARN_UNINITIALIZED_AUTOS = YES_AGGRESSIVE;
				GCC_WARN_UNUSED_FUNCTION = YES;
				GCC_WARN_UNUSED_VARIABLE = YES;
				HEADER_SEARCH_PATHS = "";
				LD_RUNPATH_SEARCH_PATHS = "@executable_path @loader_path";
				LIBRARY_SEARCH_PATHS = (
					"$(inherited)",
					"$(WorkspaceDir)/operating_system",
					"$(WorkspaceDir)/../operating_system/storage-$(PLATFORM_MODIFIER)/$(CONFIGURATION)/library",
				);
				MTL_ENABLE_DEBUG_INFO = INCLUDE_SOURCE;
				MTL_FAST_MATH = YES;
				ONLY_ACTIVE_ARCH = YES;
				PRODUCT_NAME = "$(TARGET_NAME)";
				SDKROOT = macosx;
				SYSTEM_HEADER_SEARCH_PATHS = (
					"$(WorkspaceDir)/operating_system/operating_system-$(PLATFORM_MODIFIER)/include",
					"$(WorkspaceDir)/operating_system/operating_system-$(PLATFORM_MODIFIER)/configuration",
					"$(WorkspaceDir)/port/include",
					"$(WorkspaceDir)/source/app/include",
				);
				USER_HEADER_SEARCH_PATHS = (
					.,
					"$(WorkspaceDir)/source",
					"$(WorkspaceDir)/source/app",
					"$(WorkspaceDir)/source/app/_include",
					"$(WorkspaceDir)/operating_system",
					"$(WorkspaceDir)/operating_system/operating_system-$(PLATFORM_MODIFIER)",
					"$(WorkspaceDir)/operating_system/operating_system-$(PLATFORM_MODIFIER)/configuration_selection/$(CONFIGURATION)",
					"$(WorkspaceDir)/port/_",
					"$(PROJECT_DIR)",
					"$(PROJECT_DIR)/..",
					"$(PROJECT_DIR)/../..",
					"$(HOME)/sensitive/sensitive/include",
				);
				USE_HEADERMAP = NO;
				WorkspaceDir = "$(SRCROOT)/../../..";
			};
			name = Debug;
		};
		51E9E384217632EAB05AC266 /* Release */ = {
			isa = XCBuildConfiguration;
			buildSettings = {
				ALWAYS_SEARCH_USER_PATHS = NO;
				CLANG_ANALYZER_NONNULL = YES;
				CLANG_ANALYZER_NUMBER_OBJECT_CONVERSION = YES_AGGRESSIVE;
				CLANG_CXX_LANGUAGE_STANDARD = "c++20";
				CLANG_CXX_LIBRARY = "libc++";
				CLANG_ENABLE_OBJC_ARC = YES;
				CLANG_ENABLE_OBJC_WEAK = YES;
				CLANG_WARN_BLOCK_CAPTURE_AUTORELEASING = YES;
				CLANG_WARN_BOOL_CONVERSION = YES;
				CLANG_WARN_COMMA = YES;
				CLANG_WARN_CONSTANT_CONVERSION = YES;
				CLANG_WARN_DEPRECATED_OBJC_IMPLEMENTATIONS = YES;
				CLANG_WARN_DIRECT_OBJC_ISA_USAGE = YES_ERROR;
				CLANG_WARN_DOCUMENTATION_COMMENTS = YES;
				CLANG_WARN_EMPTY_BODY = YES;
				CLANG_WARN_ENUM_CONVERSION = YES;
				CLANG_WARN_INFINITE_RECURSION = YES;
				CLANG_WARN_INT_CONVERSION = YES;
				CLANG_WARN_NON_LITERAL_NULL_CONVERSION = YES;
				CLANG_WARN_OBJC_IMPLICIT_RETAIN_SELF = YES;
				CLANG_WARN_OBJC_LITERAL_CONVERSION = YES;
				CLANG_WARN_OBJC_ROOT_CLASS = YES_ERROR;
				CLANG_WARN_QUOTED_INCLUDE_IN_FRAMEWORK_HEADER = YES;
				CLANG_WARN_RANGE_LOOP_ANALYSIS = YES;
				CLANG_WARN_STRICT_PROTOTYPES = YES;
				CLANG_WARN_SUSPICIOUS_MOVE = YES;
				CLANG_WARN_UNGUARDED_AVAILABILITY = YES_AGGRESSIVE;
				CLANG_WARN_UNREACHABLE_CODE = YES;
				CLANG_WARN__DUPLICATE_METHOD_MATCH = YES;
				COPY_PHASE_STRIP = NO;
				DEBUG_INFORMATION_FORMAT = "dwarf-with-dsym";
				ENABLE_HARDENED_RUNTIME = YES;
				ENABLE_NS_ASSERTIONS = NO;
				ENABLE_STRICT_OBJC_MSGSEND = YES;
				GCC_C_LANGUAGE_STANDARD = c11;
				GCC_NO_COMMON_BLOCKS = YES;
				GCC_WARN_64_TO_32_BIT_CONVERSION = YES;
				GCC_WARN_ABOUT_RETURN_TYPE = YES_ERROR;
				GCC_WARN_UNDECLARED_SELECTOR = YES;
				GCC_WARN_UNINITIALIZED_AUTOS = YES_AGGRESSIVE;
				GCC_WARN_UNUSED_FUNCTION = YES;
				GCC_WARN_UNUSED_VARIABLE = YES;
				HEADER_SEARCH_PATHS = "";
				LD_RUNPATH_SEARCH_PATHS = "@executable_path @loader_path";
				LIBRARY_SEARCH_PATHS = (
					"$(inherited)",
					"$(WorkspaceDir)/operating_system",
					"$(WorkspaceDir)/../operating_system/storage-$(PLATFORM_MODIFIER)/$(CONFIGURATION)/library",
					"$(WorkspaceDir)/operating_system",
				);
				MTL_ENABLE_DEBUG_INFO = NO;
				MTL_FAST_MATH = YES;
				PRODUCT_NAME = "$(TARGET_NAME)";
				SDKROOT = macosx;
				SYSTEM_HEADER_SEARCH_PATHS = (
					"$(WorkspaceDir)/operating_system/operating_system-$(PLATFORM_MODIFIER)/include",
					"$(WorkspaceDir)/operating_system/operating_system-$(PLATFORM_MODIFIER)/configuration",
					"$(WorkspaceDir)/port/include",
					"$(WorkspaceDir)/source/app/include",
				);
				USER_HEADER_SEARCH_PATHS = (
					.,
					"$(WorkspaceDir)/source",
					"$(WorkspaceDir)/source/app",
					"$(WorkspaceDir)/source/app/_include",
					"$(WorkspaceDir)/operating_system",
					"$(WorkspaceDir)/operating_system/operating_system-$(PLATFORM_MODIFIER)",
					"$(WorkspaceDir)/operating_system/operating_system-$(PLATFORM_MODIFIER)/configuration_selection/$(CONFIGURATION)",
					"$(WorkspaceDir)/port/_",
					"$(PROJECT_DIR)",
					"$(PROJECT_DIR)/..",
					"$(PROJECT_DIR)/../..",
					"$(HOME)/sensitive/sensitive/include",
				);
				USE_HEADERMAP = NO;
				WorkspaceDir = "$(SRCROOT)/../../..";
			};
			name = Release;
		};
		DF404F408C45CB32D246C418 /* Debug */ = {
			isa = XCBuildConfiguration;
			buildSettings = {
				CODE_SIGN_IDENTITY = "-";
				PLATFORM_MODIFIER = macos;
			};
			name = Debug;
		};
		6C3A7B8FA6F9C25073F95BCB /* Release */ = {
			isa = XCBuildConfiguration;
			buildSettings = {
				CODE_SIGN_IDENTITY = "-";
				PLATFORM_MODIFIER = macos;
			};
			name = Release;
		};
/* End XCBuildConfiguration section */

/* Begin XCConfigurationList section */
		40ECDD6AFC9BE1FC50160D8C /* Build configuration list for PBXProject "hellosolarsystem" */ = {
			isa = XCConfigurationList;
			buildConfigurations = (
				1C636B5B056D2704B938146C /* Debug */,
				51E9E384217632EAB05AC266 /* Release */,
			);
			defaultConfigurationIsVisible = 0;
			defaultConfigurationName = Release;
		};
		C9F5DA9F127381DB78D51DFE /* Build configuration list for PBXNativeTarget "hellosolarsystem" */ = {
			isa = XCConfigurationList;
			buildConfigurations = (
				DF404F408C45CB32D246C418 /* Debug */,
				6C3A7B8FA6F9C25073F95BCB /* Release */,
			);
			defaultConfigurationIsVisible = 0;
			defaultConfigurationName = Release;
		};
/* End XCConfigurationList section */
	};
	rootObject = 3610D979AAA8E16E5553676E /* Project object */;
}
