// !$*UTF8*$!
{
	archiveVersion = 1;
	classes = {
	};
	objectVersion = 50;
	objects = {

/* Begin PBXBuildFile section */
		9A5EE4AB2650D169009F25F0 /* main.cpp in Sources */ = {isa = PBXBuildFile; fileRef = 9A5EE4A32650D168009F25F0 /* main.cpp */; };
		9A5EE4E32650D260009F25F0 /* libacme.dylib in Frameworks */ = {isa = PBXBuildFile; fileRef = 9A5EE4CC2650D217009F25F0 /* libacme.dylib */; };
		9A5EE4E52650D27B009F25F0 /* libacme_apple.dylib in Embed Libraries */ = {isa = PBXBuildFile; fileRef = 9A5EE4BF2650D1F8009F25F0 /* libacme_apple.dylib */; settings = {ATTRIBUTES = (CodeSignOnCopy, ); }; };
		9A5EE4E72650D27B009F25F0 /* libacme_macos.dylib in Embed Libraries */ = {isa = PBXBuildFile; fileRef = 9A5EE4B82650D1BC009F25F0 /* libacme_macos.dylib */; settings = {ATTRIBUTES = (CodeSignOnCopy, ); }; };
		9A5EE4E92650D27B009F25F0 /* libacme_posix.dylib in Embed Libraries */ = {isa = PBXBuildFile; fileRef = 9A5EE4C52650D208009F25F0 /* libacme_posix.dylib */; settings = {ATTRIBUTES = (CodeSignOnCopy, ); }; };
		9A5EE4EC2650D283009F25F0 /* libidn.dylib in Embed Libraries */ = {isa = PBXBuildFile; fileRef = 9A5EE4D52650D226009F25F0 /* libidn.dylib */; settings = {ATTRIBUTES = (CodeSignOnCopy, ); }; };
		9A5EE4FD2650D7CB009F25F0 /* libacme.dylib in Embed Libraries */ = {isa = PBXBuildFile; fileRef = 9A5EE4CC2650D217009F25F0 /* libacme.dylib */; settings = {ATTRIBUTES = (CodeSignOnCopy, ); }; };
/* End PBXBuildFile section */

/* Begin PBXContainerItemProxy section */
		9A5EE4B72650D1BC009F25F0 /* PBXContainerItemProxy */ = {
			isa = PBXContainerItemProxy;
			containerPortal = 9A5EE4AC2650D1BB009F25F0 /* acme_macos.xcodeproj */;
			proxyType = 2;
			remoteGlobalIDString = 9A0C165F264A290E00B5CC33;
			remoteInfo = acme_macos;
		};
		9A5EE4BE2650D1F8009F25F0 /* PBXContainerItemProxy */ = {
			isa = PBXContainerItemProxy;
			containerPortal = 9A5EE4BA2650D1F8009F25F0 /* acme_apple.xcodeproj */;
			proxyType = 2;
			remoteGlobalIDString = 9A15A582264B536C0080670E;
			remoteInfo = acme_apple;
		};
		9A5EE4C42650D208009F25F0 /* PBXContainerItemProxy */ = {
			isa = PBXContainerItemProxy;
			containerPortal = 9A5EE4C02650D208009F25F0 /* acme_posix.xcodeproj */;
			proxyType = 2;
			remoteGlobalIDString = 9A0C1638264A281D00B5CC33;
			remoteInfo = acme_posix;
		};
		9A5EE4CB2650D217009F25F0 /* PBXContainerItemProxy */ = {
			isa = PBXContainerItemProxy;
			containerPortal = 9A5EE4C62650D216009F25F0 /* acme.xcodeproj */;
			proxyType = 2;
			remoteGlobalIDString = 9A68A41425114352008DABD2;
			remoteInfo = acme;
		};
		9A5EE4CD2650D217009F25F0 /* PBXContainerItemProxy */ = {
			isa = PBXContainerItemProxy;
			containerPortal = 9A5EE4C62650D216009F25F0 /* acme.xcodeproj */;
			proxyType = 2;
			remoteGlobalIDString = 9AD692B6251A753A00C0EBD7;
			remoteInfo = ios_acme;
		};
		9A5EE4D42650D226009F25F0 /* PBXContainerItemProxy */ = {
			isa = PBXContainerItemProxy;
			containerPortal = 9A5EE4CF2650D226009F25F0 /* idn.xcodeproj */;
			proxyType = 2;
			remoteGlobalIDString = 9AA5E6D616F7C61B005C45CE;
			remoteInfo = idn;
		};
		9A5EE4D62650D226009F25F0 /* PBXContainerItemProxy */ = {
			isa = PBXContainerItemProxy;
			containerPortal = 9A5EE4CF2650D226009F25F0 /* idn.xcodeproj */;
			proxyType = 2;
			remoteGlobalIDString = 077A00AB1B4D4F9E001C85FF;
			remoteInfo = ios_idn;
		};
		9A5EE4D82650D252009F25F0 /* PBXContainerItemProxy */ = {
			isa = PBXContainerItemProxy;
			containerPortal = 9A5EE4CF2650D226009F25F0 /* idn.xcodeproj */;
			proxyType = 1;
			remoteGlobalIDString = 9AA5E4C216F7C61B005C45CE;
			remoteInfo = idn;
		};
		9A5EE4DA2650D252009F25F0 /* PBXContainerItemProxy */ = {
			isa = PBXContainerItemProxy;
			containerPortal = 9A5EE4C62650D216009F25F0 /* acme.xcodeproj */;
			proxyType = 1;
			remoteGlobalIDString = 9A68A41325114352008DABD2;
			remoteInfo = acme;
		};
		9A5EE4DC2650D252009F25F0 /* PBXContainerItemProxy */ = {
			isa = PBXContainerItemProxy;
			containerPortal = 9A5EE4C02650D208009F25F0 /* acme_posix.xcodeproj */;
			proxyType = 1;
			remoteGlobalIDString = 9A0C1637264A281D00B5CC33;
			remoteInfo = acme_posix;
		};
		9A5EE4DE2650D252009F25F0 /* PBXContainerItemProxy */ = {
			isa = PBXContainerItemProxy;
			containerPortal = 9A5EE4BA2650D1F8009F25F0 /* acme_apple.xcodeproj */;
			proxyType = 1;
			remoteGlobalIDString = 9A15A581264B536C0080670E;
			remoteInfo = acme_apple;
		};
		9A5EE4E02650D252009F25F0 /* PBXContainerItemProxy */ = {
			isa = PBXContainerItemProxy;
			containerPortal = 9A5EE4AC2650D1BB009F25F0 /* acme_macos.xcodeproj */;
			proxyType = 1;
			remoteGlobalIDString = 9A0C165E264A290E00B5CC33;
			remoteInfo = acme_macos;
		};
/* End PBXContainerItemProxy section */

/* Begin PBXCopyFilesBuildPhase section */
		9A5EE4EA2650D27B009F25F0 /* Embed Libraries */ = {
			isa = PBXCopyFilesBuildPhase;
			buildActionMask = 2147483647;
			dstPath = "";
			dstSubfolderSpec = 6;
			files = (
				9A5EE4EC2650D283009F25F0 /* libidn.dylib in Embed Libraries */,
				9A5EE4FD2650D7CB009F25F0 /* libacme.dylib in Embed Libraries */,
				9A5EE4E72650D27B009F25F0 /* libacme_macos.dylib in Embed Libraries */,
				9A5EE4E92650D27B009F25F0 /* libacme_posix.dylib in Embed Libraries */,
				9A5EE4E52650D27B009F25F0 /* libacme_apple.dylib in Embed Libraries */,
			);
			name = "Embed Libraries";
			runOnlyForDeploymentPostprocessing = 0;
		};
/* End PBXCopyFilesBuildPhase section */

/* Begin PBXFileReference section */
		9A5EE4912650D105009F25F0 /* _helloearth */ = {isa = PBXFileReference; explicitFileType = "compiled.mach-o.executable"; includeInIndex = 0; path = _helloearth; sourceTree = BUILT_PRODUCTS_DIR; };
		9A5EE4A32650D168009F25F0 /* main.cpp */ = {isa = PBXFileReference; fileEncoding = 4; lastKnownFileType = sourcecode.cpp.cpp; path = main.cpp; sourceTree = "<group>"; };
		9A5EE4AC2650D1BB009F25F0 /* acme_macos.xcodeproj */ = {isa = PBXFileReference; lastKnownFileType = "wrapper.pb-project"; name = acme_macos.xcodeproj; path = "../../../archive/platform-macos/acme_macos/acme_macos.xcodeproj"; sourceTree = "<group>"; };
		9A5EE4BA2650D1F8009F25F0 /* acme_apple.xcodeproj */ = {isa = PBXFileReference; lastKnownFileType = "wrapper.pb-project"; name = acme_apple.xcodeproj; path = "../../../archive/platform-apple/acme_apple/acme_apple.xcodeproj"; sourceTree = "<group>"; };
		9A5EE4C02650D208009F25F0 /* acme_posix.xcodeproj */ = {isa = PBXFileReference; lastKnownFileType = "wrapper.pb-project"; name = acme_posix.xcodeproj; path = "../../../archive/platform-posix/acme_posix/acme_posix.xcodeproj"; sourceTree = "<group>"; };
		9A5EE4C62650D216009F25F0 /* acme.xcodeproj */ = {isa = PBXFileReference; lastKnownFileType = "wrapper.pb-project"; name = acme.xcodeproj; path = ../../app/acme/acme.xcodeproj; sourceTree = "<group>"; };
		9A5EE4CF2650D226009F25F0 /* idn.xcodeproj */ = {isa = PBXFileReference; lastKnownFileType = "wrapper.pb-project"; name = idn.xcodeproj; path = ../../third/idn/idn.xcodeproj; sourceTree = "<group>"; };
/* End PBXFileReference section */

/* Begin PBXFrameworksBuildPhase section */
		9A5EE48E2650D105009F25F0 /* Frameworks */ = {
			isa = PBXFrameworksBuildPhase;
			buildActionMask = 2147483647;
			files = (
				9A5EE4E32650D260009F25F0 /* libacme.dylib in Frameworks */,
			);
			runOnlyForDeploymentPostprocessing = 0;
		};
/* End PBXFrameworksBuildPhase section */

/* Begin PBXGroup section */
		9A5EE4882650D105009F25F0 = {
			isa = PBXGroup;
			children = (
				9A5EE4CF2650D226009F25F0 /* idn.xcodeproj */,
				9A5EE4C62650D216009F25F0 /* acme.xcodeproj */,
				9A5EE4C02650D208009F25F0 /* acme_posix.xcodeproj */,
				9A5EE4BA2650D1F8009F25F0 /* acme_apple.xcodeproj */,
				9A5EE4AC2650D1BB009F25F0 /* acme_macos.xcodeproj */,
				9A5EE49B2650D168009F25F0 /* helloearth */,
				9A5EE4922650D105009F25F0 /* Products */,
				9A5EE4E22650D260009F25F0 /* Frameworks */,
			);
			sourceTree = "<group>";
		};
		9A5EE4922650D105009F25F0 /* Products */ = {
			isa = PBXGroup;
			children = (
				9A5EE4912650D105009F25F0 /* _helloearth */,
			);
			name = Products;
			sourceTree = "<group>";
		};
		9A5EE49B2650D168009F25F0 /* helloearth */ = {
			isa = PBXGroup;
			children = (
				9A5EE4A32650D168009F25F0 /* main.cpp */,
			);
			name = helloearth;
			sourceTree = "<group>";
		};
		9A5EE4AD2650D1BB009F25F0 /* Products */ = {
			isa = PBXGroup;
			children = (
				9A5EE4B82650D1BC009F25F0 /* libacme_macos.dylib */,
			);
			name = Products;
			sourceTree = "<group>";
		};
		9A5EE4BB2650D1F8009F25F0 /* Products */ = {
			isa = PBXGroup;
			children = (
				9A5EE4BF2650D1F8009F25F0 /* libacme_apple.dylib */,
			);
			name = Products;
			sourceTree = "<group>";
		};
		9A5EE4C12650D208009F25F0 /* Products */ = {
			isa = PBXGroup;
			children = (
				9A5EE4C52650D208009F25F0 /* libacme_posix.dylib */,
			);
			name = Products;
			sourceTree = "<group>";
		};
		9A5EE4C72650D216009F25F0 /* Products */ = {
			isa = PBXGroup;
			children = (
				9A5EE4CC2650D217009F25F0 /* libacme.dylib */,
				9A5EE4CE2650D217009F25F0 /* libios_acme.a */,
			);
			name = Products;
			sourceTree = "<group>";
		};
		9A5EE4D02650D226009F25F0 /* Products */ = {
			isa = PBXGroup;
			children = (
				9A5EE4D52650D226009F25F0 /* libidn.dylib */,
				9A5EE4D72650D226009F25F0 /* libios_idn.a */,
			);
			name = Products;
			sourceTree = "<group>";
		};
		9A5EE4E22650D260009F25F0 /* Frameworks */ = {
			isa = PBXGroup;
			children = (
			);
			name = Frameworks;
			sourceTree = "<group>";
		};
/* End PBXGroup section */

/* Begin PBXNativeTarget section */
		9A5EE4902650D105009F25F0 /* _helloearth */ = {
			isa = PBXNativeTarget;
			buildConfigurationList = 9A5EE4982650D105009F25F0 /* Build configuration list for PBXNativeTarget "_helloearth" */;
			buildPhases = (
				9A5EE48D2650D105009F25F0 /* Sources */,
				9A5EE48E2650D105009F25F0 /* Frameworks */,
				9A5EE4EA2650D27B009F25F0 /* Embed Libraries */,
			);
			buildRules = (
			);
			dependencies = (
				9A5EE4D92650D252009F25F0 /* PBXTargetDependency */,
				9A5EE4DB2650D252009F25F0 /* PBXTargetDependency */,
				9A5EE4DD2650D252009F25F0 /* PBXTargetDependency */,
				9A5EE4DF2650D252009F25F0 /* PBXTargetDependency */,
				9A5EE4E12650D252009F25F0 /* PBXTargetDependency */,
			);
			name = _helloearth;
			productName = helloearth;
			productReference = 9A5EE4912650D105009F25F0 /* _helloearth */;
			productType = "com.apple.product-type.tool";
		};
/* End PBXNativeTarget section */

/* Begin PBXProject section */
		9A5EE4892650D105009F25F0 /* Project object */ = {
			isa = PBXProject;
			attributes = {
				LastUpgradeCheck = 1250;
				TargetAttributes = {
					9A5EE4902650D105009F25F0 = {
						CreatedOnToolsVersion = 12.5;
					};
				};
			};
			buildConfigurationList = 9A5EE48C2650D105009F25F0 /* Build configuration list for PBXProject "_helloearth" */;
			compatibilityVersion = "Xcode 9.3";
			developmentRegion = en;
			hasScannedForEncodings = 0;
			knownRegions = (
				en,
				Base,
			);
			mainGroup = 9A5EE4882650D105009F25F0;
			productRefGroup = 9A5EE4922650D105009F25F0 /* Products */;
			projectDirPath = "";
			projectReferences = (
				{
					ProductGroup = 9A5EE4C72650D216009F25F0 /* Products */;
					ProjectRef = 9A5EE4C62650D216009F25F0 /* acme.xcodeproj */;
				},
				{
					ProductGroup = 9A5EE4BB2650D1F8009F25F0 /* Products */;
					ProjectRef = 9A5EE4BA2650D1F8009F25F0 /* acme_apple.xcodeproj */;
				},
				{
					ProductGroup = 9A5EE4AD2650D1BB009F25F0 /* Products */;
					ProjectRef = 9A5EE4AC2650D1BB009F25F0 /* acme_macos.xcodeproj */;
				},
				{
					ProductGroup = 9A5EE4C12650D208009F25F0 /* Products */;
					ProjectRef = 9A5EE4C02650D208009F25F0 /* acme_posix.xcodeproj */;
				},
				{
					ProductGroup = 9A5EE4D02650D226009F25F0 /* Products */;
					ProjectRef = 9A5EE4CF2650D226009F25F0 /* idn.xcodeproj */;
				},
			);
			projectRoot = "";
			targets = (
				9A5EE4902650D105009F25F0 /* _helloearth */,
			);
		};
/* End PBXProject section */

/* Begin PBXReferenceProxy section */
		9A5EE4B82650D1BC009F25F0 /* libacme_macos.dylib */ = {
			isa = PBXReferenceProxy;
			fileType = "compiled.mach-o.dylib";
			path = libacme_macos.dylib;
			remoteRef = 9A5EE4B72650D1BC009F25F0 /* PBXContainerItemProxy */;
			sourceTree = BUILT_PRODUCTS_DIR;
		};
		9A5EE4BF2650D1F8009F25F0 /* libacme_apple.dylib */ = {
			isa = PBXReferenceProxy;
			fileType = "compiled.mach-o.dylib";
			path = libacme_apple.dylib;
			remoteRef = 9A5EE4BE2650D1F8009F25F0 /* PBXContainerItemProxy */;
			sourceTree = BUILT_PRODUCTS_DIR;
		};
		9A5EE4C52650D208009F25F0 /* libacme_posix.dylib */ = {
			isa = PBXReferenceProxy;
			fileType = "compiled.mach-o.dylib";
			path = libacme_posix.dylib;
			remoteRef = 9A5EE4C42650D208009F25F0 /* PBXContainerItemProxy */;
			sourceTree = BUILT_PRODUCTS_DIR;
		};
		9A5EE4CC2650D217009F25F0 /* libacme.dylib */ = {
			isa = PBXReferenceProxy;
			fileType = "compiled.mach-o.dylib";
			path = libacme.dylib;
			remoteRef = 9A5EE4CB2650D217009F25F0 /* PBXContainerItemProxy */;
			sourceTree = BUILT_PRODUCTS_DIR;
		};
		9A5EE4CE2650D217009F25F0 /* libios_acme.a */ = {
			isa = PBXReferenceProxy;
			fileType = "compiled.mach-o.dylib";
			path = libios_acme.a;
			remoteRef = 9A5EE4CD2650D217009F25F0 /* PBXContainerItemProxy */;
			sourceTree = BUILT_PRODUCTS_DIR;
		};
		9A5EE4D52650D226009F25F0 /* libidn.dylib */ = {
			isa = PBXReferenceProxy;
			fileType = "compiled.mach-o.dylib";
			path = libidn.dylib;
			remoteRef = 9A5EE4D42650D226009F25F0 /* PBXContainerItemProxy */;
			sourceTree = BUILT_PRODUCTS_DIR;
		};
		9A5EE4D72650D226009F25F0 /* libios_idn.a */ = {
			isa = PBXReferenceProxy;
			fileType = "compiled.mach-o.dylib";
			path = libios_idn.a;
			remoteRef = 9A5EE4D62650D226009F25F0 /* PBXContainerItemProxy */;
			sourceTree = BUILT_PRODUCTS_DIR;
		};
/* End PBXReferenceProxy section */

/* Begin PBXSourcesBuildPhase section */
		9A5EE48D2650D105009F25F0 /* Sources */ = {
			isa = PBXSourcesBuildPhase;
			buildActionMask = 2147483647;
			files = (
				9A5EE4AB2650D169009F25F0 /* main.cpp in Sources */,
			);
			runOnlyForDeploymentPostprocessing = 0;
		};
/* End PBXSourcesBuildPhase section */

/* Begin PBXTargetDependency section */
		9A5EE4D92650D252009F25F0 /* PBXTargetDependency */ = {
			isa = PBXTargetDependency;
			name = idn;
			targetProxy = 9A5EE4D82650D252009F25F0 /* PBXContainerItemProxy */;
		};
		9A5EE4DB2650D252009F25F0 /* PBXTargetDependency */ = {
			isa = PBXTargetDependency;
			name = acme;
			targetProxy = 9A5EE4DA2650D252009F25F0 /* PBXContainerItemProxy */;
		};
		9A5EE4DD2650D252009F25F0 /* PBXTargetDependency */ = {
			isa = PBXTargetDependency;
			name = acme_posix;
			targetProxy = 9A5EE4DC2650D252009F25F0 /* PBXContainerItemProxy */;
		};
		9A5EE4DF2650D252009F25F0 /* PBXTargetDependency */ = {
			isa = PBXTargetDependency;
			name = acme_apple;
			targetProxy = 9A5EE4DE2650D252009F25F0 /* PBXContainerItemProxy */;
		};
		9A5EE4E12650D252009F25F0 /* PBXTargetDependency */ = {
			isa = PBXTargetDependency;
			name = acme_macos;
			targetProxy = 9A5EE4E02650D252009F25F0 /* PBXContainerItemProxy */;
		};
/* End PBXTargetDependency section */

/* Begin XCBuildConfiguration section */
		9A5EE4962650D105009F25F0 /* Debug */ = {
			isa = XCBuildConfiguration;
			buildSettings = {
				ALWAYS_SEARCH_USER_PATHS = NO;
				CLANG_ANALYZER_NONNULL = YES;
				CLANG_ANALYZER_NUMBER_OBJECT_CONVERSION = YES_AGGRESSIVE;
				CLANG_CXX_LANGUAGE_STANDARD = "c++2a";
				CLANG_CXX_LIBRARY = "libc++";
				CLANG_ENABLE_MODULES = YES;
				CLANG_ENABLE_OBJC_ARC = YES;
				CLANG_ENABLE_OBJC_WEAK = YES;
				CLANG_WARN_BLOCK_CAPTURE_AUTORELEASING = YES;
				CLANG_WARN_BOOL_CONVERSION = YES;
				CLANG_WARN_COMMA = YES;
				CLANG_WARN_CONSTANT_CONVERSION = YES;
				CLANG_WARN_DEPRECATED_OBJC_IMPLEMENTATIONS = YES;
				CLANG_WARN_DIRECT_OBJC_ISA_USAGE = YES_ERROR;
				CLANG_WARN_DOCUMENTATION_COMMENTS = YES;
				CLANG_WARN_EMPTY_BODY = YES;
				CLANG_WARN_ENUM_CONVERSION = YES;
				CLANG_WARN_INFINITE_RECURSION = YES;
				CLANG_WARN_INT_CONVERSION = YES;
				CLANG_WARN_NON_LITERAL_NULL_CONVERSION = YES;
				CLANG_WARN_OBJC_IMPLICIT_RETAIN_SELF = YES;
				CLANG_WARN_OBJC_LITERAL_CONVERSION = YES;
				CLANG_WARN_OBJC_ROOT_CLASS = YES_ERROR;
				CLANG_WARN_QUOTED_INCLUDE_IN_FRAMEWORK_HEADER = YES;
				CLANG_WARN_RANGE_LOOP_ANALYSIS = YES;
				CLANG_WARN_STRICT_PROTOTYPES = YES;
				CLANG_WARN_SUSPICIOUS_MOVE = YES;
				CLANG_WARN_UNGUARDED_AVAILABILITY = YES_AGGRESSIVE;
				CLANG_WARN_UNREACHABLE_CODE = YES;
				CLANG_WARN__DUPLICATE_METHOD_MATCH = YES;
				COPY_PHASE_STRIP = NO;
				DEBUG_INFORMATION_FORMAT = dwarf;
				ENABLE_STRICT_OBJC_MSGSEND = YES;
				ENABLE_TESTABILITY = YES;
				GCC_C_LANGUAGE_STANDARD = gnu11;
				GCC_DYNAMIC_NO_PIC = NO;
				GCC_NO_COMMON_BLOCKS = YES;
				GCC_OPTIMIZATION_LEVEL = 0;
				GCC_PREPROCESSOR_DEFINITIONS = (
					"DEBUG=1",
					"$(inherited)",
				);
				GCC_WARN_64_TO_32_BIT_CONVERSION = YES;
				GCC_WARN_ABOUT_RETURN_TYPE = YES_ERROR;
				GCC_WARN_UNDECLARED_SELECTOR = YES;
				GCC_WARN_UNINITIALIZED_AUTOS = YES_AGGRESSIVE;
				GCC_WARN_UNUSED_FUNCTION = YES;
				GCC_WARN_UNUSED_VARIABLE = YES;
				HEADER_SEARCH_PATHS = "";
				INSTALL_PATH = "@executable_path";
				LD_RUNPATH_SEARCH_PATHS = "@executable_path";
				LIBRARY_SEARCH_PATHS = (
					"$(inherited)",
					"$(WorkspaceDir)/archive",
					"$(WorkspaceDir)/archive/storage-$(PLATFORM_MODIFIER)/library/$(CONFIGURATION)",
					"$(WorkspaceDir)/time/$(PLATFORM_MODIFIER)",
				);
				MACOSX_DEPLOYMENT_TARGET = 10.9;
				MTL_ENABLE_DEBUG_INFO = INCLUDE_SOURCE;
				MTL_FAST_MATH = YES;
				ONLY_ACTIVE_ARCH = YES;
				SDKROOT = macosx;
				USER_HEADER_SEARCH_PATHS = (
					.,
					"$(WorkspaceDir)/source",
					"$(WorkspaceDir)/source/include",
					"$(WorkspaceDir)/source/app",
					"$(WorkspaceDir)/source/app/_include",
					"$(WorkspaceDir)/archive",
					"$(WorkspaceDir)/archive/platform-$(PLATFORM_MODIFIER)",
					"$(WorkspaceDir)/archive/platform-$(PLATFORM_MODIFIER)/_include",
					"$(WorkspaceDir)/source/third/include",
					"$(WorkspaceDir)/archive/third-$(PLATFORM_MODIFIER)/third/include/include",
					"$(WorkspaceDir)/archive/third-$(PLATFORM_MODIFIER)/third/include",
					"$(PROJECT_DIR)",
					"$(HOME)/sensitive/sensitive/include",
				);
				USE_HEADERMAP = NO;
				WorkspaceDir = "$(SRCROOT)/../../..";
			};
			name = Debug;
		};
		9A5EE4972650D105009F25F0 /* Release */ = {
			isa = XCBuildConfiguration;
			buildSettings = {
				ALWAYS_SEARCH_USER_PATHS = NO;
				CLANG_ANALYZER_NONNULL = YES;
				CLANG_ANALYZER_NUMBER_OBJECT_CONVERSION = YES_AGGRESSIVE;
				CLANG_CXX_LANGUAGE_STANDARD = "c++2a";
				CLANG_CXX_LIBRARY = "libc++";
				CLANG_ENABLE_MODULES = YES;
				CLANG_ENABLE_OBJC_ARC = YES;
				CLANG_ENABLE_OBJC_WEAK = YES;
				CLANG_WARN_BLOCK_CAPTURE_AUTORELEASING = YES;
				CLANG_WARN_BOOL_CONVERSION = YES;
				CLANG_WARN_COMMA = YES;
				CLANG_WARN_CONSTANT_CONVERSION = YES;
				CLANG_WARN_DEPRECATED_OBJC_IMPLEMENTATIONS = YES;
				CLANG_WARN_DIRECT_OBJC_ISA_USAGE = YES_ERROR;
				CLANG_WARN_DOCUMENTATION_COMMENTS = YES;
				CLANG_WARN_EMPTY_BODY = YES;
				CLANG_WARN_ENUM_CONVERSION = YES;
				CLANG_WARN_INFINITE_RECURSION = YES;
				CLANG_WARN_INT_CONVERSION = YES;
				CLANG_WARN_NON_LITERAL_NULL_CONVERSION = YES;
				CLANG_WARN_OBJC_IMPLICIT_RETAIN_SELF = YES;
				CLANG_WARN_OBJC_LITERAL_CONVERSION = YES;
				CLANG_WARN_OBJC_ROOT_CLASS = YES_ERROR;
				CLANG_WARN_QUOTED_INCLUDE_IN_FRAMEWORK_HEADER = YES;
				CLANG_WARN_RANGE_LOOP_ANALYSIS = YES;
				CLANG_WARN_STRICT_PROTOTYPES = YES;
				CLANG_WARN_SUSPICIOUS_MOVE = YES;
				CLANG_WARN_UNGUARDED_AVAILABILITY = YES_AGGRESSIVE;
				CLANG_WARN_UNREACHABLE_CODE = YES;
				CLANG_WARN__DUPLICATE_METHOD_MATCH = YES;
				COPY_PHASE_STRIP = NO;
				DEBUG_INFORMATION_FORMAT = "dwarf-with-dsym";
				ENABLE_HARDENED_RUNTIME = YES;
				ENABLE_NS_ASSERTIONS = NO;
				ENABLE_STRICT_OBJC_MSGSEND = YES;
				GCC_C_LANGUAGE_STANDARD = gnu11;
				GCC_NO_COMMON_BLOCKS = YES;
				GCC_WARN_64_TO_32_BIT_CONVERSION = YES;
				GCC_WARN_ABOUT_RETURN_TYPE = YES_ERROR;
				GCC_WARN_UNDECLARED_SELECTOR = YES;
				GCC_WARN_UNINITIALIZED_AUTOS = YES_AGGRESSIVE;
				GCC_WARN_UNUSED_FUNCTION = YES;
				GCC_WARN_UNUSED_VARIABLE = YES;
				HEADER_SEARCH_PATHS = "";
				INSTALL_PATH = "@executable_path";
				LD_RUNPATH_SEARCH_PATHS = "@executable_path";
				LIBRARY_SEARCH_PATHS = (
					"$(inherited)",
					"$(WorkspaceDir)/archive",
					"$(WorkspaceDir)/archive/platform-$(PLATFORM_MODIFIER)/storage-$(PLATFORM_MODIFIER)/library/$(CONFIGURATION)",
					"$(WorkspaceDir)/archive",
					"$(WorkspaceDir)/archive/platform-$(PLATFORM_MODIFIER)/storage-$(PLATFORM_MODIFIER)/third/library/$(CONFIGURATION)",
					"$(WorkspaceDir)/time/$(PLATFORM_MODIFIER)",
				);
				MACOSX_DEPLOYMENT_TARGET = 10.9;
				MTL_ENABLE_DEBUG_INFO = NO;
				MTL_FAST_MATH = YES;
				SDKROOT = macosx;
				USER_HEADER_SEARCH_PATHS = (
					.,
					"$(WorkspaceDir)/source",
					"$(WorkspaceDir)/source/include",
					"$(WorkspaceDir)/source/app",
					"$(WorkspaceDir)/source/app/_include",
					"$(WorkspaceDir)/archive",
					"$(WorkspaceDir)/archive/platform-$(PLATFORM_MODIFIER)",
					"$(WorkspaceDir)/archive/platform-$(PLATFORM_MODIFIER)/_include",
					"$(WorkspaceDir)/source/third/include",
					"$(WorkspaceDir)/archive/third-$(PLATFORM_MODIFIER)/third/include/include",
					"$(WorkspaceDir)/archive/third-$(PLATFORM_MODIFIER)/third/include",
					"$(PROJECT_DIR)",
					"$(HOME)/sensitive/sensitive/include",
				);
				USE_HEADERMAP = NO;
				WorkspaceDir = "$(SRCROOT)/../../..";
			};
			name = Release;
		};
		9A5EE4992650D105009F25F0 /* Debug */ = {
			isa = XCBuildConfiguration;
			buildSettings = {
				PLATFORM_MODIFIER = macos;
				PRODUCT_BUNDLE_IDENTIFIER = software.ca2.console.helloearth;
				PRODUCT_NAME = "$(TARGET_NAME)";
			};
			name = Debug;
		};
		9A5EE49A2650D105009F25F0 /* Release */ = {
			isa = XCBuildConfiguration;
			buildSettings = {
				PLATFORM_MODIFIER = macos;
				PRODUCT_BUNDLE_IDENTIFIER = software.ca2.console.helloearth;
				PRODUCT_NAME = "$(TARGET_NAME)";
			};
			name = Release;
		};
/* End XCBuildConfiguration section */

/* Begin XCConfigurationList section */
		9A5EE48C2650D105009F25F0 /* Build configuration list for PBXProject "_helloearth" */ = {
			isa = XCConfigurationList;
			buildConfigurations = (
				9A5EE4962650D105009F25F0 /* Debug */,
				9A5EE4972650D105009F25F0 /* Release */,
			);
			defaultConfigurationIsVisible = 0;
			defaultConfigurationName = Release;
		};
		9A5EE4982650D105009F25F0 /* Build configuration list for PBXNativeTarget "_helloearth" */ = {
			isa = XCConfigurationList;
			buildConfigurations = (
				9A5EE4992650D105009F25F0 /* Debug */,
				9A5EE49A2650D105009F25F0 /* Release */,
			);
			defaultConfigurationIsVisible = 0;
			defaultConfigurationName = Release;
		};
/* End XCConfigurationList section */
	};
	rootObject = 9A5EE4892650D105009F25F0 /* Project object */;
}
