// !$*UTF8*$!
{
	archiveVersion = 1;
	classes = {
	};
	objectVersion = 54;
	objects = {

/* Begin PBXBuildFile section */
		822A5A1B80544BD866A9CF3C /* libacme_posix.dylib in Frameworks */ = {isa = PBXBuildFile; fileRef = 4706C1CF34B7696D51F4BC16 /* libacme_posix.dylib */; };
		0ADD5137F313C57DE0CD4340 /* libidn.dylib in Frameworks */ = {isa = PBXBuildFile; fileRef = 451591A37783D4ADC892417B /* libidn.dylib */; };
		19E660A16B05A1BA7FDE67D5 /* libacme_apple.dylib in Frameworks */ = {isa = PBXBuildFile; fileRef = 8A4AA9A78690D1E824BC6128 /* libacme_apple.dylib */; };
		A0BD463863A3A00C33AA015F /* libacme.dylib in Frameworks */ = {isa = PBXBuildFile; fileRef = 8C6B28DEAE55F9B81DAAC1E8 /* libacme.dylib */; };
		B3306FB56035E6FB3D379E44 /* a-2023-02-02-twitch@ca2software.cpp in Sources */ = {isa = PBXBuildFile; fileRef = 5EAB68A47AF93F71EAF7802B /* a-2023-02-02-twitch@ca2software.cpp */; };
		31E41F5902D42B421D28D4DC /* libarchive.dylib in Frameworks */ = {isa = PBXBuildFile; fileRef = 2371F5FB74C97AD163675809 /* libarchive.dylib */; };
		8878B14A958BEB90F760CE9D /* libarchive.dylib in Embed Libraries */ = {isa = PBXBuildFile; fileRef = 2371F5FB74C97AD163675809 /* libarchive.dylib */; settings = {ATTRIBUTES = (CodeSignOnCopy, ); }; };
		B1D6E1A7AB6A5734034436D8 /* application.cpp in Sources */ = {isa = PBXBuildFile; fileRef = B379CBDA6C6CA4CCF261B787 /* application.cpp */; };
		BAC51A6BDC56D7089909BB3A /* 1-2022-02-11-twitch-memoriesdota_file_word_count.cpp in Sources */ = {isa = PBXBuildFile; fileRef = E7FB4CCD694EF6FFFC4F0C34 /* 1-2022-02-11-twitch-memoriesdota_file_word_count.cpp */; };
		D6B1523C1EEE3292ACF47B95 /* 9-2022-11-15-twitch@nicopelullo-inorder__preorder_and_post_order.cpp in Sources */ = {isa = PBXBuildFile; fileRef = 563F00D99EB26A4F0237444D /* 9-2022-11-15-twitch@nicopelullo-inorder__preorder_and_post_order.cpp */; };
		B695E3725F3BB5FE4750F6DC /* 6-2022-10-05-twitch-octaelliptical_count_miscellaneous_characters.cpp in Sources */ = {isa = PBXBuildFile; fileRef = E85CC165237407A0C4687A5E /* 6-2022-10-05-twitch-octaelliptical_count_miscellaneous_characters.cpp */; };
		CAF174CD148FF801898EB0A6 /* 5-2022-10-04-twitch-octaelliptical_iterative_fibonacci.cpp in Sources */ = {isa = PBXBuildFile; fileRef = 98F6F9BEF8327927EBB2EBFE /* 5-2022-10-04-twitch-octaelliptical_iterative_fibonacci.cpp */; };
		FB4C52AC0AAAC9774C14F33D /* 2-2022-07-11-twitch-korishama_polymorphism.cpp in Sources */ = {isa = PBXBuildFile; fileRef = FB4B4EADE900E0CCD9B64515 /* 2-2022-07-11-twitch-korishama_polymorphism.cpp */; };
		308CC0596374B4C6100A84D8 /* 7-2022-10-06-twitch-octaelliptical_list_prime_numbers.cpp in Sources */ = {isa = PBXBuildFile; fileRef = ADEADFE6339819BCDF1F0D47 /* 7-2022-10-06-twitch-octaelliptical_list_prime_numbers.cpp */; };
		1A5587239FB9ABD4F4C2D132 /* 3-2022-09-30-twitch-octaelliptical_star.cpp in Sources */ = {isa = PBXBuildFile; fileRef = DEFDB18E66E1A7C756839294 /* 3-2022-09-30-twitch-octaelliptical_star.cpp */; };
		A2D04FF9285239D1AF51A278 /* 4-2022-10-01-twitch-octaelliptical_star_only_odd_line_count.cpp in Sources */ = {isa = PBXBuildFile; fileRef = 4EBD2CE2D9516BE56C5DC260 /* 4-2022-10-01-twitch-octaelliptical_star_only_odd_line_count.cpp */; };
		08EEBD2A546C1A0E9914BADC /* 8-2022-11-14-twitch@nicopelullo-binary_tree_to_stack.cpp in Sources */ = {isa = PBXBuildFile; fileRef = 8800405BE2FDCA938EA0B947 /* 8-2022-11-14-twitch@nicopelullo-binary_tree_to_stack.cpp */; };
		D5BC5BB128510FE78DA8A282 /* twitch.cpp in Sources */ = {isa = PBXBuildFile; fileRef = B94E7DAB6A675EC0BD109465 /* twitch.cpp */; };
/* End PBXBuildFile section */

/* Begin PBXContainerItemProxy section */
		508E8C47732A51FC5B907ECC /* PBXContainerItemProxy */ = {
			isa = PBXContainerItemProxy;
			containerPortal = 70EB6CC07128332FD95DF1E1 /* acme_macos.xcodeproj */;
			proxyType = 2;
			remoteGlobalIDString = A40CCFCA65C9C09ABDEA8348;
			remoteInfo = acme_macos;
		};
		0C1B6699235DD9885E139BBE /* PBXContainerItemProxy */ = {
			isa = PBXContainerItemProxy;
			containerPortal = 70EB6CC07128332FD95DF1E1 /* acme_macos.xcodeproj */;
			proxyType = 1;
			remoteGlobalIDString = B4E9219CED2FE697049BA3FB;
			remoteInfo = acme_macos;
		};
		6963E7C94D1B36AE8AE54FD7 /* PBXContainerItemProxy */ = {
			isa = PBXContainerItemProxy;
			containerPortal = 70EB6CC07128332FD95DF1E1 /* acme_macos.xcodeproj */;
			proxyType = 2;
			remoteGlobalIDString = 32AEB821486B3BF7251B3927;
			remoteInfo = _acme_macos;
		};
/* End PBXContainerItemProxy section */

/* Begin PBXCopyFilesBuildPhase section */
		9402CF99ACDC3F0C53BACE91 /* Embed Libraries */ = {
			isa = PBXCopyFilesBuildPhase;
			buildActionMask = 2147483647;
			dstPath = "";
			dstSubfolderSpec = 16;
			files = (
			);
			name = "Embed Libraries";
			runOnlyForDeploymentPostprocessing = 0;
		};
		1717DE9B75CA2FC8FDD21D80 /* Embed Libraries */ = {
			isa = PBXCopyFilesBuildPhase;
			buildActionMask = 2147483647;
			dstPath = "";
			dstSubfolderSpec = 10;
			files = (
				8878B14A958BEB90F760CE9D /* libarchive.dylib in Embed Libraries */,
			);
			name = "Embed Libraries";
			runOnlyForDeploymentPostprocessing = 0;
		};
/* End PBXCopyFilesBuildPhase section */

/* Begin PBXFileReference section */
		99026AC521A8A07869503917 /* _____release.xcconfig */ = {isa = PBXFileReference; fileEncoding = 4; lastKnownFileType = text.xcconfig; path = "_____release.xcconfig"; sourceTree = "<group>"; };
		06FEA7DC3A2C2238D81DFC77 /* _____debug.xcconfig */ = {isa = PBXFileReference; fileEncoding = 4; lastKnownFileType = text.xcconfig; path = "_____debug.xcconfig"; sourceTree = "<group>"; };
		4706C1CF34B7696D51F4BC16 /* libacme_posix.dylib */ = {isa = PBXFileReference; lastKnownFileType = "compiled.mach-o.dylib"; name = libacme_posix.dylib; path = "../../../../../Library/Developer/Xcode/DerivedData/mac-__hello-ferbzpmqoopfvnbsljzanjlsduhf/Build/Products/Debug/libacme_posix.dylib"; sourceTree = "<group>"; };
		451591A37783D4ADC892417B /* libidn.dylib */ = {isa = PBXFileReference; lastKnownFileType = "compiled.mach-o.dylib"; name = libidn.dylib; path = "../../../../../Library/Developer/Xcode/DerivedData/mac-__hello-ferbzpmqoopfvnbsljzanjlsduhf/Build/Products/Debug/libidn.dylib"; sourceTree = "<group>"; };
		8A4AA9A78690D1E824BC6128 /* libacme_apple.dylib */ = {isa = PBXFileReference; lastKnownFileType = "compiled.mach-o.dylib"; name = libacme_apple.dylib; path = "../../../../../Library/Developer/Xcode/DerivedData/mac-__hello-ferbzpmqoopfvnbsljzanjlsduhf/Build/Products/Debug/libacme_apple.dylib"; sourceTree = "<group>"; };
		8C6B28DEAE55F9B81DAAC1E8 /* libacme.dylib */ = {isa = PBXFileReference; lastKnownFileType = "compiled.mach-o.dylib"; name = libacme.dylib; path = "../../../../../Library/Developer/Xcode/DerivedData/mac-__hello-ferbzpmqoopfvnbsljzanjlsduhf/Build/Products/Debug/libacme.dylib"; sourceTree = "<group>"; };
		70EB6CC07128332FD95DF1E1 /* acme_macos.xcodeproj */ = {isa = PBXFileReference; lastKnownFileType = "wrapper.pb-project"; name = acme_macos.xcodeproj; path = "../../../operating_system/operating_system-macos/acme_macos/acme_macos.xcodeproj"; sourceTree = SOURCE_ROOT; };
		5EAB68A47AF93F71EAF7802B /* a-2023-02-02-twitch@ca2software.cpp */ = {isa = PBXFileReference; fileEncoding = 4; lastKnownFileType = sourcecode.cpp.cpp; path = "a-2023-02-02-twitch@ca2software.cpp"; sourceTree = "<group>"; };
		2371F5FB74C97AD163675809 /* libarchive.dylib */ = {isa = PBXFileReference; explicitFileType = "compiled.mach-o.dylib"; path = libarchive.dylib; sourceTree = BUILT_PRODUCTS_DIR; };
		C939CFD8B9EE6A4FD575E1A2 /* helloearth */ = {isa = PBXFileReference; explicitFileType = "compiled.mach-o.executable"; includeInIndex = 0; path = helloearth; sourceTree = BUILT_PRODUCTS_DIR; };
		6BD28597EEE6F1CF139DB60E /* _____debug_application.xcconfig */ = {isa = PBXFileReference; lastKnownFileType = text.xcconfig; path = "_____debug_application.xcconfig"; sourceTree = "<group>"; };
		96995B270C43F08E879EA75C /* _____release_application.xcconfig */ = {isa = PBXFileReference; lastKnownFileType = text.xcconfig; path = "_____release_application.xcconfig"; sourceTree = "<group>"; };
		B379CBDA6C6CA4CCF261B787 /* application.cpp */ = {isa = PBXFileReference; fileEncoding = 4; lastKnownFileType = sourcecode.cpp.cpp; path = application.cpp; sourceTree = "<group>"; };
		E7FB4CCD694EF6FFFC4F0C34 /* 1-2022-02-11-twitch-memoriesdota_file_word_count.cpp */ = {isa = PBXFileReference; fileEncoding = 4; lastKnownFileType = sourcecode.cpp.cpp; path = "1-2022-02-11-twitch-memoriesdota_file_word_count.cpp"; sourceTree = "<group>"; };
		563F00D99EB26A4F0237444D /* 9-2022-11-15-twitch@nicopelullo-inorder__preorder_and_post_order.cpp */ = {isa = PBXFileReference; fileEncoding = 4; lastKnownFileType = sourcecode.cpp.cpp; path = "9-2022-11-15-twitch@nicopelullo-inorder__preorder_and_post_order.cpp"; sourceTree = "<group>"; };
		E85CC165237407A0C4687A5E /* 6-2022-10-05-twitch-octaelliptical_count_miscellaneous_characters.cpp */ = {isa = PBXFileReference; fileEncoding = 4; lastKnownFileType = sourcecode.cpp.cpp; path = "6-2022-10-05-twitch-octaelliptical_count_miscellaneous_characters.cpp"; sourceTree = "<group>"; };
		98F6F9BEF8327927EBB2EBFE /* 5-2022-10-04-twitch-octaelliptical_iterative_fibonacci.cpp */ = {isa = PBXFileReference; fileEncoding = 4; lastKnownFileType = sourcecode.cpp.cpp; path = "5-2022-10-04-twitch-octaelliptical_iterative_fibonacci.cpp"; sourceTree = "<group>"; };
		FB4B4EADE900E0CCD9B64515 /* 2-2022-07-11-twitch-korishama_polymorphism.cpp */ = {isa = PBXFileReference; fileEncoding = 4; lastKnownFileType = sourcecode.cpp.cpp; path = "2-2022-07-11-twitch-korishama_polymorphism.cpp"; sourceTree = "<group>"; };
		ADEADFE6339819BCDF1F0D47 /* 7-2022-10-06-twitch-octaelliptical_list_prime_numbers.cpp */ = {isa = PBXFileReference; fileEncoding = 4; lastKnownFileType = sourcecode.cpp.cpp; path = "7-2022-10-06-twitch-octaelliptical_list_prime_numbers.cpp"; sourceTree = "<group>"; };
		DEFDB18E66E1A7C756839294 /* 3-2022-09-30-twitch-octaelliptical_star.cpp */ = {isa = PBXFileReference; fileEncoding = 4; lastKnownFileType = sourcecode.cpp.cpp; path = "3-2022-09-30-twitch-octaelliptical_star.cpp"; sourceTree = "<group>"; };
		4EBD2CE2D9516BE56C5DC260 /* 4-2022-10-01-twitch-octaelliptical_star_only_odd_line_count.cpp */ = {isa = PBXFileReference; fileEncoding = 4; lastKnownFileType = sourcecode.cpp.cpp; path = "4-2022-10-01-twitch-octaelliptical_star_only_odd_line_count.cpp"; sourceTree = "<group>"; };
		8800405BE2FDCA938EA0B947 /* 8-2022-11-14-twitch@nicopelullo-binary_tree_to_stack.cpp */ = {isa = PBXFileReference; fileEncoding = 4; lastKnownFileType = sourcecode.cpp.cpp; path = "8-2022-11-14-twitch@nicopelullo-binary_tree_to_stack.cpp"; sourceTree = "<group>"; };
		B94E7DAB6A675EC0BD109465 /* twitch.cpp */ = {isa = PBXFileReference; fileEncoding = 4; lastKnownFileType = sourcecode.cpp.cpp; path = twitch.cpp; sourceTree = "<group>"; };
/* End PBXFileReference section */

/* Begin PBXFrameworksBuildPhase section */
		C3E9B82DDB5E02C0702F6A8A /* Frameworks */ = {
			isa = PBXFrameworksBuildPhase;
			buildActionMask = 2147483647;
			files = (
				A0BD463863A3A00C33AA015F /* libacme.dylib in Frameworks */,
				19E660A16B05A1BA7FDE67D5 /* libacme_apple.dylib in Frameworks */,
				31E41F5902D42B421D28D4DC /* libarchive.dylib in Frameworks */,
				0ADD5137F313C57DE0CD4340 /* libidn.dylib in Frameworks */,
				822A5A1B80544BD866A9CF3C /* libacme_posix.dylib in Frameworks */,
			);
			runOnlyForDeploymentPostprocessing = 0;
		};
/* End PBXFrameworksBuildPhase section */

/* Begin PBXGroup section */
		B0E37430210F785E4149E482 /* Products */ = {
			isa = PBXGroup;
			children = (
				387CDB24A03C3C15B0C08993 /* libacme_macos.dylib */,
				1B9B77F73BC32055EEF44595 /* libstatic_acme_macos.a */,
			);
			name = Products;
			sourceTree = "<group>";
		};
		3885ED2095E41E7F49D4AD3B = {
			isa = PBXGroup;
			children = (
				70EB6CC07128332FD95DF1E1 /* acme_macos.xcodeproj */,
				5B892BA0907D0EAE6459DF7E /* helloearth */,
				83AE5AE91015DEEE67303C81 /* Products */,
				6C1082178EC17316F42E3828 /* Frameworks */,
			);
			sourceTree = "<group>";
		};
		83AE5AE91015DEEE67303C81 /* Products */ = {
			isa = PBXGroup;
			children = (
				C939CFD8B9EE6A4FD575E1A2 /* helloearth */,
			);
			name = Products;
			sourceTree = "<group>";
		};
		5B892BA0907D0EAE6459DF7E /* helloearth */ = {
			isa = PBXGroup;
			children = (
				6BD28597EEE6F1CF139DB60E /* _____debug_application.xcconfig */,
				96995B270C43F08E879EA75C /* _____release_application.xcconfig */,
				06FEA7DC3A2C2238D81DFC77 /* _____debug.xcconfig */,
				99026AC521A8A07869503917 /* _____release.xcconfig */,
				B94E7DAB6A675EC0BD109465 /* twitch.cpp */,
				F5B5CF9D07112BE9940AC1F0 /* programs */,
				B379CBDA6C6CA4CCF261B787 /* application.cpp */,
			);
			name = helloearth;
			sourceTree = "<group>";
		};
		6C1082178EC17316F42E3828 /* Frameworks */ = {
			isa = PBXGroup;
			children = (
				2371F5FB74C97AD163675809 /* libarchive.dylib */,
				451591A37783D4ADC892417B /* libidn.dylib */,
				8C6B28DEAE55F9B81DAAC1E8 /* libacme.dylib */,
				8A4AA9A78690D1E824BC6128 /* libacme_apple.dylib */,
				4706C1CF34B7696D51F4BC16 /* libacme_posix.dylib */,
			);
			name = Frameworks;
			sourceTree = "<group>";
		};
		F5B5CF9D07112BE9940AC1F0 /* programs */ = {
			isa = PBXGroup;
			children = (
				E7FB4CCD694EF6FFFC4F0C34 /* 1-2022-02-11-twitch-memoriesdota_file_word_count.cpp */,
				FB4B4EADE900E0CCD9B64515 /* 2-2022-07-11-twitch-korishama_polymorphism.cpp */,
				DEFDB18E66E1A7C756839294 /* 3-2022-09-30-twitch-octaelliptical_star.cpp */,
				4EBD2CE2D9516BE56C5DC260 /* 4-2022-10-01-twitch-octaelliptical_star_only_odd_line_count.cpp */,
				98F6F9BEF8327927EBB2EBFE /* 5-2022-10-04-twitch-octaelliptical_iterative_fibonacci.cpp */,
				E85CC165237407A0C4687A5E /* 6-2022-10-05-twitch-octaelliptical_count_miscellaneous_characters.cpp */,
				ADEADFE6339819BCDF1F0D47 /* 7-2022-10-06-twitch-octaelliptical_list_prime_numbers.cpp */,
				8800405BE2FDCA938EA0B947 /* 8-2022-11-14-twitch@nicopelullo-binary_tree_to_stack.cpp */,
				563F00D99EB26A4F0237444D /* 9-2022-11-15-twitch@nicopelullo-inorder__preorder_and_post_order.cpp */,
				5EAB68A47AF93F71EAF7802B /* a-2023-02-02-twitch@ca2software.cpp */,
			);
			path = programs;
			sourceTree = "<group>";
		};
/* End PBXGroup section */

/* Begin PBXHeadersBuildPhase section */
		5EC1D57BB1A90C573B842A4D /* Headers */ = {
			isa = PBXHeadersBuildPhase;
			buildActionMask = 2147483647;
			files = (
			);
			runOnlyForDeploymentPostprocessing = 0;
		};
/* End PBXHeadersBuildPhase section */

/* Begin PBXNativeTarget section */
		F643C277B467BB2019481DA8 /* helloearth */ = {
			isa = PBXNativeTarget;
			buildConfigurationList = A589491E831D8BB1E18C4CA5 /* Build configuration list for PBXNativeTarget "helloearth" */;
			buildPhases = (
				5EC1D57BB1A90C573B842A4D /* Headers */,
				6240282AF8B490A62B14A0D5 /* Sources */,
				C3E9B82DDB5E02C0702F6A8A /* Frameworks */,
				9402CF99ACDC3F0C53BACE91 /* Embed Libraries */,
				1717DE9B75CA2FC8FDD21D80 /* Embed Libraries */,
			);
			buildRules = (
			);
			dependencies = (
				9EE681C915A9526E5C8E5F0E /* PBXTargetDependency */,
			);
			name = helloearth;
			productName = helloearth;
			productReference = C939CFD8B9EE6A4FD575E1A2 /* helloearth */;
			productType = "com.apple.product-type.tool";
		};
/* End PBXNativeTarget section */

/* Begin PBXProject section */
		006052A630A4150452000997 /* Project object */ = {
			isa = PBXProject;
			attributes = {
				BuildIndependentTargetsInParallel = YES;
				LastUpgradeCheck = 1540;
				TargetAttributes = {
					F643C277B467BB2019481DA8 = {
						CreatedOnToolsVersion = 12.5;
					};
				};
			};
			buildConfigurationList = E8918396A0B36B3F4D74E138 /* Build configuration list for PBXProject "helloearth" */;
			compatibilityVersion = "Xcode 12.0";
			developmentRegion = en;
			hasScannedForEncodings = 0;
			knownRegions = (
				en,
				Base,
			);
			mainGroup = 3885ED2095E41E7F49D4AD3B;
			productRefGroup = 83AE5AE91015DEEE67303C81 /* Products */;
			projectDirPath = "";
			projectReferences = (
				{
					ProductGroup = B0E37430210F785E4149E482 /* Products */;
					ProjectRef = 70EB6CC07128332FD95DF1E1 /* acme_macos.xcodeproj */;
				},
			);
			projectRoot = "";
			targets = (
				F643C277B467BB2019481DA8 /* helloearth */,
			);
		};
/* End PBXProject section */

/* Begin PBXReferenceProxy section */
		387CDB24A03C3C15B0C08993 /* libacme_macos.dylib */ = {
			isa = PBXReferenceProxy;
			fileType = "compiled.mach-o.dylib";
			path = libacme_macos.dylib;
			remoteRef = 508E8C47732A51FC5B907ECC /* PBXContainerItemProxy */;
			sourceTree = BUILT_PRODUCTS_DIR;
		};
		1B9B77F73BC32055EEF44595 /* libstatic_acme_macos.a */ = {
			isa = PBXReferenceProxy;
			fileType = "compiled.mach-o.dylib";
			path = libstatic_acme_macos.a;
			remoteRef = 6963E7C94D1B36AE8AE54FD7 /* PBXContainerItemProxy */;
			sourceTree = BUILT_PRODUCTS_DIR;
		};
/* End PBXReferenceProxy section */

/* Begin PBXSourcesBuildPhase section */
		6240282AF8B490A62B14A0D5 /* Sources */ = {
			isa = PBXSourcesBuildPhase;
			buildActionMask = 2147483647;
			files = (
				B3306FB56035E6FB3D379E44 /* a-2023-02-02-twitch@ca2software.cpp in Sources */,
				308CC0596374B4C6100A84D8 /* 7-2022-10-06-twitch-octaelliptical_list_prime_numbers.cpp in Sources */,
				D5BC5BB128510FE78DA8A282 /* twitch.cpp in Sources */,
				1A5587239FB9ABD4F4C2D132 /* 3-2022-09-30-twitch-octaelliptical_star.cpp in Sources */,
				08EEBD2A546C1A0E9914BADC /* 8-2022-11-14-twitch@nicopelullo-binary_tree_to_stack.cpp in Sources */,
				A2D04FF9285239D1AF51A278 /* 4-2022-10-01-twitch-octaelliptical_star_only_odd_line_count.cpp in Sources */,
				FB4C52AC0AAAC9774C14F33D /* 2-2022-07-11-twitch-korishama_polymorphism.cpp in Sources */,
				CAF174CD148FF801898EB0A6 /* 5-2022-10-04-twitch-octaelliptical_iterative_fibonacci.cpp in Sources */,
				BAC51A6BDC56D7089909BB3A /* 1-2022-02-11-twitch-memoriesdota_file_word_count.cpp in Sources */,
				B695E3725F3BB5FE4750F6DC /* 6-2022-10-05-twitch-octaelliptical_count_miscellaneous_characters.cpp in Sources */,
				B1D6E1A7AB6A5734034436D8 /* application.cpp in Sources */,
				D6B1523C1EEE3292ACF47B95 /* 9-2022-11-15-twitch@nicopelullo-inorder__preorder_and_post_order.cpp in Sources */,
			);
			runOnlyForDeploymentPostprocessing = 0;
		};
/* End PBXSourcesBuildPhase section */

/* Begin PBXTargetDependency section */
		9EE681C915A9526E5C8E5F0E /* PBXTargetDependency */ = {
			isa = PBXTargetDependency;
			name = acme_macos;
			targetProxy = 0C1B6699235DD9885E139BBE /* PBXContainerItemProxy */;
		};
/* End PBXTargetDependency section */

/* Begin XCBuildConfiguration section */
		865D3D5EEF4B8C328AA6E72B /* Debug */ = {
			isa = XCBuildConfiguration;
			baseConfigurationReference = 06FEA7DC3A2C2238D81DFC77 /* _____debug.xcconfig */;
			buildSettings = {
				ALWAYS_SEARCH_USER_PATHS = NO;
				ASSETCATALOG_COMPILER_GENERATE_SWIFT_ASSET_SYMBOL_EXTENSIONS = YES;
				CLANG_ANALYZER_NONNULL = YES;
				CLANG_ANALYZER_NUMBER_OBJECT_CONVERSION = YES_AGGRESSIVE;
				CLANG_CXX_LANGUAGE_STANDARD = "c++20";
				CLANG_CXX_LIBRARY = "libc++";
				CLANG_ENABLE_OBJC_ARC = YES;
				CLANG_ENABLE_OBJC_WEAK = YES;
				CLANG_WARN_BLOCK_CAPTURE_AUTORELEASING = YES;
				CLANG_WARN_BOOL_CONVERSION = YES;
				CLANG_WARN_COMMA = YES;
				CLANG_WARN_CONSTANT_CONVERSION = YES;
				CLANG_WARN_DEPRECATED_OBJC_IMPLEMENTATIONS = YES;
				CLANG_WARN_DIRECT_OBJC_ISA_USAGE = YES_ERROR;
				CLANG_WARN_DOCUMENTATION_COMMENTS = YES;
				CLANG_WARN_EMPTY_BODY = YES;
				CLANG_WARN_ENUM_CONVERSION = YES;
				CLANG_WARN_INFINITE_RECURSION = YES;
				CLANG_WARN_INT_CONVERSION = YES;
				CLANG_WARN_NON_LITERAL_NULL_CONVERSION = YES;
				CLANG_WARN_OBJC_IMPLICIT_RETAIN_SELF = YES;
				CLANG_WARN_OBJC_LITERAL_CONVERSION = YES;
				CLANG_WARN_OBJC_ROOT_CLASS = YES_ERROR;
				CLANG_WARN_QUOTED_INCLUDE_IN_FRAMEWORK_HEADER = YES;
				CLANG_WARN_RANGE_LOOP_ANALYSIS = YES;
				CLANG_WARN_STRICT_PROTOTYPES = YES;
				CLANG_WARN_SUSPICIOUS_MOVE = YES;
				CLANG_WARN_UNGUARDED_AVAILABILITY = YES_AGGRESSIVE;
				CLANG_WARN_UNREACHABLE_CODE = YES;
				CLANG_WARN__DUPLICATE_METHOD_MATCH = YES;
				COPY_PHASE_STRIP = NO;
				DEBUG_INFORMATION_FORMAT = dwarf;
				ENABLE_STRICT_OBJC_MSGSEND = YES;
				ENABLE_TESTABILITY = YES;
				ENABLE_USER_SCRIPT_SANDBOXING = YES;
				GCC_C_LANGUAGE_STANDARD = c11;
				GCC_DYNAMIC_NO_PIC = NO;
				GCC_NO_COMMON_BLOCKS = YES;
				GCC_OPTIMIZATION_LEVEL = 0;
				GCC_PREPROCESSOR_DEFINITIONS = (
					"DEBUG=1",
					"$(inherited)",
				);
				GCC_WARN_64_TO_32_BIT_CONVERSION = YES;
				GCC_WARN_ABOUT_RETURN_TYPE = YES_ERROR;
				GCC_WARN_UNDECLARED_SELECTOR = YES;
				GCC_WARN_UNINITIALIZED_AUTOS = YES_AGGRESSIVE;
				GCC_WARN_UNUSED_FUNCTION = YES;
				GCC_WARN_UNUSED_VARIABLE = YES;
				HEADER_SEARCH_PATHS = "";
				LD_RUNPATH_SEARCH_PATHS = "@executable_path @loader_path";
				LIBRARY_SEARCH_PATHS = (
					"$(inherited)",
					"$(WorkspaceDir)/operating_system",
					"$(WorkspaceDir)/../operating_system/storage-$(PLATFORM_MODIFIER)/$(CONFIGURATION)/library",
				);
				MTL_ENABLE_DEBUG_INFO = INCLUDE_SOURCE;
				MTL_FAST_MATH = YES;
				ONLY_ACTIVE_ARCH = YES;
				SDKROOT = macosx;
				SYSTEM_HEADER_SEARCH_PATHS = (
					"$(WorkspaceDir)/operating_system/operating_system-$(PLATFORM_MODIFIER)/include",
					"$(WorkspaceDir)/operating_system/operating_system-$(PLATFORM_MODIFIER)/configuration",
					"$(WorkspaceDir)/port/include",
					"$(WorkspaceDir)/source/app/include",
				);
				USER_HEADER_SEARCH_PATHS = (
					.,
					"$(WorkspaceDir)/source",
					"$(WorkspaceDir)/source/app",
					"$(WorkspaceDir)/source/app/_include",
					"$(WorkspaceDir)/operating_system",
					"$(WorkspaceDir)/operating_system/operating_system-$(PLATFORM_MODIFIER)",
					"$(WorkspaceDir)/operating_system/operating_system-$(PLATFORM_MODIFIER)/configuration_selection/$(CONFIGURATION)",
					"$(WorkspaceDir)/port/_",
					"$(PROJECT_DIR)",
					"$(PROJECT_DIR)/..",
					"$(PROJECT_DIR)/../..",
					"$(HOME)/sensitive/sensitive/include",
				);
				USE_HEADERMAP = NO;
				WorkspaceDir = "$(SRCROOT)/../../..";
			};
			name = Debug;
		};
		41218EA5299BC55BA2210ED1 /* Release */ = {
			isa = XCBuildConfiguration;
			baseConfigurationReference = 99026AC521A8A07869503917 /* _____release.xcconfig */;
			buildSettings = {
				ALWAYS_SEARCH_USER_PATHS = NO;
				ASSETCATALOG_COMPILER_GENERATE_SWIFT_ASSET_SYMBOL_EXTENSIONS = YES;
				CLANG_ANALYZER_NONNULL = YES;
				CLANG_ANALYZER_NUMBER_OBJECT_CONVERSION = YES_AGGRESSIVE;
				CLANG_CXX_LANGUAGE_STANDARD = "c++20";
				CLANG_CXX_LIBRARY = "libc++";
				CLANG_ENABLE_OBJC_ARC = YES;
				CLANG_ENABLE_OBJC_WEAK = YES;
				CLANG_WARN_BLOCK_CAPTURE_AUTORELEASING = YES;
				CLANG_WARN_BOOL_CONVERSION = YES;
				CLANG_WARN_COMMA = YES;
				CLANG_WARN_CONSTANT_CONVERSION = YES;
				CLANG_WARN_DEPRECATED_OBJC_IMPLEMENTATIONS = YES;
				CLANG_WARN_DIRECT_OBJC_ISA_USAGE = YES_ERROR;
				CLANG_WARN_DOCUMENTATION_COMMENTS = YES;
				CLANG_WARN_EMPTY_BODY = YES;
				CLANG_WARN_ENUM_CONVERSION = YES;
				CLANG_WARN_INFINITE_RECURSION = YES;
				CLANG_WARN_INT_CONVERSION = YES;
				CLANG_WARN_NON_LITERAL_NULL_CONVERSION = YES;
				CLANG_WARN_OBJC_IMPLICIT_RETAIN_SELF = YES;
				CLANG_WARN_OBJC_LITERAL_CONVERSION = YES;
				CLANG_WARN_OBJC_ROOT_CLASS = YES_ERROR;
				CLANG_WARN_QUOTED_INCLUDE_IN_FRAMEWORK_HEADER = YES;
				CLANG_WARN_RANGE_LOOP_ANALYSIS = YES;
				CLANG_WARN_STRICT_PROTOTYPES = YES;
				CLANG_WARN_SUSPICIOUS_MOVE = YES;
				CLANG_WARN_UNGUARDED_AVAILABILITY = YES_AGGRESSIVE;
				CLANG_WARN_UNREACHABLE_CODE = YES;
				CLANG_WARN__DUPLICATE_METHOD_MATCH = YES;
				COPY_PHASE_STRIP = NO;
				DEBUG_INFORMATION_FORMAT = "dwarf-with-dsym";
				ENABLE_HARDENED_RUNTIME = YES;
				ENABLE_NS_ASSERTIONS = NO;
				ENABLE_STRICT_OBJC_MSGSEND = YES;
				ENABLE_USER_SCRIPT_SANDBOXING = YES;
				GCC_C_LANGUAGE_STANDARD = c11;
				GCC_NO_COMMON_BLOCKS = YES;
				GCC_WARN_64_TO_32_BIT_CONVERSION = YES;
				GCC_WARN_ABOUT_RETURN_TYPE = YES_ERROR;
				GCC_WARN_UNDECLARED_SELECTOR = YES;
				GCC_WARN_UNINITIALIZED_AUTOS = YES_AGGRESSIVE;
				GCC_WARN_UNUSED_FUNCTION = YES;
				GCC_WARN_UNUSED_VARIABLE = YES;
				HEADER_SEARCH_PATHS = "";
				LD_RUNPATH_SEARCH_PATHS = "@executable_path @loader_path";
				LIBRARY_SEARCH_PATHS = (
					"$(inherited)",
					"$(WorkspaceDir)/operating_system",
					"$(WorkspaceDir)/../operating_system/storage-$(PLATFORM_MODIFIER)/$(CONFIGURATION)/library",
					"$(WorkspaceDir)/operating_system",
				);
				MTL_ENABLE_DEBUG_INFO = NO;
				MTL_FAST_MATH = YES;
				SDKROOT = macosx;
				SYSTEM_HEADER_SEARCH_PATHS = (
					"$(WorkspaceDir)/operating_system/operating_system-$(PLATFORM_MODIFIER)/include",
					"$(WorkspaceDir)/operating_system/operating_system-$(PLATFORM_MODIFIER)/configuration",
					"$(WorkspaceDir)/port/include",
					"$(WorkspaceDir)/source/app/include",
				);
				USER_HEADER_SEARCH_PATHS = (
					.,
					"$(WorkspaceDir)/source",
					"$(WorkspaceDir)/source/app",
					"$(WorkspaceDir)/source/app/_include",
					"$(WorkspaceDir)/operating_system",
					"$(WorkspaceDir)/operating_system/operating_system-$(PLATFORM_MODIFIER)",
					"$(WorkspaceDir)/operating_system/operating_system-$(PLATFORM_MODIFIER)/configuration_selection/$(CONFIGURATION)",
					"$(WorkspaceDir)/port/_",
					"$(PROJECT_DIR)",
					"$(PROJECT_DIR)/..",
					"$(PROJECT_DIR)/../..",
					"$(HOME)/sensitive/sensitive/include",
				);
				USE_HEADERMAP = NO;
				WorkspaceDir = "$(SRCROOT)/../../..";
			};
			name = Release;
		};
		E5A3AECDA22458208AF13AE7 /* Debug */ = {
			isa = XCBuildConfiguration;
			baseConfigurationReference = 6BD28597EEE6F1CF139DB60E /* _____debug_application.xcconfig */;
			buildSettings = {
				CODE_SIGN_IDENTITY = "-";
				PLATFORM_MODIFIER = macos;
				PRODUCT_BUNDLE_IDENTIFIER = software.ca2.console.helloearth;
				PRODUCT_NAME = "$(TARGET_NAME)";
			};
			name = Debug;
		};
		F36A9584153DEA440DB4D83E /* Release */ = {
			isa = XCBuildConfiguration;
			baseConfigurationReference = 96995B270C43F08E879EA75C /* _____release_application.xcconfig */;
			buildSettings = {
				CODE_SIGN_IDENTITY = "-";
				PLATFORM_MODIFIER = macos;
				PRODUCT_BUNDLE_IDENTIFIER = software.ca2.console.helloearth;
				PRODUCT_NAME = "$(TARGET_NAME)";
			};
			name = Release;
		};
/* End XCBuildConfiguration section */

/* Begin XCConfigurationList section */
		E8918396A0B36B3F4D74E138 /* Build configuration list for PBXProject "helloearth" */ = {
			isa = XCConfigurationList;
			buildConfigurations = (
				865D3D5EEF4B8C328AA6E72B /* Debug */,
				41218EA5299BC55BA2210ED1 /* Release */,
			);
			defaultConfigurationIsVisible = 0;
			defaultConfigurationName = Release;
		};
		A589491E831D8BB1E18C4CA5 /* Build configuration list for PBXNativeTarget "helloearth" */ = {
			isa = XCConfigurationList;
			buildConfigurations = (
				E5A3AECDA22458208AF13AE7 /* Debug */,
				F36A9584153DEA440DB4D83E /* Release */,
			);
			defaultConfigurationIsVisible = 0;
			defaultConfigurationName = Release;
		};
/* End XCConfigurationList section */
	};
	rootObject = 006052A630A4150452000997 /* Project object */;
}
